PODS:
  - Postal (0.5.0)

DEPENDENCIES:
  - Postal (from `https://github.com/samerce/Postal.git`, branch `master`)

EXTERNAL SOURCES:
  Postal:
    :branch: master
    :git: https://github.com/samerce/Postal.git

CHECKOUT OPTIONS:
  Postal:
    :commit: 7da5e72ac3cfaa9a91ff699d7db074eefd2bda02
    :git: https://github.com/samerce/Postal.git

SPEC CHECKSUMS:
  Postal: f28930c39ca2f891333638ef324bc7acb10246ac

PODFILE CHECKSUM: 0a8b5fc9b62e9f4f4944199fd46f508931950d14

COCOAPODS: 1.10.1
