// !$*UTF8*$!
{
	archiveVersion = 1;
	classes = {
	};
	objectVersion = 52;
	objects = {

/* Begin PBXBuildFile section */
		3B2F072C264F72EA006CAECE /* AppSplitView.swift in Sources */ = {isa = PBXBuildFile; fileRef = 3B2F072B264F72EA006CAECE /* AppSplitView.swift */; };
		3B2F072D264F72EA006CAECE /* AppSplitView.swift in Sources */ = {isa = PBXBuildFile; fileRef = 3B2F072B264F72EA006CAECE /* AppSplitView.swift */; };
		3B36447E2652629700956E27 /* EmailDetailView.swift in Sources */ = {isa = PBXBuildFile; fileRef = 3B36447D2652629700956E27 /* EmailDetailView.swift */; };
		3B5ABAF726545D3200601F26 /* QuotedPrintable.swift in Sources */ = {isa = PBXBuildFile; fileRef = 3B5ABAF626545D2900601F26 /* QuotedPrintable.swift */; };
		3B5ABAF826545D3200601F26 /* QuotedPrintable.swift in Sources */ = {isa = PBXBuildFile; fileRef = 3B5ABAF626545D2900601F26 /* QuotedPrintable.swift */; };
		3B5ABAFE265461C100601F26 /* WebView.swift in Sources */ = {isa = PBXBuildFile; fileRef = 3B5ABAFD265461C100601F26 /* WebView.swift */; };
		3B5ABAFF265461C100601F26 /* WebView.swift in Sources */ = {isa = PBXBuildFile; fileRef = 3B5ABAFD265461C100601F26 /* WebView.swift */; };
		3B5FBC332655EF85009D012C /* EmailClassifierAgnes.mlmodel in Sources */ = {isa = PBXBuildFile; fileRef = 3B5FBC322655EF85009D012C /* EmailClassifierAgnes.mlmodel */; };
		3B5FBC342655EF85009D012C /* EmailClassifierAgnes.mlmodel in Sources */ = {isa = PBXBuildFile; fileRef = 3B5FBC322655EF85009D012C /* EmailClassifierAgnes.mlmodel */; };
		3B5FBCBE26571687009D012C /* PsycatsJuice.mlmodel in Sources */ = {isa = PBXBuildFile; fileRef = 3B5FBCBD26571687009D012C /* PsycatsJuice.mlmodel */; };
		3B5FBCBF26571687009D012C /* PsycatsJuice.mlmodel in Sources */ = {isa = PBXBuildFile; fileRef = 3B5FBCBD26571687009D012C /* PsycatsJuice.mlmodel */; };
		3B5FBCFC26587F59009D012C /* Introspect in Frameworks */ = {isa = PBXBuildFile; productRef = 3B5FBCFB26587F59009D012C /* Introspect */; };
		3B6666832651EA040039D9F3 /* AppCompactView.swift in Sources */ = {isa = PBXBuildFile; fileRef = 3B2F0726264E1035006CAECE /* AppCompactView.swift */; };
		3B6666852651EAAA0039D9F3 /* InboxDrawerView.swift in Sources */ = {isa = PBXBuildFile; fileRef = 3B6666842651EAA90039D9F3 /* InboxDrawerView.swift */; };
		3B6666872651EACD0039D9F3 /* OverlayBackgroundView.swift in Sources */ = {isa = PBXBuildFile; fileRef = 3B6666862651EACD0039D9F3 /* OverlayBackgroundView.swift */; };
		3B6666892651EAE70039D9F3 /* SearchBar.swift in Sources */ = {isa = PBXBuildFile; fileRef = 3B6666882651EAE70039D9F3 /* SearchBar.swift */; };
		3B66668B2651EAED0039D9F3 /* ActionCell.swift in Sources */ = {isa = PBXBuildFile; fileRef = 3B66668A2651EAED0039D9F3 /* ActionCell.swift */; };
		3B66668D2651EB000039D9F3 /* FavoriteCell.swift in Sources */ = {isa = PBXBuildFile; fileRef = 3B66668C2651EB000039D9F3 /* FavoriteCell.swift */; };
		3B66668F2651F3B00039D9F3 /* TabBarView.swift in Sources */ = {isa = PBXBuildFile; fileRef = 3B66668E2651F3B00039D9F3 /* TabBarView.swift */; };
		3B6666912651F3DD0039D9F3 /* TabBarItem.swift in Sources */ = {isa = PBXBuildFile; fileRef = 3B6666902651F3DD0039D9F3 /* TabBarItem.swift */; };
		3B6666942651F6C50039D9F3 /* ASCollectionView in Frameworks */ = {isa = PBXBuildFile; productRef = 3B6666932651F6C50039D9F3 /* ASCollectionView */; };
		3B66669626521A810039D9F3 /* VisualEffectBlur.swift in Sources */ = {isa = PBXBuildFile; fileRef = 3B66669526521A810039D9F3 /* VisualEffectBlur.swift */; };
		3B66669D26522DE90039D9F3 /* AppDelegate.swift in Sources */ = {isa = PBXBuildFile; fileRef = 3B66669C26522DE90039D9F3 /* AppDelegate.swift */; };
		3B66669E26522DE90039D9F3 /* AppDelegate.swift in Sources */ = {isa = PBXBuildFile; fileRef = 3B66669C26522DE90039D9F3 /* AppDelegate.swift */; };
		3B6666F02652383D0039D9F3 /* psymail.xcdatamodeld in Sources */ = {isa = PBXBuildFile; fileRef = 3B6666ED2652383D0039D9F3 /* psymail.xcdatamodeld */; };
		3B7917B92660A0F400E764C1 /* EmailAddress+CoreDataClass.swift in Sources */ = {isa = PBXBuildFile; fileRef = 3B7917B12660A0F400E764C1 /* EmailAddress+CoreDataClass.swift */; };
		3B7917BA2660A0F400E764C1 /* EmailAddress+CoreDataClass.swift in Sources */ = {isa = PBXBuildFile; fileRef = 3B7917B12660A0F400E764C1 /* EmailAddress+CoreDataClass.swift */; };
		3B7917BD2660A0F400E764C1 /* EmailPart+CoreDataClass.swift in Sources */ = {isa = PBXBuildFile; fileRef = 3B7917B32660A0F400E764C1 /* EmailPart+CoreDataClass.swift */; };
		3B7917BE2660A0F400E764C1 /* EmailPart+CoreDataClass.swift in Sources */ = {isa = PBXBuildFile; fileRef = 3B7917B32660A0F400E764C1 /* EmailPart+CoreDataClass.swift */; };
		3B7917C12660A0F400E764C1 /* Email+CoreDataClass.swift in Sources */ = {isa = PBXBuildFile; fileRef = 3B7917B52660A0F400E764C1 /* Email+CoreDataClass.swift */; };
		3B7917C22660A0F400E764C1 /* Email+CoreDataClass.swift in Sources */ = {isa = PBXBuildFile; fileRef = 3B7917B52660A0F400E764C1 /* Email+CoreDataClass.swift */; };
		3B7917C52660A0F400E764C1 /* EmailHeader+CoreDataClass.swift in Sources */ = {isa = PBXBuildFile; fileRef = 3B7917B72660A0F400E764C1 /* EmailHeader+CoreDataClass.swift */; };
		3B7917C62660A0F400E764C1 /* EmailHeader+CoreDataClass.swift in Sources */ = {isa = PBXBuildFile; fileRef = 3B7917B72660A0F400E764C1 /* EmailHeader+CoreDataClass.swift */; };
		3B9B9F8E2634B16A00E3A8B2 /* Tests_iOS.swift in Sources */ = {isa = PBXBuildFile; fileRef = 3B9B9F8D2634B16A00E3A8B2 /* Tests_iOS.swift */; };
		3B9B9F992634B16A00E3A8B2 /* Tests_macOS.swift in Sources */ = {isa = PBXBuildFile; fileRef = 3B9B9F982634B16A00E3A8B2 /* Tests_macOS.swift */; };
		3B9B9F9D2634B16A00E3A8B2 /* PsymailApp.swift in Sources */ = {isa = PBXBuildFile; fileRef = 3B9B9F712634B16900E3A8B2 /* PsymailApp.swift */; };
		3B9B9F9E2634B16A00E3A8B2 /* PsymailApp.swift in Sources */ = {isa = PBXBuildFile; fileRef = 3B9B9F712634B16900E3A8B2 /* PsymailApp.swift */; };
		3B9B9F9F2634B16A00E3A8B2 /* ContentView.swift in Sources */ = {isa = PBXBuildFile; fileRef = 3B9B9F722634B16900E3A8B2 /* ContentView.swift */; };
		3B9B9FA02634B16A00E3A8B2 /* ContentView.swift in Sources */ = {isa = PBXBuildFile; fileRef = 3B9B9F722634B16900E3A8B2 /* ContentView.swift */; };
		3B9B9FA12634B16A00E3A8B2 /* Persistence.swift in Sources */ = {isa = PBXBuildFile; fileRef = 3B9B9F732634B16900E3A8B2 /* Persistence.swift */; };
		3B9B9FA22634B16A00E3A8B2 /* Persistence.swift in Sources */ = {isa = PBXBuildFile; fileRef = 3B9B9F732634B16900E3A8B2 /* Persistence.swift */; };
		3B9B9FA32634B16A00E3A8B2 /* Assets.xcassets in Resources */ = {isa = PBXBuildFile; fileRef = 3B9B9F742634B16A00E3A8B2 /* Assets.xcassets */; };
		3B9B9FA42634B16A00E3A8B2 /* Assets.xcassets in Resources */ = {isa = PBXBuildFile; fileRef = 3B9B9F742634B16A00E3A8B2 /* Assets.xcassets */; };
		3B9B9FC02634B20600E3A8B2 /* MailModel.swift in Sources */ = {isa = PBXBuildFile; fileRef = 3B9B9FBF2634B20600E3A8B2 /* MailModel.swift */; };
		3B9B9FC12634B20600E3A8B2 /* MailModel.swift in Sources */ = {isa = PBXBuildFile; fileRef = 3B9B9FBF2634B20600E3A8B2 /* MailModel.swift */; };
		3B9B9FD02634E26A00E3A8B2 /* NewsletterClassifier.mlmodel in Sources */ = {isa = PBXBuildFile; fileRef = 3B9B9FCD2634E26A00E3A8B2 /* NewsletterClassifier.mlmodel */; };
		3B9B9FD12634E26A00E3A8B2 /* NewsletterClassifier.mlmodel in Sources */ = {isa = PBXBuildFile; fileRef = 3B9B9FCD2634E26A00E3A8B2 /* NewsletterClassifier.mlmodel */; };
		3B9B9FD22634E26A00E3A8B2 /* MarketingRecognizer.mlmodel in Sources */ = {isa = PBXBuildFile; fileRef = 3B9B9FCE2634E26A00E3A8B2 /* MarketingRecognizer.mlmodel */; };
		3B9B9FD32634E26A00E3A8B2 /* MarketingRecognizer.mlmodel in Sources */ = {isa = PBXBuildFile; fileRef = 3B9B9FCE2634E26A00E3A8B2 /* MarketingRecognizer.mlmodel */; };
		3B9B9FD42634E26A00E3A8B2 /* PoliticsRecognizer.mlmodel in Sources */ = {isa = PBXBuildFile; fileRef = 3B9B9FCF2634E26A00E3A8B2 /* PoliticsRecognizer.mlmodel */; };
		3B9B9FD52634E26A00E3A8B2 /* PoliticsRecognizer.mlmodel in Sources */ = {isa = PBXBuildFile; fileRef = 3B9B9FCF2634E26A00E3A8B2 /* PoliticsRecognizer.mlmodel */; };
		3BA7DC55265C6EF5009623EF /* DynamicOverlay in Frameworks */ = {isa = PBXBuildFile; productRef = 3BA7DC54265C6EF5009623EF /* DynamicOverlay */; };
		3BA7DC67265CB70E009623EF /* MailCore2 in Frameworks */ = {isa = PBXBuildFile; productRef = 3BA7DC66265CB70E009623EF /* MailCore2 */; };
		3BD150A4265332010058B094 /* rainbow.swift in Sources */ = {isa = PBXBuildFile; fileRef = 3BD150A3265332010058B094 /* rainbow.swift */; };
		3BD150A5265332010058B094 /* rainbow.swift in Sources */ = {isa = PBXBuildFile; fileRef = 3BD150A3265332010058B094 /* rainbow.swift */; };
		3BF1AD612660ACF0002F1062 /* MailController.swift in Sources */ = {isa = PBXBuildFile; fileRef = 3BF1AD602660ACF0002F1062 /* MailController.swift */; };
		3BF1AD622660ACF0002F1062 /* MailController.swift in Sources */ = {isa = PBXBuildFile; fileRef = 3BF1AD602660ACF0002F1062 /* MailController.swift */; };
		3BF1AD6426615F18002F1062 /* AccountController.swift in Sources */ = {isa = PBXBuildFile; fileRef = 3BF1AD6326615F18002F1062 /* AccountController.swift */; };
		3BF1AD6526615F18002F1062 /* AccountController.swift in Sources */ = {isa = PBXBuildFile; fileRef = 3BF1AD6326615F18002F1062 /* AccountController.swift */; };
		3BF1AD6726617746002F1062 /* EmailListView.swift in Sources */ = {isa = PBXBuildFile; fileRef = 3BF1AD6626617746002F1062 /* EmailListView.swift */; };
		3BF1AD6826617746002F1062 /* EmailListView.swift in Sources */ = {isa = PBXBuildFile; fileRef = 3BF1AD6626617746002F1062 /* EmailListView.swift */; };
		3BF1AD6D26617E1A002F1062 /* psymail.xcdatamodeld in Sources */ = {isa = PBXBuildFile; fileRef = 3B6666ED2652383D0039D9F3 /* psymail.xcdatamodeld */; };
		3BF1AD7E2661861F002F1062 /* Email+CoreDataProperties.swift in Sources */ = {isa = PBXBuildFile; fileRef = 3BF1AD7A2661861F002F1062 /* Email+CoreDataProperties.swift */; };
		3BF1AD7F2661861F002F1062 /* Email+CoreDataProperties.swift in Sources */ = {isa = PBXBuildFile; fileRef = 3BF1AD7A2661861F002F1062 /* Email+CoreDataProperties.swift */; };
		3BF1AD802661861F002F1062 /* EmailHeader+CoreDataProperties.swift in Sources */ = {isa = PBXBuildFile; fileRef = 3BF1AD7B2661861F002F1062 /* EmailHeader+CoreDataProperties.swift */; };
		3BF1AD812661861F002F1062 /* EmailHeader+CoreDataProperties.swift in Sources */ = {isa = PBXBuildFile; fileRef = 3BF1AD7B2661861F002F1062 /* EmailHeader+CoreDataProperties.swift */; };
		3BF1AD822661861F002F1062 /* EmailPart+CoreDataProperties.swift in Sources */ = {isa = PBXBuildFile; fileRef = 3BF1AD7C2661861F002F1062 /* EmailPart+CoreDataProperties.swift */; };
		3BF1AD832661861F002F1062 /* EmailPart+CoreDataProperties.swift in Sources */ = {isa = PBXBuildFile; fileRef = 3BF1AD7C2661861F002F1062 /* EmailPart+CoreDataProperties.swift */; };
		3BF1AD842661861F002F1062 /* EmailAddress+CoreDataProperties.swift in Sources */ = {isa = PBXBuildFile; fileRef = 3BF1AD7D2661861F002F1062 /* EmailAddress+CoreDataProperties.swift */; };
		3BF1AD852661861F002F1062 /* EmailAddress+CoreDataProperties.swift in Sources */ = {isa = PBXBuildFile; fileRef = 3BF1AD7D2661861F002F1062 /* EmailAddress+CoreDataProperties.swift */; };
		3BF1AD8B2663EA2C002F1062 /* Account+CoreDataClass.swift in Sources */ = {isa = PBXBuildFile; fileRef = 3BF1AD892663EA2C002F1062 /* Account+CoreDataClass.swift */; };
		3BF1AD8C2663EA2C002F1062 /* Account+CoreDataClass.swift in Sources */ = {isa = PBXBuildFile; fileRef = 3BF1AD892663EA2C002F1062 /* Account+CoreDataClass.swift */; };
		3BF1AD8D2663EA2C002F1062 /* Account+CoreDataProperties.swift in Sources */ = {isa = PBXBuildFile; fileRef = 3BF1AD8A2663EA2C002F1062 /* Account+CoreDataProperties.swift */; };
		3BF1AD8E2663EA2C002F1062 /* Account+CoreDataProperties.swift in Sources */ = {isa = PBXBuildFile; fileRef = 3BF1AD8A2663EA2C002F1062 /* Account+CoreDataProperties.swift */; };
		3BF1AD902663F8F0002F1062 /* AccountModel.swift in Sources */ = {isa = PBXBuildFile; fileRef = 3BF1AD8F2663F8F0002F1062 /* AccountModel.swift */; };
		3BF1AD912663F8F0002F1062 /* AccountModel.swift in Sources */ = {isa = PBXBuildFile; fileRef = 3BF1AD8F2663F8F0002F1062 /* AccountModel.swift */; };
		3BF1AE1B2665FA89002F1062 /* View+if.swift in Sources */ = {isa = PBXBuildFile; fileRef = 3BF1AE1A2665FA89002F1062 /* View+if.swift */; };
		3BF1AE1C2665FA89002F1062 /* View+if.swift in Sources */ = {isa = PBXBuildFile; fileRef = 3BF1AE1A2665FA89002F1062 /* View+if.swift */; };
		3BF1AE1E2666F5E7002F1062 /* EmailListRow.swift in Sources */ = {isa = PBXBuildFile; fileRef = 3BF1AE1D2666F5E7002F1062 /* EmailListRow.swift */; };
		3BF1AE212666FCE6002F1062 /* EmailToolsDrawerView.swift in Sources */ = {isa = PBXBuildFile; fileRef = 3BF1AE202666FCE6002F1062 /* EmailToolsDrawerView.swift */; };
		3BF1AE222666FCE6002F1062 /* EmailToolsDrawerView.swift in Sources */ = {isa = PBXBuildFile; fileRef = 3BF1AE202666FCE6002F1062 /* EmailToolsDrawerView.swift */; };
		3BF1AE242666FF2A002F1062 /* DrawerCapsule.swift in Sources */ = {isa = PBXBuildFile; fileRef = 3BF1AE232666FF2A002F1062 /* DrawerCapsule.swift */; };
		3BF1AE252666FF2A002F1062 /* DrawerCapsule.swift in Sources */ = {isa = PBXBuildFile; fileRef = 3BF1AE232666FF2A002F1062 /* DrawerCapsule.swift */; };
		3BF1AE2726672A57002F1062 /* EmailSenderDrawerView.swift in Sources */ = {isa = PBXBuildFile; fileRef = 3BF1AE2626672A57002F1062 /* EmailSenderDrawerView.swift */; };
		3BF1AE2826672A57002F1062 /* EmailSenderDrawerView.swift in Sources */ = {isa = PBXBuildFile; fileRef = 3BF1AE2626672A57002F1062 /* EmailSenderDrawerView.swift */; };
		3BF1AE2A26683514002F1062 /* View+screen.swift in Sources */ = {isa = PBXBuildFile; fileRef = 3BF1AE2926683514002F1062 /* View+screen.swift */; };
		3BF1AE2B26683514002F1062 /* View+screen.swift in Sources */ = {isa = PBXBuildFile; fileRef = 3BF1AE2926683514002F1062 /* View+screen.swift */; };
		3BF1AE2D2668812B002F1062 /* Publishers.swift in Sources */ = {isa = PBXBuildFile; fileRef = 3BF1AE2C2668812B002F1062 /* Publishers.swift */; };
		3BF1AE2E2668812B002F1062 /* Publishers.swift in Sources */ = {isa = PBXBuildFile; fileRef = 3BF1AE2C2668812B002F1062 /* Publishers.swift */; };
		3BF1AE3026688150002F1062 /* Notification.swift in Sources */ = {isa = PBXBuildFile; fileRef = 3BF1AE2F26688150002F1062 /* Notification.swift */; };
		3BF1AE3126688150002F1062 /* Notification.swift in Sources */ = {isa = PBXBuildFile; fileRef = 3BF1AE2F26688150002F1062 /* Notification.swift */; };
		3BF1AE3426697A35002F1062 /* EmailThread+CoreDataClass.swift in Sources */ = {isa = PBXBuildFile; fileRef = 3BF1AE3226697A35002F1062 /* EmailThread+CoreDataClass.swift */; };
		3BF1AE3526697A35002F1062 /* EmailThread+CoreDataClass.swift in Sources */ = {isa = PBXBuildFile; fileRef = 3BF1AE3226697A35002F1062 /* EmailThread+CoreDataClass.swift */; };
		3BF1AE3626697A35002F1062 /* EmailThread+CoreDataProperties.swift in Sources */ = {isa = PBXBuildFile; fileRef = 3BF1AE3326697A35002F1062 /* EmailThread+CoreDataProperties.swift */; };
		3BF1AE3726697A35002F1062 /* EmailThread+CoreDataProperties.swift in Sources */ = {isa = PBXBuildFile; fileRef = 3BF1AE3326697A35002F1062 /* EmailThread+CoreDataProperties.swift */; };
		3F968887777D7B0730C9B3B8 /* Pods_psymail__iOS_.framework in Frameworks */ = {isa = PBXBuildFile; fileRef = 399CC61715E34E128033326B /* Pods_psymail__iOS_.framework */; };
		7E17C93A34D56B49D4BC931E /* Pods_psymail__macOS_.framework in Frameworks */ = {isa = PBXBuildFile; fileRef = A8F4944D476A40856691F844 /* Pods_psymail__macOS_.framework */; };
/* End PBXBuildFile section */

/* Begin PBXContainerItemProxy section */
		3B9B9F8A2634B16A00E3A8B2 /* PBXContainerItemProxy */ = {
			isa = PBXContainerItemProxy;
			containerPortal = 3B9B9F6A2634B16900E3A8B2 /* Project object */;
			proxyType = 1;
			remoteGlobalIDString = 3B9B9F782634B16A00E3A8B2;
			remoteInfo = "mushroom-mail (iOS)";
		};
		3B9B9F952634B16A00E3A8B2 /* PBXContainerItemProxy */ = {
			isa = PBXContainerItemProxy;
			containerPortal = 3B9B9F6A2634B16900E3A8B2 /* Project object */;
			proxyType = 1;
			remoteGlobalIDString = 3B9B9F802634B16A00E3A8B2;
			remoteInfo = "mushroom-mail (macOS)";
		};
/* End PBXContainerItemProxy section */

/* Begin PBXCopyFilesBuildPhase section */
		3BA7DC6C265CB718009623EF /* CopyFiles */ = {
			isa = PBXCopyFilesBuildPhase;
			buildActionMask = 2147483647;
			dstPath = "";
			dstSubfolderSpec = 10;
			files = (
			);
			runOnlyForDeploymentPostprocessing = 0;
		};
/* End PBXCopyFilesBuildPhase section */

/* Begin PBXFileReference section */
		399CC61715E34E128033326B /* Pods_psymail__iOS_.framework */ = {isa = PBXFileReference; explicitFileType = wrapper.framework; includeInIndex = 0; path = Pods_psymail__iOS_.framework; sourceTree = BUILT_PRODUCTS_DIR; };
		3B2F0726264E1035006CAECE /* AppCompactView.swift */ = {isa = PBXFileReference; lastKnownFileType = sourcecode.swift; path = AppCompactView.swift; sourceTree = "<group>"; };
		3B2F072B264F72EA006CAECE /* AppSplitView.swift */ = {isa = PBXFileReference; lastKnownFileType = sourcecode.swift; path = AppSplitView.swift; sourceTree = "<group>"; };
		3B36447D2652629700956E27 /* EmailDetailView.swift */ = {isa = PBXFileReference; lastKnownFileType = sourcecode.swift; path = EmailDetailView.swift; sourceTree = "<group>"; };
		3B5ABAF626545D2900601F26 /* QuotedPrintable.swift */ = {isa = PBXFileReference; fileEncoding = 4; lastKnownFileType = sourcecode.swift; path = QuotedPrintable.swift; sourceTree = "<group>"; };
		3B5ABAFD265461C100601F26 /* WebView.swift */ = {isa = PBXFileReference; lastKnownFileType = sourcecode.swift; path = WebView.swift; sourceTree = "<group>"; };
		3B5FBC322655EF85009D012C /* EmailClassifierAgnes.mlmodel */ = {isa = PBXFileReference; lastKnownFileType = file.mlmodel; path = EmailClassifierAgnes.mlmodel; sourceTree = "<group>"; };
		3B5FBCBD26571687009D012C /* PsycatsJuice.mlmodel */ = {isa = PBXFileReference; lastKnownFileType = file.mlmodel; path = PsycatsJuice.mlmodel; sourceTree = "<group>"; };
		3B6666842651EAA90039D9F3 /* InboxDrawerView.swift */ = {isa = PBXFileReference; fileEncoding = 4; lastKnownFileType = sourcecode.swift; path = InboxDrawerView.swift; sourceTree = "<group>"; };
		3B6666862651EACD0039D9F3 /* OverlayBackgroundView.swift */ = {isa = PBXFileReference; fileEncoding = 4; lastKnownFileType = sourcecode.swift; path = OverlayBackgroundView.swift; sourceTree = "<group>"; };
		3B6666882651EAE70039D9F3 /* SearchBar.swift */ = {isa = PBXFileReference; fileEncoding = 4; lastKnownFileType = sourcecode.swift; path = SearchBar.swift; sourceTree = "<group>"; };
		3B66668A2651EAED0039D9F3 /* ActionCell.swift */ = {isa = PBXFileReference; fileEncoding = 4; lastKnownFileType = sourcecode.swift; path = ActionCell.swift; sourceTree = "<group>"; };
		3B66668C2651EB000039D9F3 /* FavoriteCell.swift */ = {isa = PBXFileReference; fileEncoding = 4; lastKnownFileType = sourcecode.swift; path = FavoriteCell.swift; sourceTree = "<group>"; };
		3B66668E2651F3B00039D9F3 /* TabBarView.swift */ = {isa = PBXFileReference; fileEncoding = 4; lastKnownFileType = sourcecode.swift; path = TabBarView.swift; sourceTree = "<group>"; };
		3B6666902651F3DD0039D9F3 /* TabBarItem.swift */ = {isa = PBXFileReference; fileEncoding = 4; lastKnownFileType = sourcecode.swift; path = TabBarItem.swift; sourceTree = "<group>"; };
		3B66669526521A810039D9F3 /* VisualEffectBlur.swift */ = {isa = PBXFileReference; fileEncoding = 4; lastKnownFileType = sourcecode.swift; path = VisualEffectBlur.swift; sourceTree = "<group>"; };
		3B66669C26522DE90039D9F3 /* AppDelegate.swift */ = {isa = PBXFileReference; lastKnownFileType = sourcecode.swift; path = AppDelegate.swift; sourceTree = "<group>"; };
		3B6666EE2652383D0039D9F3 /* Shared.xcdatamodel */ = {isa = PBXFileReference; lastKnownFileType = wrapper.xcdatamodel; path = Shared.xcdatamodel; sourceTree = "<group>"; };
		3B7917B12660A0F400E764C1 /* EmailAddress+CoreDataClass.swift */ = {isa = PBXFileReference; lastKnownFileType = sourcecode.swift; path = "EmailAddress+CoreDataClass.swift"; sourceTree = "<group>"; };
		3B7917B32660A0F400E764C1 /* EmailPart+CoreDataClass.swift */ = {isa = PBXFileReference; lastKnownFileType = sourcecode.swift; path = "EmailPart+CoreDataClass.swift"; sourceTree = "<group>"; };
		3B7917B52660A0F400E764C1 /* Email+CoreDataClass.swift */ = {isa = PBXFileReference; lastKnownFileType = sourcecode.swift; path = "Email+CoreDataClass.swift"; sourceTree = "<group>"; };
		3B7917B72660A0F400E764C1 /* EmailHeader+CoreDataClass.swift */ = {isa = PBXFileReference; lastKnownFileType = sourcecode.swift; path = "EmailHeader+CoreDataClass.swift"; sourceTree = "<group>"; };
		3B925F222637A4D300B00B29 /* Podfile */ = {isa = PBXFileReference; lastKnownFileType = text; path = Podfile; sourceTree = "<group>"; xcLanguageSpecificationIdentifier = xcode.lang.ruby; };
		3B9B9F712634B16900E3A8B2 /* PsymailApp.swift */ = {isa = PBXFileReference; lastKnownFileType = sourcecode.swift; path = PsymailApp.swift; sourceTree = "<group>"; };
		3B9B9F722634B16900E3A8B2 /* ContentView.swift */ = {isa = PBXFileReference; lastKnownFileType = sourcecode.swift; path = ContentView.swift; sourceTree = "<group>"; };
		3B9B9F732634B16900E3A8B2 /* Persistence.swift */ = {isa = PBXFileReference; lastKnownFileType = sourcecode.swift; path = Persistence.swift; sourceTree = "<group>"; };
		3B9B9F742634B16A00E3A8B2 /* Assets.xcassets */ = {isa = PBXFileReference; lastKnownFileType = folder.assetcatalog; path = Assets.xcassets; sourceTree = "<group>"; };
		3B9B9F792634B16A00E3A8B2 /* psymail.app */ = {isa = PBXFileReference; explicitFileType = wrapper.application; includeInIndex = 0; path = psymail.app; sourceTree = BUILT_PRODUCTS_DIR; };
		3B9B9F7C2634B16A00E3A8B2 /* Info.plist */ = {isa = PBXFileReference; lastKnownFileType = text.plist.xml; path = Info.plist; sourceTree = "<group>"; };
		3B9B9F812634B16A00E3A8B2 /* psymail.app */ = {isa = PBXFileReference; explicitFileType = wrapper.application; includeInIndex = 0; path = psymail.app; sourceTree = BUILT_PRODUCTS_DIR; };
		3B9B9F832634B16A00E3A8B2 /* Info.plist */ = {isa = PBXFileReference; lastKnownFileType = text.plist.xml; path = Info.plist; sourceTree = "<group>"; };
		3B9B9F842634B16A00E3A8B2 /* macOS.entitlements */ = {isa = PBXFileReference; lastKnownFileType = text.plist.entitlements; path = macOS.entitlements; sourceTree = "<group>"; };
		3B9B9F892634B16A00E3A8B2 /* Tests iOS.xctest */ = {isa = PBXFileReference; explicitFileType = wrapper.cfbundle; includeInIndex = 0; path = "Tests iOS.xctest"; sourceTree = BUILT_PRODUCTS_DIR; };
		3B9B9F8D2634B16A00E3A8B2 /* Tests_iOS.swift */ = {isa = PBXFileReference; lastKnownFileType = sourcecode.swift; path = Tests_iOS.swift; sourceTree = "<group>"; };
		3B9B9F8F2634B16A00E3A8B2 /* Info.plist */ = {isa = PBXFileReference; lastKnownFileType = text.plist.xml; path = Info.plist; sourceTree = "<group>"; };
		3B9B9F942634B16A00E3A8B2 /* Tests macOS.xctest */ = {isa = PBXFileReference; explicitFileType = wrapper.cfbundle; includeInIndex = 0; path = "Tests macOS.xctest"; sourceTree = BUILT_PRODUCTS_DIR; };
		3B9B9F982634B16A00E3A8B2 /* Tests_macOS.swift */ = {isa = PBXFileReference; lastKnownFileType = sourcecode.swift; path = Tests_macOS.swift; sourceTree = "<group>"; };
		3B9B9F9A2634B16A00E3A8B2 /* Info.plist */ = {isa = PBXFileReference; lastKnownFileType = text.plist.xml; path = Info.plist; sourceTree = "<group>"; };
		3B9B9FBF2634B20600E3A8B2 /* MailModel.swift */ = {isa = PBXFileReference; fileEncoding = 4; lastKnownFileType = sourcecode.swift; path = MailModel.swift; sourceTree = "<group>"; };
		3B9B9FCD2634E26A00E3A8B2 /* NewsletterClassifier.mlmodel */ = {isa = PBXFileReference; lastKnownFileType = file.mlmodel; path = NewsletterClassifier.mlmodel; sourceTree = "<group>"; };
		3B9B9FCE2634E26A00E3A8B2 /* MarketingRecognizer.mlmodel */ = {isa = PBXFileReference; lastKnownFileType = file.mlmodel; path = MarketingRecognizer.mlmodel; sourceTree = "<group>"; };
		3B9B9FCF2634E26A00E3A8B2 /* PoliticsRecognizer.mlmodel */ = {isa = PBXFileReference; lastKnownFileType = file.mlmodel; path = PoliticsRecognizer.mlmodel; sourceTree = "<group>"; };
		3BD150A3265332010058B094 /* rainbow.swift */ = {isa = PBXFileReference; lastKnownFileType = sourcecode.swift; path = rainbow.swift; sourceTree = "<group>"; };
		3BF1AD602660ACF0002F1062 /* MailController.swift */ = {isa = PBXFileReference; lastKnownFileType = sourcecode.swift; path = MailController.swift; sourceTree = "<group>"; };
		3BF1AD6326615F18002F1062 /* AccountController.swift */ = {isa = PBXFileReference; lastKnownFileType = sourcecode.swift; path = AccountController.swift; sourceTree = "<group>"; };
		3BF1AD6626617746002F1062 /* EmailListView.swift */ = {isa = PBXFileReference; lastKnownFileType = sourcecode.swift; path = EmailListView.swift; sourceTree = "<group>"; };
		3BF1AD7A2661861F002F1062 /* Email+CoreDataProperties.swift */ = {isa = PBXFileReference; lastKnownFileType = sourcecode.swift; path = "Email+CoreDataProperties.swift"; sourceTree = "<group>"; };
		3BF1AD7B2661861F002F1062 /* EmailHeader+CoreDataProperties.swift */ = {isa = PBXFileReference; lastKnownFileType = sourcecode.swift; path = "EmailHeader+CoreDataProperties.swift"; sourceTree = "<group>"; };
		3BF1AD7C2661861F002F1062 /* EmailPart+CoreDataProperties.swift */ = {isa = PBXFileReference; lastKnownFileType = sourcecode.swift; path = "EmailPart+CoreDataProperties.swift"; sourceTree = "<group>"; };
		3BF1AD7D2661861F002F1062 /* EmailAddress+CoreDataProperties.swift */ = {isa = PBXFileReference; lastKnownFileType = sourcecode.swift; path = "EmailAddress+CoreDataProperties.swift"; sourceTree = "<group>"; };
		3BF1AD892663EA2C002F1062 /* Account+CoreDataClass.swift */ = {isa = PBXFileReference; lastKnownFileType = sourcecode.swift; path = "Account+CoreDataClass.swift"; sourceTree = "<group>"; };
		3BF1AD8A2663EA2C002F1062 /* Account+CoreDataProperties.swift */ = {isa = PBXFileReference; lastKnownFileType = sourcecode.swift; path = "Account+CoreDataProperties.swift"; sourceTree = "<group>"; };
		3BF1AD8F2663F8F0002F1062 /* AccountModel.swift */ = {isa = PBXFileReference; lastKnownFileType = sourcecode.swift; path = AccountModel.swift; sourceTree = "<group>"; };
		3BF1AE1A2665FA89002F1062 /* View+if.swift */ = {isa = PBXFileReference; lastKnownFileType = sourcecode.swift; path = "View+if.swift"; sourceTree = "<group>"; };
		3BF1AE1D2666F5E7002F1062 /* EmailListRow.swift */ = {isa = PBXFileReference; lastKnownFileType = sourcecode.swift; path = EmailListRow.swift; sourceTree = "<group>"; };
		3BF1AE202666FCE6002F1062 /* EmailToolsDrawerView.swift */ = {isa = PBXFileReference; lastKnownFileType = sourcecode.swift; path = EmailToolsDrawerView.swift; sourceTree = "<group>"; };
		3BF1AE232666FF2A002F1062 /* DrawerCapsule.swift */ = {isa = PBXFileReference; lastKnownFileType = sourcecode.swift; path = DrawerCapsule.swift; sourceTree = "<group>"; };
		3BF1AE2626672A57002F1062 /* EmailSenderDrawerView.swift */ = {isa = PBXFileReference; lastKnownFileType = sourcecode.swift; path = EmailSenderDrawerView.swift; sourceTree = "<group>"; };
		3BF1AE2926683514002F1062 /* View+screen.swift */ = {isa = PBXFileReference; lastKnownFileType = sourcecode.swift; path = "View+screen.swift"; sourceTree = "<group>"; };
		3BF1AE2C2668812B002F1062 /* Publishers.swift */ = {isa = PBXFileReference; lastKnownFileType = sourcecode.swift; path = Publishers.swift; sourceTree = "<group>"; };
		3BF1AE2F26688150002F1062 /* Notification.swift */ = {isa = PBXFileReference; lastKnownFileType = sourcecode.swift; path = Notification.swift; sourceTree = "<group>"; };
		3BF1AE3226697A35002F1062 /* EmailThread+CoreDataClass.swift */ = {isa = PBXFileReference; lastKnownFileType = sourcecode.swift; path = "EmailThread+CoreDataClass.swift"; sourceTree = "<group>"; };
		3BF1AE3326697A35002F1062 /* EmailThread+CoreDataProperties.swift */ = {isa = PBXFileReference; lastKnownFileType = sourcecode.swift; path = "EmailThread+CoreDataProperties.swift"; sourceTree = "<group>"; };
		3E35B10F6A88FE4A90A5E820 /* Pods-psymail (macOS).release.xcconfig */ = {isa = PBXFileReference; includeInIndex = 1; lastKnownFileType = text.xcconfig; name = "Pods-psymail (macOS).release.xcconfig"; path = "Target Support Files/Pods-psymail (macOS)/Pods-psymail (macOS).release.xcconfig"; sourceTree = "<group>"; };
		5373F94F41453FE8AB093878 /* Pods-psymail (iOS).debug.xcconfig */ = {isa = PBXFileReference; includeInIndex = 1; lastKnownFileType = text.xcconfig; name = "Pods-psymail (iOS).debug.xcconfig"; path = "Target Support Files/Pods-psymail (iOS)/Pods-psymail (iOS).debug.xcconfig"; sourceTree = "<group>"; };
		7007A9069DB99A4BC20380FC /* Pods-psymail (macOS).debug.xcconfig */ = {isa = PBXFileReference; includeInIndex = 1; lastKnownFileType = text.xcconfig; name = "Pods-psymail (macOS).debug.xcconfig"; path = "Target Support Files/Pods-psymail (macOS)/Pods-psymail (macOS).debug.xcconfig"; sourceTree = "<group>"; };
		9F87DF261F0BC06CC67C83A7 /* Pods-psymail (iOS).release.xcconfig */ = {isa = PBXFileReference; includeInIndex = 1; lastKnownFileType = text.xcconfig; name = "Pods-psymail (iOS).release.xcconfig"; path = "Target Support Files/Pods-psymail (iOS)/Pods-psymail (iOS).release.xcconfig"; sourceTree = "<group>"; };
		A8F4944D476A40856691F844 /* Pods_psymail__macOS_.framework */ = {isa = PBXFileReference; explicitFileType = wrapper.framework; includeInIndex = 0; path = Pods_psymail__macOS_.framework; sourceTree = BUILT_PRODUCTS_DIR; };
/* End PBXFileReference section */

/* Begin PBXFrameworksBuildPhase section */
		3B9B9F762634B16A00E3A8B2 /* Frameworks */ = {
			isa = PBXFrameworksBuildPhase;
			buildActionMask = 2147483647;
			files = (
				3F968887777D7B0730C9B3B8 /* Pods_psymail__iOS_.framework in Frameworks */,
				3B5FBCFC26587F59009D012C /* Introspect in Frameworks */,
				3B6666942651F6C50039D9F3 /* ASCollectionView in Frameworks */,
				3BA7DC55265C6EF5009623EF /* DynamicOverlay in Frameworks */,
				3BA7DC67265CB70E009623EF /* MailCore2 in Frameworks */,
			);
			runOnlyForDeploymentPostprocessing = 0;
		};
		3B9B9F7E2634B16A00E3A8B2 /* Frameworks */ = {
			isa = PBXFrameworksBuildPhase;
			buildActionMask = 2147483647;
			files = (
				7E17C93A34D56B49D4BC931E /* Pods_psymail__macOS_.framework in Frameworks */,
			);
			runOnlyForDeploymentPostprocessing = 0;
		};
		3B9B9F862634B16A00E3A8B2 /* Frameworks */ = {
			isa = PBXFrameworksBuildPhase;
			buildActionMask = 2147483647;
			files = (
			);
			runOnlyForDeploymentPostprocessing = 0;
		};
		3B9B9F912634B16A00E3A8B2 /* Frameworks */ = {
			isa = PBXFrameworksBuildPhase;
			buildActionMask = 2147483647;
			files = (
			);
			runOnlyForDeploymentPostprocessing = 0;
		};
/* End PBXFrameworksBuildPhase section */

/* Begin PBXGroup section */
		3B6F6560265EF4F000E07FE7 /* core data */ = {
			isa = PBXGroup;
			children = (
				3BF1AE3226697A35002F1062 /* EmailThread+CoreDataClass.swift */,
				3BF1AE3326697A35002F1062 /* EmailThread+CoreDataProperties.swift */,
				3BF1AD892663EA2C002F1062 /* Account+CoreDataClass.swift */,
				3BF1AD8A2663EA2C002F1062 /* Account+CoreDataProperties.swift */,
				3B7917B52660A0F400E764C1 /* Email+CoreDataClass.swift */,
				3BF1AD7A2661861F002F1062 /* Email+CoreDataProperties.swift */,
				3B7917B12660A0F400E764C1 /* EmailAddress+CoreDataClass.swift */,
				3BF1AD7D2661861F002F1062 /* EmailAddress+CoreDataProperties.swift */,
				3B7917B72660A0F400E764C1 /* EmailHeader+CoreDataClass.swift */,
				3BF1AD7B2661861F002F1062 /* EmailHeader+CoreDataProperties.swift */,
				3B7917B32660A0F400E764C1 /* EmailPart+CoreDataClass.swift */,
				3BF1AD7C2661861F002F1062 /* EmailPart+CoreDataProperties.swift */,
			);
			path = "core data";
			sourceTree = "<group>";
		};
		3B9B9F692634B16900E3A8B2 = {
			isa = PBXGroup;
			children = (
				3B925F222637A4D300B00B29 /* Podfile */,
				C4BA0104F196CF0F3293B02C /* Frameworks */,
				3B9B9F7B2634B16A00E3A8B2 /* iOS */,
				3B9B9F822634B16A00E3A8B2 /* macOS */,
				5DC4F02DCAECE413E5132127 /* Pods */,
				3B9B9F7A2634B16A00E3A8B2 /* Products */,
				3B9B9F6E2634B16900E3A8B2 /* Shared */,
				3B9B9F8C2634B16A00E3A8B2 /* Tests iOS */,
				3B9B9F972634B16A00E3A8B2 /* Tests macOS */,
			);
			sourceTree = "<group>";
		};
		3B9B9F6E2634B16900E3A8B2 /* Shared */ = {
			isa = PBXGroup;
			children = (
				3B6F6560265EF4F000E07FE7 /* core data */,
				3B66669C26522DE90039D9F3 /* AppDelegate.swift */,
				3B2F072B264F72EA006CAECE /* AppSplitView.swift */,
				3B9B9F742634B16A00E3A8B2 /* Assets.xcassets */,
				3B9B9F722634B16900E3A8B2 /* ContentView.swift */,
				3BA7DC90265DFB4B009623EF /* EmailClassifiers */,
				3BD150A2265331DF0058B094 /* extensions */,
				3B9B9FBF2634B20600E3A8B2 /* MailModel.swift */,
				3B9B9F712634B16900E3A8B2 /* PsymailApp.swift */,
				3B9B9F732634B16900E3A8B2 /* Persistence.swift */,
				3B6666ED2652383D0039D9F3 /* psymail.xcdatamodeld */,
				3B5ABAFD265461C100601F26 /* WebView.swift */,
				3BF1AD602660ACF0002F1062 /* MailController.swift */,
				3BF1AD6326615F18002F1062 /* AccountController.swift */,
				3BF1AD6626617746002F1062 /* EmailListView.swift */,
				3BF1AD8F2663F8F0002F1062 /* AccountModel.swift */,
				3BF1AE232666FF2A002F1062 /* DrawerCapsule.swift */,
			);
			path = Shared;
			sourceTree = "<group>";
		};
		3B9B9F7A2634B16A00E3A8B2 /* Products */ = {
			isa = PBXGroup;
			children = (
				3B9B9F792634B16A00E3A8B2 /* psymail.app */,
				3B9B9F812634B16A00E3A8B2 /* psymail.app */,
				3B9B9F892634B16A00E3A8B2 /* Tests iOS.xctest */,
				3B9B9F942634B16A00E3A8B2 /* Tests macOS.xctest */,
			);
			name = Products;
			sourceTree = "<group>";
		};
		3B9B9F7B2634B16A00E3A8B2 /* iOS */ = {
			isa = PBXGroup;
			children = (
				3B66669526521A810039D9F3 /* VisualEffectBlur.swift */,
				3B2F0726264E1035006CAECE /* AppCompactView.swift */,
				3B66668A2651EAED0039D9F3 /* ActionCell.swift */,
				3B6666842651EAA90039D9F3 /* InboxDrawerView.swift */,
				3B6666862651EACD0039D9F3 /* OverlayBackgroundView.swift */,
				3B66668C2651EB000039D9F3 /* FavoriteCell.swift */,
				3B66668E2651F3B00039D9F3 /* TabBarView.swift */,
				3B6666902651F3DD0039D9F3 /* TabBarItem.swift */,
				3B6666882651EAE70039D9F3 /* SearchBar.swift */,
				3B9B9F7C2634B16A00E3A8B2 /* Info.plist */,
				3B36447D2652629700956E27 /* EmailDetailView.swift */,
				3BF1AE1D2666F5E7002F1062 /* EmailListRow.swift */,
				3BF1AE202666FCE6002F1062 /* EmailToolsDrawerView.swift */,
				3BF1AE2626672A57002F1062 /* EmailSenderDrawerView.swift */,
			);
			path = iOS;
			sourceTree = "<group>";
		};
		3B9B9F822634B16A00E3A8B2 /* macOS */ = {
			isa = PBXGroup;
			children = (
				3B9B9F832634B16A00E3A8B2 /* Info.plist */,
				3B9B9F842634B16A00E3A8B2 /* macOS.entitlements */,
			);
			path = macOS;
			sourceTree = "<group>";
		};
		3B9B9F8C2634B16A00E3A8B2 /* Tests iOS */ = {
			isa = PBXGroup;
			children = (
				3B9B9F8D2634B16A00E3A8B2 /* Tests_iOS.swift */,
				3B9B9F8F2634B16A00E3A8B2 /* Info.plist */,
			);
			path = "Tests iOS";
			sourceTree = "<group>";
		};
		3B9B9F972634B16A00E3A8B2 /* Tests macOS */ = {
			isa = PBXGroup;
			children = (
				3B9B9F982634B16A00E3A8B2 /* Tests_macOS.swift */,
				3B9B9F9A2634B16A00E3A8B2 /* Info.plist */,
			);
			path = "Tests macOS";
			sourceTree = "<group>";
		};
		3BA7DC90265DFB4B009623EF /* EmailClassifiers */ = {
			isa = PBXGroup;
			children = (
				3B5FBCBD26571687009D012C /* PsycatsJuice.mlmodel */,
				3B5FBC322655EF85009D012C /* EmailClassifierAgnes.mlmodel */,
				3B9B9FCE2634E26A00E3A8B2 /* MarketingRecognizer.mlmodel */,
				3B9B9FCD2634E26A00E3A8B2 /* NewsletterClassifier.mlmodel */,
				3B9B9FCF2634E26A00E3A8B2 /* PoliticsRecognizer.mlmodel */,
			);
			path = EmailClassifiers;
			sourceTree = "<group>";
		};
		3BD150A2265331DF0058B094 /* extensions */ = {
			isa = PBXGroup;
			children = (
				3B5ABAF626545D2900601F26 /* QuotedPrintable.swift */,
				3BD150A3265332010058B094 /* rainbow.swift */,
				3BF1AE1A2665FA89002F1062 /* View+if.swift */,
				3BF1AE2926683514002F1062 /* View+screen.swift */,
				3BF1AE2C2668812B002F1062 /* Publishers.swift */,
				3BF1AE2F26688150002F1062 /* Notification.swift */,
			);
			path = extensions;
			sourceTree = "<group>";
		};
		5DC4F02DCAECE413E5132127 /* Pods */ = {
			isa = PBXGroup;
			children = (
				5373F94F41453FE8AB093878 /* Pods-psymail (iOS).debug.xcconfig */,
				9F87DF261F0BC06CC67C83A7 /* Pods-psymail (iOS).release.xcconfig */,
				7007A9069DB99A4BC20380FC /* Pods-psymail (macOS).debug.xcconfig */,
				3E35B10F6A88FE4A90A5E820 /* Pods-psymail (macOS).release.xcconfig */,
			);
			path = Pods;
			sourceTree = "<group>";
		};
		C4BA0104F196CF0F3293B02C /* Frameworks */ = {
			isa = PBXGroup;
			children = (
				399CC61715E34E128033326B /* Pods_psymail__iOS_.framework */,
				A8F4944D476A40856691F844 /* Pods_psymail__macOS_.framework */,
			);
			name = Frameworks;
			sourceTree = "<group>";
		};
/* End PBXGroup section */

/* Begin PBXNativeTarget section */
		3B9B9F782634B16A00E3A8B2 /* psymail (iOS) */ = {
			isa = PBXNativeTarget;
			buildConfigurationList = 3B9B9FA72634B16A00E3A8B2 /* Build configuration list for PBXNativeTarget "psymail (iOS)" */;
			buildPhases = (
				656A4FF235EA115548BCA104 /* [CP] Check Pods Manifest.lock */,
				3B9B9F752634B16A00E3A8B2 /* Sources */,
				3B9B9F762634B16A00E3A8B2 /* Frameworks */,
				3B9B9F772634B16A00E3A8B2 /* Resources */,
				77A678D85036E96B5658D945 /* [CP] Embed Pods Frameworks */,
				FE67E9C3004EA506155D4C8D /* [CP] Copy Pods Resources */,
				3BA7DC6C265CB718009623EF /* CopyFiles */,
			);
			buildRules = (
			);
			dependencies = (
			);
			name = "psymail (iOS)";
			packageProductDependencies = (
				3B6666932651F6C50039D9F3 /* ASCollectionView */,
				3B5FBCFB26587F59009D012C /* Introspect */,
				3BA7DC54265C6EF5009623EF /* DynamicOverlay */,
				3BA7DC66265CB70E009623EF /* MailCore2 */,
			);
			productName = "mushroom-mail (iOS)";
			productReference = 3B9B9F792634B16A00E3A8B2 /* psymail.app */;
			productType = "com.apple.product-type.application";
		};
		3B9B9F802634B16A00E3A8B2 /* psymail (macOS) */ = {
			isa = PBXNativeTarget;
			buildConfigurationList = 3B9B9FAA2634B16A00E3A8B2 /* Build configuration list for PBXNativeTarget "psymail (macOS)" */;
			buildPhases = (
				794814F520AC0EA08214D4CE /* [CP] Check Pods Manifest.lock */,
				3B9B9F7D2634B16A00E3A8B2 /* Sources */,
				3B9B9F7E2634B16A00E3A8B2 /* Frameworks */,
				3B9B9F7F2634B16A00E3A8B2 /* Resources */,
				18B523E0AD75629591725F46 /* [CP] Embed Pods Frameworks */,
				9515221290123CF5BB6DD191 /* [CP] Copy Pods Resources */,
			);
			buildRules = (
			);
			dependencies = (
			);
			name = "psymail (macOS)";
			productName = "mushroom-mail (macOS)";
			productReference = 3B9B9F812634B16A00E3A8B2 /* psymail.app */;
			productType = "com.apple.product-type.application";
		};
		3B9B9F882634B16A00E3A8B2 /* Tests iOS */ = {
			isa = PBXNativeTarget;
			buildConfigurationList = 3B9B9FAD2634B16A00E3A8B2 /* Build configuration list for PBXNativeTarget "Tests iOS" */;
			buildPhases = (
				3B9B9F852634B16A00E3A8B2 /* Sources */,
				3B9B9F862634B16A00E3A8B2 /* Frameworks */,
				3B9B9F872634B16A00E3A8B2 /* Resources */,
			);
			buildRules = (
			);
			dependencies = (
				3B9B9F8B2634B16A00E3A8B2 /* PBXTargetDependency */,
			);
			name = "Tests iOS";
			productName = "Tests iOS";
			productReference = 3B9B9F892634B16A00E3A8B2 /* Tests iOS.xctest */;
			productType = "com.apple.product-type.bundle.ui-testing";
		};
		3B9B9F932634B16A00E3A8B2 /* Tests macOS */ = {
			isa = PBXNativeTarget;
			buildConfigurationList = 3B9B9FB02634B16A00E3A8B2 /* Build configuration list for PBXNativeTarget "Tests macOS" */;
			buildPhases = (
				3B9B9F902634B16A00E3A8B2 /* Sources */,
				3B9B9F912634B16A00E3A8B2 /* Frameworks */,
				3B9B9F922634B16A00E3A8B2 /* Resources */,
			);
			buildRules = (
			);
			dependencies = (
				3B9B9F962634B16A00E3A8B2 /* PBXTargetDependency */,
			);
			name = "Tests macOS";
			productName = "Tests macOS";
			productReference = 3B9B9F942634B16A00E3A8B2 /* Tests macOS.xctest */;
			productType = "com.apple.product-type.bundle.ui-testing";
		};
/* End PBXNativeTarget section */

/* Begin PBXProject section */
		3B9B9F6A2634B16900E3A8B2 /* Project object */ = {
			isa = PBXProject;
			attributes = {
				LastSwiftUpdateCheck = 1240;
				LastUpgradeCheck = 1240;
				TargetAttributes = {
					3B9B9F782634B16A00E3A8B2 = {
						CreatedOnToolsVersion = 12.4;
					};
					3B9B9F802634B16A00E3A8B2 = {
						CreatedOnToolsVersion = 12.4;
					};
					3B9B9F882634B16A00E3A8B2 = {
						CreatedOnToolsVersion = 12.4;
						TestTargetID = 3B9B9F782634B16A00E3A8B2;
					};
					3B9B9F932634B16A00E3A8B2 = {
						CreatedOnToolsVersion = 12.4;
						TestTargetID = 3B9B9F802634B16A00E3A8B2;
					};
				};
			};
			buildConfigurationList = 3B9B9F6D2634B16900E3A8B2 /* Build configuration list for PBXProject "psymail" */;
			compatibilityVersion = "Xcode 9.3";
			developmentRegion = en;
			hasScannedForEncodings = 0;
			knownRegions = (
				en,
				Base,
			);
			mainGroup = 3B9B9F692634B16900E3A8B2;
			packageReferences = (
				3B6666922651F6C50039D9F3 /* XCRemoteSwiftPackageReference "ASCollectionView" */,
				3B5FBCFA26587F58009D012C /* XCRemoteSwiftPackageReference "SwiftUI-Introspect" */,
				3BA7DC53265C6EF5009623EF /* XCRemoteSwiftPackageReference "DynamicOverlay" */,
				3BA7DC65265CB70E009623EF /* XCRemoteSwiftPackageReference "mailcore2" */,
			);
			productRefGroup = 3B9B9F7A2634B16A00E3A8B2 /* Products */;
			projectDirPath = "";
			projectRoot = "";
			targets = (
				3B9B9F782634B16A00E3A8B2 /* psymail (iOS) */,
				3B9B9F802634B16A00E3A8B2 /* psymail (macOS) */,
				3B9B9F882634B16A00E3A8B2 /* Tests iOS */,
				3B9B9F932634B16A00E3A8B2 /* Tests macOS */,
			);
		};
/* End PBXProject section */

/* Begin PBXResourcesBuildPhase section */
		3B9B9F772634B16A00E3A8B2 /* Resources */ = {
			isa = PBXResourcesBuildPhase;
			buildActionMask = 2147483647;
			files = (
				3B9B9FA32634B16A00E3A8B2 /* Assets.xcassets in Resources */,
			);
			runOnlyForDeploymentPostprocessing = 0;
		};
		3B9B9F7F2634B16A00E3A8B2 /* Resources */ = {
			isa = PBXResourcesBuildPhase;
			buildActionMask = 2147483647;
			files = (
				3B9B9FA42634B16A00E3A8B2 /* Assets.xcassets in Resources */,
			);
			runOnlyForDeploymentPostprocessing = 0;
		};
		3B9B9F872634B16A00E3A8B2 /* Resources */ = {
			isa = PBXResourcesBuildPhase;
			buildActionMask = 2147483647;
			files = (
			);
			runOnlyForDeploymentPostprocessing = 0;
		};
		3B9B9F922634B16A00E3A8B2 /* Resources */ = {
			isa = PBXResourcesBuildPhase;
			buildActionMask = 2147483647;
			files = (
			);
			runOnlyForDeploymentPostprocessing = 0;
		};
/* End PBXResourcesBuildPhase section */

/* Begin PBXShellScriptBuildPhase section */
		18B523E0AD75629591725F46 /* [CP] Embed Pods Frameworks */ = {
			isa = PBXShellScriptBuildPhase;
			buildActionMask = 2147483647;
			files = (
			);
			inputFileListPaths = (
				"${PODS_ROOT}/Target Support Files/Pods-psymail (macOS)/Pods-psymail (macOS)-frameworks-${CONFIGURATION}-input-files.xcfilelist",
			);
			name = "[CP] Embed Pods Frameworks";
			outputFileListPaths = (
				"${PODS_ROOT}/Target Support Files/Pods-psymail (macOS)/Pods-psymail (macOS)-frameworks-${CONFIGURATION}-output-files.xcfilelist",
			);
			runOnlyForDeploymentPostprocessing = 0;
			shellPath = /bin/sh;
			shellScript = "\"${PODS_ROOT}/Target Support Files/Pods-psymail (macOS)/Pods-psymail (macOS)-frameworks.sh\"\n";
			showEnvVarsInLog = 0;
		};
		656A4FF235EA115548BCA104 /* [CP] Check Pods Manifest.lock */ = {
			isa = PBXShellScriptBuildPhase;
			buildActionMask = 2147483647;
			files = (
			);
			inputFileListPaths = (
			);
			inputPaths = (
				"${PODS_PODFILE_DIR_PATH}/Podfile.lock",
				"${PODS_ROOT}/Manifest.lock",
			);
			name = "[CP] Check Pods Manifest.lock";
			outputFileListPaths = (
			);
			outputPaths = (
				"$(DERIVED_FILE_DIR)/Pods-psymail (iOS)-checkManifestLockResult.txt",
			);
			runOnlyForDeploymentPostprocessing = 0;
			shellPath = /bin/sh;
			shellScript = "diff \"${PODS_PODFILE_DIR_PATH}/Podfile.lock\" \"${PODS_ROOT}/Manifest.lock\" > /dev/null\nif [ $? != 0 ] ; then\n    # print error to STDERR\n    echo \"error: The sandbox is not in sync with the Podfile.lock. Run 'pod install' or update your CocoaPods installation.\" >&2\n    exit 1\nfi\n# This output is used by Xcode 'outputs' to avoid re-running this script phase.\necho \"SUCCESS\" > \"${SCRIPT_OUTPUT_FILE_0}\"\n";
			showEnvVarsInLog = 0;
		};
		77A678D85036E96B5658D945 /* [CP] Embed Pods Frameworks */ = {
			isa = PBXShellScriptBuildPhase;
			buildActionMask = 2147483647;
			files = (
			);
			inputFileListPaths = (
				"${PODS_ROOT}/Target Support Files/Pods-psymail (iOS)/Pods-psymail (iOS)-frameworks-${CONFIGURATION}-input-files.xcfilelist",
			);
			name = "[CP] Embed Pods Frameworks";
			outputFileListPaths = (
				"${PODS_ROOT}/Target Support Files/Pods-psymail (iOS)/Pods-psymail (iOS)-frameworks-${CONFIGURATION}-output-files.xcfilelist",
			);
			runOnlyForDeploymentPostprocessing = 0;
			shellPath = /bin/sh;
			shellScript = "\"${PODS_ROOT}/Target Support Files/Pods-psymail (iOS)/Pods-psymail (iOS)-frameworks.sh\"\n";
			showEnvVarsInLog = 0;
		};
		794814F520AC0EA08214D4CE /* [CP] Check Pods Manifest.lock */ = {
			isa = PBXShellScriptBuildPhase;
			buildActionMask = 2147483647;
			files = (
			);
			inputFileListPaths = (
			);
			inputPaths = (
				"${PODS_PODFILE_DIR_PATH}/Podfile.lock",
				"${PODS_ROOT}/Manifest.lock",
			);
			name = "[CP] Check Pods Manifest.lock";
			outputFileListPaths = (
			);
			outputPaths = (
				"$(DERIVED_FILE_DIR)/Pods-psymail (macOS)-checkManifestLockResult.txt",
			);
			runOnlyForDeploymentPostprocessing = 0;
			shellPath = /bin/sh;
			shellScript = "diff \"${PODS_PODFILE_DIR_PATH}/Podfile.lock\" \"${PODS_ROOT}/Manifest.lock\" > /dev/null\nif [ $? != 0 ] ; then\n    # print error to STDERR\n    echo \"error: The sandbox is not in sync with the Podfile.lock. Run 'pod install' or update your CocoaPods installation.\" >&2\n    exit 1\nfi\n# This output is used by Xcode 'outputs' to avoid re-running this script phase.\necho \"SUCCESS\" > \"${SCRIPT_OUTPUT_FILE_0}\"\n";
			showEnvVarsInLog = 0;
		};
		9515221290123CF5BB6DD191 /* [CP] Copy Pods Resources */ = {
			isa = PBXShellScriptBuildPhase;
			buildActionMask = 2147483647;
			files = (
			);
			inputFileListPaths = (
				"${PODS_ROOT}/Target Support Files/Pods-psymail (macOS)/Pods-psymail (macOS)-resources-${CONFIGURATION}-input-files.xcfilelist",
			);
			name = "[CP] Copy Pods Resources";
			outputFileListPaths = (
				"${PODS_ROOT}/Target Support Files/Pods-psymail (macOS)/Pods-psymail (macOS)-resources-${CONFIGURATION}-output-files.xcfilelist",
			);
			runOnlyForDeploymentPostprocessing = 0;
			shellPath = /bin/sh;
			shellScript = "\"${PODS_ROOT}/Target Support Files/Pods-psymail (macOS)/Pods-psymail (macOS)-resources.sh\"\n";
			showEnvVarsInLog = 0;
		};
		FE67E9C3004EA506155D4C8D /* [CP] Copy Pods Resources */ = {
			isa = PBXShellScriptBuildPhase;
			buildActionMask = 2147483647;
			files = (
			);
			inputFileListPaths = (
				"${PODS_ROOT}/Target Support Files/Pods-psymail (iOS)/Pods-psymail (iOS)-resources-${CONFIGURATION}-input-files.xcfilelist",
			);
			name = "[CP] Copy Pods Resources";
			outputFileListPaths = (
				"${PODS_ROOT}/Target Support Files/Pods-psymail (iOS)/Pods-psymail (iOS)-resources-${CONFIGURATION}-output-files.xcfilelist",
			);
			runOnlyForDeploymentPostprocessing = 0;
			shellPath = /bin/sh;
			shellScript = "\"${PODS_ROOT}/Target Support Files/Pods-psymail (iOS)/Pods-psymail (iOS)-resources.sh\"\n";
			showEnvVarsInLog = 0;
		};
/* End PBXShellScriptBuildPhase section */

/* Begin PBXSourcesBuildPhase section */
		3B9B9F752634B16A00E3A8B2 /* Sources */ = {
			isa = PBXSourcesBuildPhase;
			buildActionMask = 2147483647;
			files = (
				3BF1AE1E2666F5E7002F1062 /* EmailListRow.swift in Sources */,
				3BF1AE242666FF2A002F1062 /* DrawerCapsule.swift in Sources */,
				3BF1AD8B2663EA2C002F1062 /* Account+CoreDataClass.swift in Sources */,
				3BF1AD822661861F002F1062 /* EmailPart+CoreDataProperties.swift in Sources */,
				3BF1AD842661861F002F1062 /* EmailAddress+CoreDataProperties.swift in Sources */,
				3BF1AE3026688150002F1062 /* Notification.swift in Sources */,
				3BF1AD6D26617E1A002F1062 /* psymail.xcdatamodeld in Sources */,
				3B6666892651EAE70039D9F3 /* SearchBar.swift in Sources */,
				3B5ABAFE265461C100601F26 /* WebView.swift in Sources */,
				3B2F072C264F72EA006CAECE /* AppSplitView.swift in Sources */,
				3B66669D26522DE90039D9F3 /* AppDelegate.swift in Sources */,
				3B6666912651F3DD0039D9F3 /* TabBarItem.swift in Sources */,
				3B36447E2652629700956E27 /* EmailDetailView.swift in Sources */,
				3BF1AD612660ACF0002F1062 /* MailController.swift in Sources */,
				3B5ABAF726545D3200601F26 /* QuotedPrintable.swift in Sources */,
				3B9B9F9D2634B16A00E3A8B2 /* PsymailApp.swift in Sources */,
				3B7917B92660A0F400E764C1 /* EmailAddress+CoreDataClass.swift in Sources */,
				3B7917BD2660A0F400E764C1 /* EmailPart+CoreDataClass.swift in Sources */,
				3B9B9FD42634E26A00E3A8B2 /* PoliticsRecognizer.mlmodel in Sources */,
				3B7917C52660A0F400E764C1 /* EmailHeader+CoreDataClass.swift in Sources */,
				3B9B9FD02634E26A00E3A8B2 /* NewsletterClassifier.mlmodel in Sources */,
				3BF1AD7E2661861F002F1062 /* Email+CoreDataProperties.swift in Sources */,
				3B6666852651EAAA0039D9F3 /* InboxDrawerView.swift in Sources */,
				3BF1AE2A26683514002F1062 /* View+screen.swift in Sources */,
				3B6666832651EA040039D9F3 /* AppCompactView.swift in Sources */,
				3BF1AE1B2665FA89002F1062 /* View+if.swift in Sources */,
				3B9B9FA12634B16A00E3A8B2 /* Persistence.swift in Sources */,
				3BF1AD6426615F18002F1062 /* AccountController.swift in Sources */,
				3BF1AE212666FCE6002F1062 /* EmailToolsDrawerView.swift in Sources */,
				3B6666872651EACD0039D9F3 /* OverlayBackgroundView.swift in Sources */,
				3BF1AE3426697A35002F1062 /* EmailThread+CoreDataClass.swift in Sources */,
				3BF1AE3626697A35002F1062 /* EmailThread+CoreDataProperties.swift in Sources */,
				3B5FBC332655EF85009D012C /* EmailClassifierAgnes.mlmodel in Sources */,
				3B7917C12660A0F400E764C1 /* Email+CoreDataClass.swift in Sources */,
				3B66668F2651F3B00039D9F3 /* TabBarView.swift in Sources */,
				3BF1AE2726672A57002F1062 /* EmailSenderDrawerView.swift in Sources */,
				3BF1AD6726617746002F1062 /* EmailListView.swift in Sources */,
				3B9B9FD22634E26A00E3A8B2 /* MarketingRecognizer.mlmodel in Sources */,
				3B9B9FC02634B20600E3A8B2 /* MailModel.swift in Sources */,
				3B66668D2651EB000039D9F3 /* FavoriteCell.swift in Sources */,
				3BF1AD902663F8F0002F1062 /* AccountModel.swift in Sources */,
				3BF1AE2D2668812B002F1062 /* Publishers.swift in Sources */,
				3BD150A4265332010058B094 /* rainbow.swift in Sources */,
				3B66669626521A810039D9F3 /* VisualEffectBlur.swift in Sources */,
				3B5FBCBE26571687009D012C /* PsycatsJuice.mlmodel in Sources */,
				3BF1AD8D2663EA2C002F1062 /* Account+CoreDataProperties.swift in Sources */,
				3B9B9F9F2634B16A00E3A8B2 /* ContentView.swift in Sources */,
				3B66668B2651EAED0039D9F3 /* ActionCell.swift in Sources */,
				3BF1AD802661861F002F1062 /* EmailHeader+CoreDataProperties.swift in Sources */,
			);
			runOnlyForDeploymentPostprocessing = 0;
		};
		3B9B9F7D2634B16A00E3A8B2 /* Sources */ = {
			isa = PBXSourcesBuildPhase;
			buildActionMask = 2147483647;
			files = (
				3BF1AE252666FF2A002F1062 /* DrawerCapsule.swift in Sources */,
				3B7917C22660A0F400E764C1 /* Email+CoreDataClass.swift in Sources */,
				3B2F072D264F72EA006CAECE /* AppSplitView.swift in Sources */,
				3B9B9F9E2634B16A00E3A8B2 /* PsymailApp.swift in Sources */,
				3B5ABAFF265461C100601F26 /* WebView.swift in Sources */,
				3B7917BE2660A0F400E764C1 /* EmailPart+CoreDataClass.swift in Sources */,
				3BF1AD912663F8F0002F1062 /* AccountModel.swift in Sources */,
				3BF1AD832661861F002F1062 /* EmailPart+CoreDataProperties.swift in Sources */,
				3BF1AD6526615F18002F1062 /* AccountController.swift in Sources */,
				3BF1AE2826672A57002F1062 /* EmailSenderDrawerView.swift in Sources */,
				3B9B9FD52634E26A00E3A8B2 /* PoliticsRecognizer.mlmodel in Sources */,
				3B7917C62660A0F400E764C1 /* EmailHeader+CoreDataClass.swift in Sources */,
				3BF1AE3726697A35002F1062 /* EmailThread+CoreDataProperties.swift in Sources */,
				3BF1AE222666FCE6002F1062 /* EmailToolsDrawerView.swift in Sources */,
				3B9B9FD12634E26A00E3A8B2 /* NewsletterClassifier.mlmodel in Sources */,
				3BF1AE1C2665FA89002F1062 /* View+if.swift in Sources */,
				3B9B9FA22634B16A00E3A8B2 /* Persistence.swift in Sources */,
				3B9B9FD32634E26A00E3A8B2 /* MarketingRecognizer.mlmodel in Sources */,
				3BF1AD812661861F002F1062 /* EmailHeader+CoreDataProperties.swift in Sources */,
				3BF1AE2E2668812B002F1062 /* Publishers.swift in Sources */,
				3B9B9FC12634B20600E3A8B2 /* MailModel.swift in Sources */,
				3BF1AE3126688150002F1062 /* Notification.swift in Sources */,
				3BF1AD8E2663EA2C002F1062 /* Account+CoreDataProperties.swift in Sources */,
				3BF1AE2B26683514002F1062 /* View+screen.swift in Sources */,
				3BF1AE3526697A35002F1062 /* EmailThread+CoreDataClass.swift in Sources */,
				3BD150A5265332010058B094 /* rainbow.swift in Sources */,
				3BF1AD622660ACF0002F1062 /* MailController.swift in Sources */,
				3BF1AD8C2663EA2C002F1062 /* Account+CoreDataClass.swift in Sources */,
				3BF1AD7F2661861F002F1062 /* Email+CoreDataProperties.swift in Sources */,
				3BF1AD852661861F002F1062 /* EmailAddress+CoreDataProperties.swift in Sources */,
				3B5FBC342655EF85009D012C /* EmailClassifierAgnes.mlmodel in Sources */,
				3B7917BA2660A0F400E764C1 /* EmailAddress+CoreDataClass.swift in Sources */,
				3B66669E26522DE90039D9F3 /* AppDelegate.swift in Sources */,
				3BF1AD6826617746002F1062 /* EmailListView.swift in Sources */,
				3B5FBCBF26571687009D012C /* PsycatsJuice.mlmodel in Sources */,
				3B6666F02652383D0039D9F3 /* psymail.xcdatamodeld in Sources */,
				3B9B9FA02634B16A00E3A8B2 /* ContentView.swift in Sources */,
				3B5ABAF826545D3200601F26 /* QuotedPrintable.swift in Sources */,
			);
			runOnlyForDeploymentPostprocessing = 0;
		};
		3B9B9F852634B16A00E3A8B2 /* Sources */ = {
			isa = PBXSourcesBuildPhase;
			buildActionMask = 2147483647;
			files = (
				3B9B9F8E2634B16A00E3A8B2 /* Tests_iOS.swift in Sources */,
			);
			runOnlyForDeploymentPostprocessing = 0;
		};
		3B9B9F902634B16A00E3A8B2 /* Sources */ = {
			isa = PBXSourcesBuildPhase;
			buildActionMask = 2147483647;
			files = (
				3B9B9F992634B16A00E3A8B2 /* Tests_macOS.swift in Sources */,
			);
			runOnlyForDeploymentPostprocessing = 0;
		};
/* End PBXSourcesBuildPhase section */

/* Begin PBXTargetDependency section */
		3B9B9F8B2634B16A00E3A8B2 /* PBXTargetDependency */ = {
			isa = PBXTargetDependency;
			target = 3B9B9F782634B16A00E3A8B2 /* psymail (iOS) */;
			targetProxy = 3B9B9F8A2634B16A00E3A8B2 /* PBXContainerItemProxy */;
		};
		3B9B9F962634B16A00E3A8B2 /* PBXTargetDependency */ = {
			isa = PBXTargetDependency;
			target = 3B9B9F802634B16A00E3A8B2 /* psymail (macOS) */;
			targetProxy = 3B9B9F952634B16A00E3A8B2 /* PBXContainerItemProxy */;
		};
/* End PBXTargetDependency section */

/* Begin XCBuildConfiguration section */
		3B9B9FA52634B16A00E3A8B2 /* Debug */ = {
			isa = XCBuildConfiguration;
			buildSettings = {
				ALWAYS_SEARCH_USER_PATHS = NO;
				CLANG_ANALYZER_NONNULL = YES;
				CLANG_ANALYZER_NUMBER_OBJECT_CONVERSION = YES_AGGRESSIVE;
				CLANG_CXX_LANGUAGE_STANDARD = "gnu++14";
				CLANG_CXX_LIBRARY = "libc++";
				CLANG_ENABLE_MODULES = YES;
				CLANG_ENABLE_OBJC_ARC = YES;
				CLANG_ENABLE_OBJC_WEAK = YES;
				CLANG_WARN_BLOCK_CAPTURE_AUTORELEASING = YES;
				CLANG_WARN_BOOL_CONVERSION = YES;
				CLANG_WARN_COMMA = YES;
				CLANG_WARN_CONSTANT_CONVERSION = YES;
				CLANG_WARN_DEPRECATED_OBJC_IMPLEMENTATIONS = YES;
				CLANG_WARN_DIRECT_OBJC_ISA_USAGE = YES_ERROR;
				CLANG_WARN_DOCUMENTATION_COMMENTS = YES;
				CLANG_WARN_EMPTY_BODY = YES;
				CLANG_WARN_ENUM_CONVERSION = YES;
				CLANG_WARN_INFINITE_RECURSION = YES;
				CLANG_WARN_INT_CONVERSION = YES;
				CLANG_WARN_NON_LITERAL_NULL_CONVERSION = YES;
				CLANG_WARN_OBJC_IMPLICIT_RETAIN_SELF = YES;
				CLANG_WARN_OBJC_LITERAL_CONVERSION = YES;
				CLANG_WARN_OBJC_ROOT_CLASS = YES_ERROR;
				CLANG_WARN_QUOTED_INCLUDE_IN_FRAMEWORK_HEADER = YES;
				CLANG_WARN_RANGE_LOOP_ANALYSIS = YES;
				CLANG_WARN_STRICT_PROTOTYPES = YES;
				CLANG_WARN_SUSPICIOUS_MOVE = YES;
				CLANG_WARN_UNGUARDED_AVAILABILITY = YES_AGGRESSIVE;
				CLANG_WARN_UNREACHABLE_CODE = YES;
				CLANG_WARN__DUPLICATE_METHOD_MATCH = YES;
				COPY_PHASE_STRIP = NO;
				DEBUG_INFORMATION_FORMAT = dwarf;
				ENABLE_STRICT_OBJC_MSGSEND = YES;
				ENABLE_TESTABILITY = YES;
				GCC_C_LANGUAGE_STANDARD = gnu11;
				GCC_DYNAMIC_NO_PIC = NO;
				GCC_NO_COMMON_BLOCKS = YES;
				GCC_OPTIMIZATION_LEVEL = 0;
				GCC_PREPROCESSOR_DEFINITIONS = (
					"DEBUG=1",
					"$(inherited)",
				);
				GCC_WARN_64_TO_32_BIT_CONVERSION = YES;
				GCC_WARN_ABOUT_RETURN_TYPE = YES_ERROR;
				GCC_WARN_UNDECLARED_SELECTOR = YES;
				GCC_WARN_UNINITIALIZED_AUTOS = YES_AGGRESSIVE;
				GCC_WARN_UNUSED_FUNCTION = YES;
				GCC_WARN_UNUSED_VARIABLE = YES;
				MTL_ENABLE_DEBUG_INFO = INCLUDE_SOURCE;
				MTL_FAST_MATH = YES;
				ONLY_ACTIVE_ARCH = YES;
				SWIFT_ACTIVE_COMPILATION_CONDITIONS = DEBUG;
				SWIFT_OPTIMIZATION_LEVEL = "-Onone";
			};
			name = Debug;
		};
		3B9B9FA62634B16A00E3A8B2 /* Release */ = {
			isa = XCBuildConfiguration;
			buildSettings = {
				ALWAYS_SEARCH_USER_PATHS = NO;
				CLANG_ANALYZER_NONNULL = YES;
				CLANG_ANALYZER_NUMBER_OBJECT_CONVERSION = YES_AGGRESSIVE;
				CLANG_CXX_LANGUAGE_STANDARD = "gnu++14";
				CLANG_CXX_LIBRARY = "libc++";
				CLANG_ENABLE_MODULES = YES;
				CLANG_ENABLE_OBJC_ARC = YES;
				CLANG_ENABLE_OBJC_WEAK = YES;
				CLANG_WARN_BLOCK_CAPTURE_AUTORELEASING = YES;
				CLANG_WARN_BOOL_CONVERSION = YES;
				CLANG_WARN_COMMA = YES;
				CLANG_WARN_CONSTANT_CONVERSION = YES;
				CLANG_WARN_DEPRECATED_OBJC_IMPLEMENTATIONS = YES;
				CLANG_WARN_DIRECT_OBJC_ISA_USAGE = YES_ERROR;
				CLANG_WARN_DOCUMENTATION_COMMENTS = YES;
				CLANG_WARN_EMPTY_BODY = YES;
				CLANG_WARN_ENUM_CONVERSION = YES;
				CLANG_WARN_INFINITE_RECURSION = YES;
				CLANG_WARN_INT_CONVERSION = YES;
				CLANG_WARN_NON_LITERAL_NULL_CONVERSION = YES;
				CLANG_WARN_OBJC_IMPLICIT_RETAIN_SELF = YES;
				CLANG_WARN_OBJC_LITERAL_CONVERSION = YES;
				CLANG_WARN_OBJC_ROOT_CLASS = YES_ERROR;
				CLANG_WARN_QUOTED_INCLUDE_IN_FRAMEWORK_HEADER = YES;
				CLANG_WARN_RANGE_LOOP_ANALYSIS = YES;
				CLANG_WARN_STRICT_PROTOTYPES = YES;
				CLANG_WARN_SUSPICIOUS_MOVE = YES;
				CLANG_WARN_UNGUARDED_AVAILABILITY = YES_AGGRESSIVE;
				CLANG_WARN_UNREACHABLE_CODE = YES;
				CLANG_WARN__DUPLICATE_METHOD_MATCH = YES;
				COPY_PHASE_STRIP = NO;
				DEBUG_INFORMATION_FORMAT = "dwarf-with-dsym";
				ENABLE_NS_ASSERTIONS = NO;
				ENABLE_STRICT_OBJC_MSGSEND = YES;
				GCC_C_LANGUAGE_STANDARD = gnu11;
				GCC_NO_COMMON_BLOCKS = YES;
				GCC_WARN_64_TO_32_BIT_CONVERSION = YES;
				GCC_WARN_ABOUT_RETURN_TYPE = YES_ERROR;
				GCC_WARN_UNDECLARED_SELECTOR = YES;
				GCC_WARN_UNINITIALIZED_AUTOS = YES_AGGRESSIVE;
				GCC_WARN_UNUSED_FUNCTION = YES;
				GCC_WARN_UNUSED_VARIABLE = YES;
				MTL_ENABLE_DEBUG_INFO = NO;
				MTL_FAST_MATH = YES;
				SWIFT_COMPILATION_MODE = wholemodule;
				SWIFT_OPTIMIZATION_LEVEL = "-O";
			};
			name = Release;
		};
		3B9B9FA82634B16A00E3A8B2 /* Debug */ = {
			isa = XCBuildConfiguration;
			baseConfigurationReference = 5373F94F41453FE8AB093878 /* Pods-psymail (iOS).debug.xcconfig */;
			buildSettings = {
				ASSETCATALOG_COMPILER_APPICON_NAME = AppIcon;
				ASSETCATALOG_COMPILER_GLOBAL_ACCENT_COLOR_NAME = AccentColor;
				CODE_SIGN_STYLE = Automatic;
				DEVELOPMENT_TEAM = 8444VB8288;
				ENABLE_PREVIEWS = YES;
				INFOPLIST_FILE = iOS/Info.plist;
				IPHONEOS_DEPLOYMENT_TARGET = 14.0;
				LD_RUNPATH_SEARCH_PATHS = (
					"$(inherited)",
					"@executable_path/Frameworks",
				);
				PRODUCT_BUNDLE_IDENTIFIER = cum.expressyourmess.psymail;
				PRODUCT_NAME = psymail;
				SDKROOT = iphoneos;
				SWIFT_VERSION = 5.0;
				TARGETED_DEVICE_FAMILY = "1,2";
			};
			name = Debug;
		};
		3B9B9FA92634B16A00E3A8B2 /* Release */ = {
			isa = XCBuildConfiguration;
			baseConfigurationReference = 9F87DF261F0BC06CC67C83A7 /* Pods-psymail (iOS).release.xcconfig */;
			buildSettings = {
				ASSETCATALOG_COMPILER_APPICON_NAME = AppIcon;
				ASSETCATALOG_COMPILER_GLOBAL_ACCENT_COLOR_NAME = AccentColor;
				CODE_SIGN_STYLE = Automatic;
				DEVELOPMENT_TEAM = 8444VB8288;
				ENABLE_PREVIEWS = YES;
				INFOPLIST_FILE = iOS/Info.plist;
				IPHONEOS_DEPLOYMENT_TARGET = 14.0;
				LD_RUNPATH_SEARCH_PATHS = (
					"$(inherited)",
					"@executable_path/Frameworks",
				);
				PRODUCT_BUNDLE_IDENTIFIER = cum.expressyourmess.psymail;
				PRODUCT_NAME = psymail;
				SDKROOT = iphoneos;
				SWIFT_VERSION = 5.0;
				TARGETED_DEVICE_FAMILY = "1,2";
				VALIDATE_PRODUCT = YES;
			};
			name = Release;
		};
		3B9B9FAB2634B16A00E3A8B2 /* Debug */ = {
			isa = XCBuildConfiguration;
			baseConfigurationReference = 7007A9069DB99A4BC20380FC /* Pods-psymail (macOS).debug.xcconfig */;
			buildSettings = {
				ASSETCATALOG_COMPILER_APPICON_NAME = AppIcon;
				ASSETCATALOG_COMPILER_GLOBAL_ACCENT_COLOR_NAME = AccentColor;
				CODE_SIGN_ENTITLEMENTS = macOS/macOS.entitlements;
				CODE_SIGN_STYLE = Automatic;
				COMBINE_HIDPI_IMAGES = YES;
				ENABLE_PREVIEWS = YES;
				INFOPLIST_FILE = macOS/Info.plist;
				LD_RUNPATH_SEARCH_PATHS = (
					"$(inherited)",
					"@executable_path/../Frameworks",
				);
				MACOSX_DEPLOYMENT_TARGET = 11.0;
				PRODUCT_BUNDLE_IDENTIFIER = "cum.eym.mushroom-mail";
				PRODUCT_NAME = psymail;
				SDKROOT = macosx;
				SWIFT_VERSION = 5.0;
			};
			name = Debug;
		};
		3B9B9FAC2634B16A00E3A8B2 /* Release */ = {
			isa = XCBuildConfiguration;
			baseConfigurationReference = 3E35B10F6A88FE4A90A5E820 /* Pods-psymail (macOS).release.xcconfig */;
			buildSettings = {
				ASSETCATALOG_COMPILER_APPICON_NAME = AppIcon;
				ASSETCATALOG_COMPILER_GLOBAL_ACCENT_COLOR_NAME = AccentColor;
				CODE_SIGN_ENTITLEMENTS = macOS/macOS.entitlements;
				CODE_SIGN_STYLE = Automatic;
				COMBINE_HIDPI_IMAGES = YES;
				ENABLE_PREVIEWS = YES;
				INFOPLIST_FILE = macOS/Info.plist;
				LD_RUNPATH_SEARCH_PATHS = (
					"$(inherited)",
					"@executable_path/../Frameworks",
				);
				MACOSX_DEPLOYMENT_TARGET = 11.0;
				PRODUCT_BUNDLE_IDENTIFIER = "cum.eym.mushroom-mail";
				PRODUCT_NAME = psymail;
				SDKROOT = macosx;
				SWIFT_VERSION = 5.0;
			};
			name = Release;
		};
		3B9B9FAE2634B16A00E3A8B2 /* Debug */ = {
			isa = XCBuildConfiguration;
			buildSettings = {
				ALWAYS_EMBED_SWIFT_STANDARD_LIBRARIES = YES;
				CODE_SIGN_STYLE = Automatic;
				INFOPLIST_FILE = "Tests iOS/Info.plist";
				IPHONEOS_DEPLOYMENT_TARGET = 14.4;
				LD_RUNPATH_SEARCH_PATHS = (
					"$(inherited)",
					"@executable_path/Frameworks",
					"@loader_path/Frameworks",
				);
				PRODUCT_BUNDLE_IDENTIFIER = "cum.eym.Tests-iOS";
				PRODUCT_NAME = "$(TARGET_NAME)";
				SDKROOT = iphoneos;
				SWIFT_VERSION = 5.0;
				TARGETED_DEVICE_FAMILY = "1,2";
				TEST_TARGET_NAME = "mushroom-mail (iOS)";
			};
			name = Debug;
		};
		3B9B9FAF2634B16A00E3A8B2 /* Release */ = {
			isa = XCBuildConfiguration;
			buildSettings = {
				ALWAYS_EMBED_SWIFT_STANDARD_LIBRARIES = YES;
				CODE_SIGN_STYLE = Automatic;
				INFOPLIST_FILE = "Tests iOS/Info.plist";
				IPHONEOS_DEPLOYMENT_TARGET = 14.4;
				LD_RUNPATH_SEARCH_PATHS = (
					"$(inherited)",
					"@executable_path/Frameworks",
					"@loader_path/Frameworks",
				);
				PRODUCT_BUNDLE_IDENTIFIER = "cum.eym.Tests-iOS";
				PRODUCT_NAME = "$(TARGET_NAME)";
				SDKROOT = iphoneos;
				SWIFT_VERSION = 5.0;
				TARGETED_DEVICE_FAMILY = "1,2";
				TEST_TARGET_NAME = "mushroom-mail (iOS)";
				VALIDATE_PRODUCT = YES;
			};
			name = Release;
		};
		3B9B9FB12634B16A00E3A8B2 /* Debug */ = {
			isa = XCBuildConfiguration;
			buildSettings = {
				ALWAYS_EMBED_SWIFT_STANDARD_LIBRARIES = YES;
				CODE_SIGN_STYLE = Automatic;
				COMBINE_HIDPI_IMAGES = YES;
				INFOPLIST_FILE = "Tests macOS/Info.plist";
				LD_RUNPATH_SEARCH_PATHS = (
					"$(inherited)",
					"@executable_path/../Frameworks",
					"@loader_path/../Frameworks",
				);
				MACOSX_DEPLOYMENT_TARGET = 11.1;
				PRODUCT_BUNDLE_IDENTIFIER = "cum.eym.Tests-macOS";
				PRODUCT_NAME = "$(TARGET_NAME)";
				SDKROOT = macosx;
				SWIFT_VERSION = 5.0;
				TEST_TARGET_NAME = "mushroom-mail (macOS)";
			};
			name = Debug;
		};
		3B9B9FB22634B16A00E3A8B2 /* Release */ = {
			isa = XCBuildConfiguration;
			buildSettings = {
				ALWAYS_EMBED_SWIFT_STANDARD_LIBRARIES = YES;
				CODE_SIGN_STYLE = Automatic;
				COMBINE_HIDPI_IMAGES = YES;
				INFOPLIST_FILE = "Tests macOS/Info.plist";
				LD_RUNPATH_SEARCH_PATHS = (
					"$(inherited)",
					"@executable_path/../Frameworks",
					"@loader_path/../Frameworks",
				);
				MACOSX_DEPLOYMENT_TARGET = 11.1;
				PRODUCT_BUNDLE_IDENTIFIER = "cum.eym.Tests-macOS";
				PRODUCT_NAME = "$(TARGET_NAME)";
				SDKROOT = macosx;
				SWIFT_VERSION = 5.0;
				TEST_TARGET_NAME = "mushroom-mail (macOS)";
			};
			name = Release;
		};
/* End XCBuildConfiguration section */

/* Begin XCConfigurationList section */
		3B9B9F6D2634B16900E3A8B2 /* Build configuration list for PBXProject "psymail" */ = {
			isa = XCConfigurationList;
			buildConfigurations = (
				3B9B9FA52634B16A00E3A8B2 /* Debug */,
				3B9B9FA62634B16A00E3A8B2 /* Release */,
			);
			defaultConfigurationIsVisible = 0;
			defaultConfigurationName = Release;
		};
		3B9B9FA72634B16A00E3A8B2 /* Build configuration list for PBXNativeTarget "psymail (iOS)" */ = {
			isa = XCConfigurationList;
			buildConfigurations = (
				3B9B9FA82634B16A00E3A8B2 /* Debug */,
				3B9B9FA92634B16A00E3A8B2 /* Release */,
			);
			defaultConfigurationIsVisible = 0;
			defaultConfigurationName = Release;
		};
		3B9B9FAA2634B16A00E3A8B2 /* Build configuration list for PBXNativeTarget "psymail (macOS)" */ = {
			isa = XCConfigurationList;
			buildConfigurations = (
				3B9B9FAB2634B16A00E3A8B2 /* Debug */,
				3B9B9FAC2634B16A00E3A8B2 /* Release */,
			);
			defaultConfigurationIsVisible = 0;
			defaultConfigurationName = Release;
		};
		3B9B9FAD2634B16A00E3A8B2 /* Build configuration list for PBXNativeTarget "Tests iOS" */ = {
			isa = XCConfigurationList;
			buildConfigurations = (
				3B9B9FAE2634B16A00E3A8B2 /* Debug */,
				3B9B9FAF2634B16A00E3A8B2 /* Release */,
			);
			defaultConfigurationIsVisible = 0;
			defaultConfigurationName = Release;
		};
		3B9B9FB02634B16A00E3A8B2 /* Build configuration list for PBXNativeTarget "Tests macOS" */ = {
			isa = XCConfigurationList;
			buildConfigurations = (
				3B9B9FB12634B16A00E3A8B2 /* Debug */,
				3B9B9FB22634B16A00E3A8B2 /* Release */,
			);
			defaultConfigurationIsVisible = 0;
			defaultConfigurationName = Release;
		};
/* End XCConfigurationList section */

/* Begin XCRemoteSwiftPackageReference section */
		3B5FBCFA26587F58009D012C /* XCRemoteSwiftPackageReference "SwiftUI-Introspect" */ = {
			isa = XCRemoteSwiftPackageReference;
			repositoryURL = "https://github.com/siteline/SwiftUI-Introspect.git";
			requirement = {
				kind = upToNextMajorVersion;
				minimumVersion = 0.1.3;
			};
		};
		3B6666922651F6C50039D9F3 /* XCRemoteSwiftPackageReference "ASCollectionView" */ = {
			isa = XCRemoteSwiftPackageReference;
			repositoryURL = "https://github.com/apptekstudios/ASCollectionView";
			requirement = {
				kind = upToNextMajorVersion;
				minimumVersion = 2.0.0;
			};
		};
		3BA7DC53265C6EF5009623EF /* XCRemoteSwiftPackageReference "DynamicOverlay" */ = {
			isa = XCRemoteSwiftPackageReference;
			repositoryURL = "https://github.com/samerce/DynamicOverlay.git";
			requirement = {
				branch = main;
				kind = branch;
			};
		};
		3BA7DC65265CB70E009623EF /* XCRemoteSwiftPackageReference "mailcore2" */ = {
			isa = XCRemoteSwiftPackageReference;
			repositoryURL = "https://github.com/MailCore/mailcore2";
			requirement = {
				kind = revision;
				revision = 1434761709b4d9dd5acc5b7185a3b32aa4845ba8;
			};
		};
/* End XCRemoteSwiftPackageReference section */

/* Begin XCSwiftPackageProductDependency section */
		3B5FBCFB26587F59009D012C /* Introspect */ = {
			isa = XCSwiftPackageProductDependency;
			package = 3B5FBCFA26587F58009D012C /* XCRemoteSwiftPackageReference "SwiftUI-Introspect" */;
			productName = Introspect;
		};
		3B6666932651F6C50039D9F3 /* ASCollectionView */ = {
			isa = XCSwiftPackageProductDependency;
			package = 3B6666922651F6C50039D9F3 /* XCRemoteSwiftPackageReference "ASCollectionView" */;
			productName = ASCollectionView;
		};
		3BA7DC54265C6EF5009623EF /* DynamicOverlay */ = {
			isa = XCSwiftPackageProductDependency;
			package = 3BA7DC53265C6EF5009623EF /* XCRemoteSwiftPackageReference "DynamicOverlay" */;
			productName = DynamicOverlay;
		};
		3BA7DC66265CB70E009623EF /* MailCore2 */ = {
			isa = XCSwiftPackageProductDependency;
			package = 3BA7DC65265CB70E009623EF /* XCRemoteSwiftPackageReference "mailcore2" */;
			productName = MailCore2;
		};
/* End XCSwiftPackageProductDependency section */

/* Begin XCVersionGroup section */
		3B6666ED2652383D0039D9F3 /* psymail.xcdatamodeld */ = {
			isa = XCVersionGroup;
			children = (
				3B6666EE2652383D0039D9F3 /* Shared.xcdatamodel */,
			);
			currentVersion = 3B6666EE2652383D0039D9F3 /* Shared.xcdatamodel */;
			path = psymail.xcdatamodeld;
			sourceTree = "<group>";
			versionGroupType = wrapper.xcdatamodel;
		};
/* End XCVersionGroup section */
	};
	rootObject = 3B9B9F6A2634B16900E3A8B2 /* Project object */;
}
