// !$*UTF8*$!
{
	archiveVersion = 1;
	classes = {
	};
	objectVersion = 56;
	objects = {

/* Begin PBXBuildFile section */
		3B04D75C29A5D9BF00D4186E /* EmailBundle+CoreDataProperties.swift in Sources */ = {isa = PBXBuildFile; fileRef = 3B04D75B29A5D9BF00D4186E /* EmailBundle+CoreDataProperties.swift */; };
		3B04D75D29A5D9BF00D4186E /* EmailBundle+CoreDataProperties.swift in Sources */ = {isa = PBXBuildFile; fileRef = 3B04D75B29A5D9BF00D4186E /* EmailBundle+CoreDataProperties.swift */; };
		3B0AB62C29B06A7100E224E5 /* Account+Gmail.swift in Sources */ = {isa = PBXBuildFile; fileRef = 3B0AB62B29B06A7100E224E5 /* Account+Gmail.swift */; };
		3B0AB62D29B06A7100E224E5 /* Account+Gmail.swift in Sources */ = {isa = PBXBuildFile; fileRef = 3B0AB62B29B06A7100E224E5 /* Account+Gmail.swift */; };
		3B0AB62F29B2A3C200E224E5 /* EmailDateFormatter.swift in Sources */ = {isa = PBXBuildFile; fileRef = 3B0AB62E29B2A3C200E224E5 /* EmailDateFormatter.swift */; };
		3B0AB63029B2A3C200E224E5 /* EmailDateFormatter.swift in Sources */ = {isa = PBXBuildFile; fileRef = 3B0AB62E29B2A3C200E224E5 /* EmailDateFormatter.swift */; };
		3B0AB64229B5333800E224E5 /* EmailAddress+MailCore.swift in Sources */ = {isa = PBXBuildFile; fileRef = 3B0AB64129B5333800E224E5 /* EmailAddress+MailCore.swift */; };
		3B0AB64329B5333800E224E5 /* EmailAddress+MailCore.swift in Sources */ = {isa = PBXBuildFile; fileRef = 3B0AB64129B5333800E224E5 /* EmailAddress+MailCore.swift */; };
		3B0AB64529B8041000E224E5 /* InboxNavController.swift in Sources */ = {isa = PBXBuildFile; fileRef = 3B0AB64429B8041000E224E5 /* InboxNavController.swift */; };
		3B0AB64629B8041000E224E5 /* InboxNavController.swift in Sources */ = {isa = PBXBuildFile; fileRef = 3B0AB64429B8041000E224E5 /* InboxNavController.swift */; };
		3B0AB65129C133EC00E224E5 /* View+scrollProxy.swift in Sources */ = {isa = PBXBuildFile; fileRef = 3B0AB65029C133EC00E224E5 /* View+scrollProxy.swift */; };
		3B0AB65229C133EC00E224E5 /* View+scrollProxy.swift in Sources */ = {isa = PBXBuildFile; fileRef = 3B0AB65029C133EC00E224E5 /* View+scrollProxy.swift */; };
		3B14A6B5299FE4D4005BAA30 /* SwiftUIKit in Frameworks */ = {isa = PBXBuildFile; productRef = 3B14A6B4299FE4D4005BAA30 /* SwiftUIKit */; };
		3B14A6BA299FF200005BAA30 /* View+AppSheet.swift in Sources */ = {isa = PBXBuildFile; fileRef = 3B14A6B9299FF200005BAA30 /* View+AppSheet.swift */; };
		3B14A6BB299FF200005BAA30 /* View+AppSheet.swift in Sources */ = {isa = PBXBuildFile; fileRef = 3B14A6B9299FF200005BAA30 /* View+AppSheet.swift */; };
		3B14A6C629A19E12005BAA30 /* AppSheetView.swift in Sources */ = {isa = PBXBuildFile; fileRef = 3B14A6C529A19E12005BAA30 /* AppSheetView.swift */; };
		3B14A6C729A19E12005BAA30 /* AppSheetView.swift in Sources */ = {isa = PBXBuildFile; fileRef = 3B14A6C529A19E12005BAA30 /* AppSheetView.swift */; };
		3B2F072C264F72EA006CAECE /* AppSplitView.swift in Sources */ = {isa = PBXBuildFile; fileRef = 3B2F072B264F72EA006CAECE /* AppSplitView.swift */; };
		3B2F072D264F72EA006CAECE /* AppSplitView.swift in Sources */ = {isa = PBXBuildFile; fileRef = 3B2F072B264F72EA006CAECE /* AppSplitView.swift */; };
		3B30B77429AE6B69003EE245 /* View+geo.swift in Sources */ = {isa = PBXBuildFile; fileRef = 3B30B77329AE6B69003EE245 /* View+geo.swift */; };
		3B30B77529AE6B69003EE245 /* View+geo.swift in Sources */ = {isa = PBXBuildFile; fileRef = 3B30B77329AE6B69003EE245 /* View+geo.swift */; };
		3B36447E2652629700956E27 /* EmailThreadView.swift in Sources */ = {isa = PBXBuildFile; fileRef = 3B36447D2652629700956E27 /* EmailThreadView.swift */; };
		3B4006AE29C78C06003A7354 /* AppSheet.swift in Sources */ = {isa = PBXBuildFile; fileRef = 3B4006AD29C78C06003A7354 /* AppSheet.swift */; };
		3B4006AF29C78C06003A7354 /* AppSheet.swift in Sources */ = {isa = PBXBuildFile; fileRef = 3B4006AD29C78C06003A7354 /* AppSheet.swift */; };
		3B4185F629A5A7BD00A2966A /* EmailBundle+CoreDataClass.swift in Sources */ = {isa = PBXBuildFile; fileRef = 3B4185F429A5A7BD00A2966A /* EmailBundle+CoreDataClass.swift */; };
		3B4185F729A5A7BD00A2966A /* EmailBundle+CoreDataClass.swift in Sources */ = {isa = PBXBuildFile; fileRef = 3B4185F429A5A7BD00A2966A /* EmailBundle+CoreDataClass.swift */; };
		3B46446729C8F0F9003E64EA /* Collections in Frameworks */ = {isa = PBXBuildFile; productRef = 3B46446629C8F0F9003E64EA /* Collections */; };
		3B46446929C8F0F9003E64EA /* DequeModule in Frameworks */ = {isa = PBXBuildFile; productRef = 3B46446829C8F0F9003E64EA /* DequeModule */; };
		3B46446B29C8F0F9003E64EA /* OrderedCollections in Frameworks */ = {isa = PBXBuildFile; productRef = 3B46446A29C8F0F9003E64EA /* OrderedCollections */; };
		3B46446D29C8F45D003E64EA /* Array+psy.swift in Sources */ = {isa = PBXBuildFile; fileRef = 3B46446C29C8F45D003E64EA /* Array+psy.swift */; };
		3B46446E29C8F45D003E64EA /* Array+psy.swift in Sources */ = {isa = PBXBuildFile; fileRef = 3B46446C29C8F45D003E64EA /* Array+psy.swift */; };
		3B5103AA29256D030084B6B2 /* UIApplication+window.swift in Sources */ = {isa = PBXBuildFile; fileRef = 3B5103A929256D030084B6B2 /* UIApplication+window.swift */; };
		3B5103AB29256D030084B6B2 /* UIApplication+window.swift in Sources */ = {isa = PBXBuildFile; fileRef = 3B5103A929256D030084B6B2 /* UIApplication+window.swift */; };
		3B5ABAF726545D3200601F26 /* QuotedPrintable.swift in Sources */ = {isa = PBXBuildFile; fileRef = 3B5ABAF626545D2900601F26 /* QuotedPrintable.swift */; };
		3B5ABAF826545D3200601F26 /* QuotedPrintable.swift in Sources */ = {isa = PBXBuildFile; fileRef = 3B5ABAF626545D2900601F26 /* QuotedPrintable.swift */; };
		3B5ABAFE265461C100601F26 /* WebView.swift in Sources */ = {isa = PBXBuildFile; fileRef = 3B5ABAFD265461C100601F26 /* WebView.swift */; };
		3B5ABAFF265461C100601F26 /* WebView.swift in Sources */ = {isa = PBXBuildFile; fileRef = 3B5ABAFD265461C100601F26 /* WebView.swift */; };
		3B5FBC332655EF85009D012C /* EmailClassifierAgnes.mlmodel in Sources */ = {isa = PBXBuildFile; fileRef = 3B5FBC322655EF85009D012C /* EmailClassifierAgnes.mlmodel */; };
		3B5FBC342655EF85009D012C /* EmailClassifierAgnes.mlmodel in Sources */ = {isa = PBXBuildFile; fileRef = 3B5FBC322655EF85009D012C /* EmailClassifierAgnes.mlmodel */; };
		3B5FBCBE26571687009D012C /* PsycatsJuice.mlmodel in Sources */ = {isa = PBXBuildFile; fileRef = 3B5FBCBD26571687009D012C /* PsycatsJuice.mlmodel */; };
		3B5FBCBF26571687009D012C /* PsycatsJuice.mlmodel in Sources */ = {isa = PBXBuildFile; fileRef = 3B5FBCBD26571687009D012C /* PsycatsJuice.mlmodel */; };
		3B5FBCFC26587F59009D012C /* Introspect in Frameworks */ = {isa = PBXBuildFile; productRef = 3B5FBCFB26587F59009D012C /* Introspect */; };
		3B64538E29AFBB1600A877A4 /* EmailBundleController.swift in Sources */ = {isa = PBXBuildFile; fileRef = 3B64538D29AFBB1600A877A4 /* EmailBundleController.swift */; };
		3B64538F29AFBB1600A877A4 /* EmailBundleController.swift in Sources */ = {isa = PBXBuildFile; fileRef = 3B64538D29AFBB1600A877A4 /* EmailBundleController.swift */; };
		3B64539129AFC44E00A877A4 /* AppSheetController.swift in Sources */ = {isa = PBXBuildFile; fileRef = 3B64539029AFC44E00A877A4 /* AppSheetController.swift */; };
		3B64539229AFC44E00A877A4 /* AppSheetController.swift in Sources */ = {isa = PBXBuildFile; fileRef = 3B64539029AFC44E00A877A4 /* AppSheetController.swift */; };
		3B64539429AFC7C000A877A4 /* AppAlertController.swift in Sources */ = {isa = PBXBuildFile; fileRef = 3B64539329AFC7C000A877A4 /* AppAlertController.swift */; };
		3B64539529AFC7C000A877A4 /* AppAlertController.swift in Sources */ = {isa = PBXBuildFile; fileRef = 3B64539329AFC7C000A877A4 /* AppAlertController.swift */; };
		3B6666832651EA040039D9F3 /* AppCompactView.swift in Sources */ = {isa = PBXBuildFile; fileRef = 3B2F0726264E1035006CAECE /* AppCompactView.swift */; };
		3B6666852651EAAA0039D9F3 /* InboxSheetView.swift in Sources */ = {isa = PBXBuildFile; fileRef = 3B6666842651EAA90039D9F3 /* InboxSheetView.swift */; };
		3B6666872651EACD0039D9F3 /* OverlayBackgroundView.swift in Sources */ = {isa = PBXBuildFile; fileRef = 3B6666862651EACD0039D9F3 /* OverlayBackgroundView.swift */; };
		3B6666892651EAE70039D9F3 /* SearchBar.swift in Sources */ = {isa = PBXBuildFile; fileRef = 3B6666882651EAE70039D9F3 /* SearchBar.swift */; };
		3B66668B2651EAED0039D9F3 /* ActionCell.swift in Sources */ = {isa = PBXBuildFile; fileRef = 3B66668A2651EAED0039D9F3 /* ActionCell.swift */; };
		3B66668D2651EB000039D9F3 /* FavoriteCell.swift in Sources */ = {isa = PBXBuildFile; fileRef = 3B66668C2651EB000039D9F3 /* FavoriteCell.swift */; };
		3B66668F2651F3B00039D9F3 /* BundleTabBarView.swift in Sources */ = {isa = PBXBuildFile; fileRef = 3B66668E2651F3B00039D9F3 /* BundleTabBarView.swift */; };
		3B6666912651F3DD0039D9F3 /* TabBarItem.swift in Sources */ = {isa = PBXBuildFile; fileRef = 3B6666902651F3DD0039D9F3 /* TabBarItem.swift */; };
		3B66669626521A810039D9F3 /* VisualEffectBlur.swift in Sources */ = {isa = PBXBuildFile; fileRef = 3B66669526521A810039D9F3 /* VisualEffectBlur.swift */; };
		3B6666F02652383D0039D9F3 /* psymail.xcdatamodeld in Sources */ = {isa = PBXBuildFile; fileRef = 3B6666ED2652383D0039D9F3 /* psymail.xcdatamodeld */; };
		3B6B4F1829A6D007003F3AFA /* FirstStartView.swift in Sources */ = {isa = PBXBuildFile; fileRef = 3B6B4F1729A6D007003F3AFA /* FirstStartView.swift */; };
		3B6B4F1929A6D007003F3AFA /* FirstStartView.swift in Sources */ = {isa = PBXBuildFile; fileRef = 3B6B4F1729A6D007003F3AFA /* FirstStartView.swift */; };
		3B6E613929AAB631009CAEBF /* CreateBundleView.swift in Sources */ = {isa = PBXBuildFile; fileRef = 3B6E613829AAB631009CAEBF /* CreateBundleView.swift */; };
		3B6E613A29AAB631009CAEBF /* CreateBundleView.swift in Sources */ = {isa = PBXBuildFile; fileRef = 3B6E613829AAB631009CAEBF /* CreateBundleView.swift */; };
		3B6E613D29AAC99F009CAEBF /* SymbolPicker in Frameworks */ = {isa = PBXBuildFile; productRef = 3B6E613C29AAC99F009CAEBF /* SymbolPicker */; };
		3B6E613F29AC35D2009CAEBF /* BundleSettingsView.swift in Sources */ = {isa = PBXBuildFile; fileRef = 3B6E613E29AC35D2009CAEBF /* BundleSettingsView.swift */; };
		3B6E614029AC35D2009CAEBF /* BundleSettingsView.swift in Sources */ = {isa = PBXBuildFile; fileRef = 3B6E613E29AC35D2009CAEBF /* BundleSettingsView.swift */; };
		3B7917B92660A0F400E764C1 /* EmailAddress.swift in Sources */ = {isa = PBXBuildFile; fileRef = 3B7917B12660A0F400E764C1 /* EmailAddress.swift */; };
		3B7917BA2660A0F400E764C1 /* EmailAddress.swift in Sources */ = {isa = PBXBuildFile; fileRef = 3B7917B12660A0F400E764C1 /* EmailAddress.swift */; };
		3B7917BD2660A0F400E764C1 /* EmailPart+CoreDataClass.swift in Sources */ = {isa = PBXBuildFile; fileRef = 3B7917B32660A0F400E764C1 /* EmailPart+CoreDataClass.swift */; };
		3B7917BE2660A0F400E764C1 /* EmailPart+CoreDataClass.swift in Sources */ = {isa = PBXBuildFile; fileRef = 3B7917B32660A0F400E764C1 /* EmailPart+CoreDataClass.swift */; };
		3B7917C12660A0F400E764C1 /* Email+CoreDataClass.swift in Sources */ = {isa = PBXBuildFile; fileRef = 3B7917B52660A0F400E764C1 /* Email+CoreDataClass.swift */; };
		3B7917C22660A0F400E764C1 /* Email+CoreDataClass.swift in Sources */ = {isa = PBXBuildFile; fileRef = 3B7917B52660A0F400E764C1 /* Email+CoreDataClass.swift */; };
		3B80B97429C4DB17002E34BE /* Encodable+dictionary.swift in Sources */ = {isa = PBXBuildFile; fileRef = 3B80B97329C4DB17002E34BE /* Encodable+dictionary.swift */; };
		3B80B97529C4DB17002E34BE /* Encodable+dictionary.swift in Sources */ = {isa = PBXBuildFile; fileRef = 3B80B97329C4DB17002E34BE /* Encodable+dictionary.swift */; };
		3B94B91229247D2B00C85B8C /* GoogleSignIn in Frameworks */ = {isa = PBXBuildFile; productRef = 3B94B91129247D2B00C85B8C /* GoogleSignIn */; };
		3B94B91429247D2B00C85B8C /* GoogleSignInSwift in Frameworks */ = {isa = PBXBuildFile; productRef = 3B94B91329247D2B00C85B8C /* GoogleSignInSwift */; };
		3B9912AF29A296AB00B3BA36 /* PsyError.swift in Sources */ = {isa = PBXBuildFile; fileRef = 3B9912AE29A296AB00B3BA36 /* PsyError.swift */; };
		3B9912B029A296AB00B3BA36 /* PsyError.swift in Sources */ = {isa = PBXBuildFile; fileRef = 3B9912AE29A296AB00B3BA36 /* PsyError.swift */; };
		3B9912B529A566B000B3BA36 /* Timer+after.swift in Sources */ = {isa = PBXBuildFile; fileRef = 3B9912B429A566B000B3BA36 /* Timer+after.swift */; };
		3B9912B629A566B000B3BA36 /* Timer+after.swift in Sources */ = {isa = PBXBuildFile; fileRef = 3B9912B429A566B000B3BA36 /* Timer+after.swift */; };
		3B9912B829A587D900B3BA36 /* AppAlertView.swift in Sources */ = {isa = PBXBuildFile; fileRef = 3B9912B729A587D900B3BA36 /* AppAlertView.swift */; };
		3B9912B929A587D900B3BA36 /* AppAlertView.swift in Sources */ = {isa = PBXBuildFile; fileRef = 3B9912B729A587D900B3BA36 /* AppAlertView.swift */; };
		3B9912BB29A5892700B3BA36 /* Gmail.swift in Sources */ = {isa = PBXBuildFile; fileRef = 3B9912BA29A5892700B3BA36 /* Gmail.swift */; };
		3B9912BC29A5892700B3BA36 /* Gmail.swift in Sources */ = {isa = PBXBuildFile; fileRef = 3B9912BA29A5892700B3BA36 /* Gmail.swift */; };
		3B9B9F8E2634B16A00E3A8B2 /* Tests_iOS.swift in Sources */ = {isa = PBXBuildFile; fileRef = 3B9B9F8D2634B16A00E3A8B2 /* Tests_iOS.swift */; };
		3B9B9F992634B16A00E3A8B2 /* Tests_macOS.swift in Sources */ = {isa = PBXBuildFile; fileRef = 3B9B9F982634B16A00E3A8B2 /* Tests_macOS.swift */; };
		3B9B9F9D2634B16A00E3A8B2 /* PsymailApp.swift in Sources */ = {isa = PBXBuildFile; fileRef = 3B9B9F712634B16900E3A8B2 /* PsymailApp.swift */; };
		3B9B9F9E2634B16A00E3A8B2 /* PsymailApp.swift in Sources */ = {isa = PBXBuildFile; fileRef = 3B9B9F712634B16900E3A8B2 /* PsymailApp.swift */; };
		3B9B9F9F2634B16A00E3A8B2 /* ContentView.swift in Sources */ = {isa = PBXBuildFile; fileRef = 3B9B9F722634B16900E3A8B2 /* ContentView.swift */; };
		3B9B9FA02634B16A00E3A8B2 /* ContentView.swift in Sources */ = {isa = PBXBuildFile; fileRef = 3B9B9F722634B16900E3A8B2 /* ContentView.swift */; };
		3B9B9FA12634B16A00E3A8B2 /* Persistence.swift in Sources */ = {isa = PBXBuildFile; fileRef = 3B9B9F732634B16900E3A8B2 /* Persistence.swift */; };
		3B9B9FA22634B16A00E3A8B2 /* Persistence.swift in Sources */ = {isa = PBXBuildFile; fileRef = 3B9B9F732634B16900E3A8B2 /* Persistence.swift */; };
		3B9B9FA32634B16A00E3A8B2 /* Assets.xcassets in Resources */ = {isa = PBXBuildFile; fileRef = 3B9B9F742634B16A00E3A8B2 /* Assets.xcassets */; };
		3B9B9FA42634B16A00E3A8B2 /* Assets.xcassets in Resources */ = {isa = PBXBuildFile; fileRef = 3B9B9F742634B16A00E3A8B2 /* Assets.xcassets */; };
		3B9B9FD02634E26A00E3A8B2 /* NewsletterClassifier.mlmodel in Sources */ = {isa = PBXBuildFile; fileRef = 3B9B9FCD2634E26A00E3A8B2 /* NewsletterClassifier.mlmodel */; };
		3B9B9FD12634E26A00E3A8B2 /* NewsletterClassifier.mlmodel in Sources */ = {isa = PBXBuildFile; fileRef = 3B9B9FCD2634E26A00E3A8B2 /* NewsletterClassifier.mlmodel */; };
		3B9B9FD22634E26A00E3A8B2 /* MarketingRecognizer.mlmodel in Sources */ = {isa = PBXBuildFile; fileRef = 3B9B9FCE2634E26A00E3A8B2 /* MarketingRecognizer.mlmodel */; };
		3B9B9FD32634E26A00E3A8B2 /* MarketingRecognizer.mlmodel in Sources */ = {isa = PBXBuildFile; fileRef = 3B9B9FCE2634E26A00E3A8B2 /* MarketingRecognizer.mlmodel */; };
		3B9B9FD42634E26A00E3A8B2 /* PoliticsRecognizer.mlmodel in Sources */ = {isa = PBXBuildFile; fileRef = 3B9B9FCF2634E26A00E3A8B2 /* PoliticsRecognizer.mlmodel */; };
		3B9B9FD52634E26A00E3A8B2 /* PoliticsRecognizer.mlmodel in Sources */ = {isa = PBXBuildFile; fileRef = 3B9B9FCF2634E26A00E3A8B2 /* PoliticsRecognizer.mlmodel */; };
		3BAD28F529CB741B00ECA64F /* PageView.swift in Sources */ = {isa = PBXBuildFile; fileRef = 3BAD28F429CB741B00ECA64F /* PageView.swift */; };
		3BAD28F629CB741B00ECA64F /* PageView.swift in Sources */ = {isa = PBXBuildFile; fileRef = 3BAD28F429CB741B00ECA64F /* PageView.swift */; };
		3BAD28FB29CDF0C300ECA64F /* AppStorageKeys.swift in Sources */ = {isa = PBXBuildFile; fileRef = 3BAD28FA29CDF0C300ECA64F /* AppStorageKeys.swift */; };
		3BAD28FC29CDF0C300ECA64F /* AppStorageKeys.swift in Sources */ = {isa = PBXBuildFile; fileRef = 3BAD28FA29CDF0C300ECA64F /* AppStorageKeys.swift */; };
		3BAD28FE29CDF1E300ECA64F /* EmailBundleLayout.swift in Sources */ = {isa = PBXBuildFile; fileRef = 3BAD28FD29CDF1E300ECA64F /* EmailBundleLayout.swift */; };
		3BAD28FF29CDF1E300ECA64F /* EmailBundleLayout.swift in Sources */ = {isa = PBXBuildFile; fileRef = 3BAD28FD29CDF1E300ECA64F /* EmailBundleLayout.swift */; };
		3BC0F20329CF80C100D9389F /* ThreadPage.swift in Sources */ = {isa = PBXBuildFile; fileRef = 3BC0F20229CF80C100D9389F /* ThreadPage.swift */; };
		3BC0F20429CF80C100D9389F /* ThreadPage.swift in Sources */ = {isa = PBXBuildFile; fileRef = 3BC0F20229CF80C100D9389F /* ThreadPage.swift */; };
		3BC0F20629CF818900D9389F /* MessageView.swift in Sources */ = {isa = PBXBuildFile; fileRef = 3BC0F20529CF818900D9389F /* MessageView.swift */; };
		3BC0F20729CF818900D9389F /* MessageView.swift in Sources */ = {isa = PBXBuildFile; fileRef = 3BC0F20529CF818900D9389F /* MessageView.swift */; };
		3BC0F20929D1F2B900D9389F /* TaskController.swift in Sources */ = {isa = PBXBuildFile; fileRef = 3BC0F20829D1F2B900D9389F /* TaskController.swift */; };
		3BC0F20A29D1F2B900D9389F /* TaskController.swift in Sources */ = {isa = PBXBuildFile; fileRef = 3BC0F20829D1F2B900D9389F /* TaskController.swift */; };
		3BC0F21029D3537E00D9389F /* EmailThread+Gmail.swift in Sources */ = {isa = PBXBuildFile; fileRef = 3BC0F20F29D3537E00D9389F /* EmailThread+Gmail.swift */; };
		3BC0F21129D3537E00D9389F /* EmailThread+Gmail.swift in Sources */ = {isa = PBXBuildFile; fileRef = 3BC0F20F29D3537E00D9389F /* EmailThread+Gmail.swift */; };
		3BC0F21629D6015F00D9389F /* MailController+MoveThread.swift in Sources */ = {isa = PBXBuildFile; fileRef = 3BC0F21529D6015F00D9389F /* MailController+MoveThread.swift */; };
		3BC0F21729D6015F00D9389F /* MailController+MoveThread.swift in Sources */ = {isa = PBXBuildFile; fileRef = 3BC0F21529D6015F00D9389F /* MailController+MoveThread.swift */; };
		3BC0F21929D604F100D9389F /* MailController+TrashThread.swift in Sources */ = {isa = PBXBuildFile; fileRef = 3BC0F21829D604F100D9389F /* MailController+TrashThread.swift */; };
		3BC0F21A29D604F100D9389F /* MailController+TrashThread.swift in Sources */ = {isa = PBXBuildFile; fileRef = 3BC0F21829D604F100D9389F /* MailController+TrashThread.swift */; };
		3BCF6FEC29280261000C6382 /* ForEachWithIndex.swift in Sources */ = {isa = PBXBuildFile; fileRef = 3BCF6FEB29280261000C6382 /* ForEachWithIndex.swift */; };
		3BCF6FED29280261000C6382 /* ForEachWithIndex.swift in Sources */ = {isa = PBXBuildFile; fileRef = 3BCF6FEB29280261000C6382 /* ForEachWithIndex.swift */; };
		3BD150A4265332010058B094 /* rainbow.swift in Sources */ = {isa = PBXBuildFile; fileRef = 3BD150A3265332010058B094 /* rainbow.swift */; };
		3BD150A5265332010058B094 /* rainbow.swift in Sources */ = {isa = PBXBuildFile; fileRef = 3BD150A3265332010058B094 /* rainbow.swift */; };
		3BE50195266B34AE001C2939 /* FilterView.swift in Sources */ = {isa = PBXBuildFile; fileRef = 3BE50194266B34AE001C2939 /* FilterView.swift */; };
		3BE50196266B34AE001C2939 /* FilterView.swift in Sources */ = {isa = PBXBuildFile; fileRef = 3BE50194266B34AE001C2939 /* FilterView.swift */; };
		3BE50198266B4B0A001C2939 /* Color+psy.swift in Sources */ = {isa = PBXBuildFile; fileRef = 3BE50197266B4B0A001C2939 /* Color+psy.swift */; };
		3BE50199266B4B0A001C2939 /* Color+psy.swift in Sources */ = {isa = PBXBuildFile; fileRef = 3BE50197266B4B0A001C2939 /* Color+psy.swift */; };
		3BF1AD612660ACF0002F1062 /* MailController.swift in Sources */ = {isa = PBXBuildFile; fileRef = 3BF1AD602660ACF0002F1062 /* MailController.swift */; };
		3BF1AD622660ACF0002F1062 /* MailController.swift in Sources */ = {isa = PBXBuildFile; fileRef = 3BF1AD602660ACF0002F1062 /* MailController.swift */; };
		3BF1AD6426615F18002F1062 /* AccountController.swift in Sources */ = {isa = PBXBuildFile; fileRef = 3BF1AD6326615F18002F1062 /* AccountController.swift */; };
		3BF1AD6526615F18002F1062 /* AccountController.swift in Sources */ = {isa = PBXBuildFile; fileRef = 3BF1AD6326615F18002F1062 /* AccountController.swift */; };
		3BF1AD6726617746002F1062 /* InboxView.swift in Sources */ = {isa = PBXBuildFile; fileRef = 3BF1AD6626617746002F1062 /* InboxView.swift */; };
		3BF1AD6826617746002F1062 /* InboxView.swift in Sources */ = {isa = PBXBuildFile; fileRef = 3BF1AD6626617746002F1062 /* InboxView.swift */; };
		3BF1AD6D26617E1A002F1062 /* psymail.xcdatamodeld in Sources */ = {isa = PBXBuildFile; fileRef = 3B6666ED2652383D0039D9F3 /* psymail.xcdatamodeld */; };
		3BF1AD7E2661861F002F1062 /* Email+CoreDataProperties.swift in Sources */ = {isa = PBXBuildFile; fileRef = 3BF1AD7A2661861F002F1062 /* Email+CoreDataProperties.swift */; };
		3BF1AD7F2661861F002F1062 /* Email+CoreDataProperties.swift in Sources */ = {isa = PBXBuildFile; fileRef = 3BF1AD7A2661861F002F1062 /* Email+CoreDataProperties.swift */; };
		3BF1AD822661861F002F1062 /* EmailPart+CoreDataProperties.swift in Sources */ = {isa = PBXBuildFile; fileRef = 3BF1AD7C2661861F002F1062 /* EmailPart+CoreDataProperties.swift */; };
		3BF1AD832661861F002F1062 /* EmailPart+CoreDataProperties.swift in Sources */ = {isa = PBXBuildFile; fileRef = 3BF1AD7C2661861F002F1062 /* EmailPart+CoreDataProperties.swift */; };
		3BF1AD8B2663EA2C002F1062 /* Account+CoreDataClass.swift in Sources */ = {isa = PBXBuildFile; fileRef = 3BF1AD892663EA2C002F1062 /* Account+CoreDataClass.swift */; };
		3BF1AD8C2663EA2C002F1062 /* Account+CoreDataClass.swift in Sources */ = {isa = PBXBuildFile; fileRef = 3BF1AD892663EA2C002F1062 /* Account+CoreDataClass.swift */; };
		3BF1AD8D2663EA2C002F1062 /* Account+CoreDataProperties.swift in Sources */ = {isa = PBXBuildFile; fileRef = 3BF1AD8A2663EA2C002F1062 /* Account+CoreDataProperties.swift */; };
		3BF1AD8E2663EA2C002F1062 /* Account+CoreDataProperties.swift in Sources */ = {isa = PBXBuildFile; fileRef = 3BF1AD8A2663EA2C002F1062 /* Account+CoreDataProperties.swift */; };
		3BF1AE1B2665FA89002F1062 /* View+if.swift in Sources */ = {isa = PBXBuildFile; fileRef = 3BF1AE1A2665FA89002F1062 /* View+if.swift */; };
		3BF1AE1C2665FA89002F1062 /* View+if.swift in Sources */ = {isa = PBXBuildFile; fileRef = 3BF1AE1A2665FA89002F1062 /* View+if.swift */; };
		3BF1AE1E2666F5E7002F1062 /* InboxListRow.swift in Sources */ = {isa = PBXBuildFile; fileRef = 3BF1AE1D2666F5E7002F1062 /* InboxListRow.swift */; };
		3BF1AE212666FCE6002F1062 /* EmailThreadSheetView.swift in Sources */ = {isa = PBXBuildFile; fileRef = 3BF1AE202666FCE6002F1062 /* EmailThreadSheetView.swift */; };
		3BF1AE222666FCE6002F1062 /* EmailThreadSheetView.swift in Sources */ = {isa = PBXBuildFile; fileRef = 3BF1AE202666FCE6002F1062 /* EmailThreadSheetView.swift */; };
		3BF1AE242666FF2A002F1062 /* SheetHandle.swift in Sources */ = {isa = PBXBuildFile; fileRef = 3BF1AE232666FF2A002F1062 /* SheetHandle.swift */; };
		3BF1AE252666FF2A002F1062 /* SheetHandle.swift in Sources */ = {isa = PBXBuildFile; fileRef = 3BF1AE232666FF2A002F1062 /* SheetHandle.swift */; };
		3BF1AE2726672A57002F1062 /* EmailDetailToolbarView.swift in Sources */ = {isa = PBXBuildFile; fileRef = 3BF1AE2626672A57002F1062 /* EmailDetailToolbarView.swift */; };
		3BF1AE2826672A57002F1062 /* EmailDetailToolbarView.swift in Sources */ = {isa = PBXBuildFile; fileRef = 3BF1AE2626672A57002F1062 /* EmailDetailToolbarView.swift */; };
		3BF1AE2A26683514002F1062 /* View+screen.swift in Sources */ = {isa = PBXBuildFile; fileRef = 3BF1AE2926683514002F1062 /* View+screen.swift */; };
		3BF1AE2B26683514002F1062 /* View+screen.swift in Sources */ = {isa = PBXBuildFile; fileRef = 3BF1AE2926683514002F1062 /* View+screen.swift */; };
		3BF1AE2D2668812B002F1062 /* Publishers.swift in Sources */ = {isa = PBXBuildFile; fileRef = 3BF1AE2C2668812B002F1062 /* Publishers.swift */; };
		3BF1AE2E2668812B002F1062 /* Publishers.swift in Sources */ = {isa = PBXBuildFile; fileRef = 3BF1AE2C2668812B002F1062 /* Publishers.swift */; };
		3BF1AE3026688150002F1062 /* Notification.swift in Sources */ = {isa = PBXBuildFile; fileRef = 3BF1AE2F26688150002F1062 /* Notification.swift */; };
		3BF1AE3126688150002F1062 /* Notification.swift in Sources */ = {isa = PBXBuildFile; fileRef = 3BF1AE2F26688150002F1062 /* Notification.swift */; };
		3BF1AE3426697A35002F1062 /* EmailThread+CoreDataClass.swift in Sources */ = {isa = PBXBuildFile; fileRef = 3BF1AE3226697A35002F1062 /* EmailThread+CoreDataClass.swift */; };
		3BF1AE3526697A35002F1062 /* EmailThread+CoreDataClass.swift in Sources */ = {isa = PBXBuildFile; fileRef = 3BF1AE3226697A35002F1062 /* EmailThread+CoreDataClass.swift */; };
		3BF1AE3626697A35002F1062 /* EmailThread+CoreDataProperties.swift in Sources */ = {isa = PBXBuildFile; fileRef = 3BF1AE3326697A35002F1062 /* EmailThread+CoreDataProperties.swift */; };
		3BF1AE3726697A35002F1062 /* EmailThread+CoreDataProperties.swift in Sources */ = {isa = PBXBuildFile; fileRef = 3BF1AE3326697A35002F1062 /* EmailThread+CoreDataProperties.swift */; };
		3BF35D0D29A852C200340D49 /* Email+MailCore.swift in Sources */ = {isa = PBXBuildFile; fileRef = 3BF35D0C29A852C200340D49 /* Email+MailCore.swift */; };
		3BF35D0E29A852C200340D49 /* Email+MailCore.swift in Sources */ = {isa = PBXBuildFile; fileRef = 3BF35D0C29A852C200340D49 /* Email+MailCore.swift */; };
		3BF35D1029A939AD00340D49 /* UINavigationController+BackGesture.swift in Sources */ = {isa = PBXBuildFile; fileRef = 3BF35D0F29A939AD00340D49 /* UINavigationController+BackGesture.swift */; };
		3BF35D1129A939AD00340D49 /* UINavigationController+BackGesture.swift in Sources */ = {isa = PBXBuildFile; fileRef = 3BF35D0F29A939AD00340D49 /* UINavigationController+BackGesture.swift */; };
		3BF35D1329AA81D300340D49 /* SystemImage.swift in Sources */ = {isa = PBXBuildFile; fileRef = 3BF35D1229AA81D300340D49 /* SystemImage.swift */; };
		3BF35D1429AA81D300340D49 /* SystemImage.swift in Sources */ = {isa = PBXBuildFile; fileRef = 3BF35D1229AA81D300340D49 /* SystemImage.swift */; };
		3BF50BB329D8D1C900098AA2 /* MailController+MarkThread.swift in Sources */ = {isa = PBXBuildFile; fileRef = 3BF50BB229D8D1C900098AA2 /* MailController+MarkThread.swift */; };
		3BF50BB429D8D1C900098AA2 /* MailController+MarkThread.swift in Sources */ = {isa = PBXBuildFile; fileRef = 3BF50BB229D8D1C900098AA2 /* MailController+MarkThread.swift */; };
		3BFD733129C4E894004F2563 /* ButtonImage.swift in Sources */ = {isa = PBXBuildFile; fileRef = 3BFD733029C4E894004F2563 /* ButtonImage.swift */; };
		3BFD733229C4E894004F2563 /* ButtonImage.swift in Sources */ = {isa = PBXBuildFile; fileRef = 3BFD733029C4E894004F2563 /* ButtonImage.swift */; };
		3BFD733429C6409D004F2563 /* EmailThread+MailCore.swift in Sources */ = {isa = PBXBuildFile; fileRef = 3BFD733329C6409D004F2563 /* EmailThread+MailCore.swift */; };
		3BFD733529C6409D004F2563 /* EmailThread+MailCore.swift in Sources */ = {isa = PBXBuildFile; fileRef = 3BFD733329C6409D004F2563 /* EmailThread+MailCore.swift */; };
		3BFD733729C6CC79004F2563 /* MoveToBundleMenu.swift in Sources */ = {isa = PBXBuildFile; fileRef = 3BFD733629C6CC79004F2563 /* MoveToBundleMenu.swift */; };
		3BFD733829C6CC79004F2563 /* MoveToBundleMenu.swift in Sources */ = {isa = PBXBuildFile; fileRef = 3BFD733629C6CC79004F2563 /* MoveToBundleMenu.swift */; };
		3BFFE1C329254A2000476C09 /* MailCore2 in Frameworks */ = {isa = PBXBuildFile; productRef = 3BFFE1C229254A2000476C09 /* MailCore2 */; };
/* End PBXBuildFile section */

/* Begin PBXContainerItemProxy section */
		3B9B9F8A2634B16A00E3A8B2 /* PBXContainerItemProxy */ = {
			isa = PBXContainerItemProxy;
			containerPortal = 3B9B9F6A2634B16900E3A8B2 /* Project object */;
			proxyType = 1;
			remoteGlobalIDString = 3B9B9F782634B16A00E3A8B2;
			remoteInfo = "mushroom-mail (iOS)";
		};
		3B9B9F952634B16A00E3A8B2 /* PBXContainerItemProxy */ = {
			isa = PBXContainerItemProxy;
			containerPortal = 3B9B9F6A2634B16900E3A8B2 /* Project object */;
			proxyType = 1;
			remoteGlobalIDString = 3B9B9F802634B16A00E3A8B2;
			remoteInfo = "mushroom-mail (macOS)";
		};
/* End PBXContainerItemProxy section */

/* Begin PBXCopyFilesBuildPhase section */
		3BF06672292545BD006DAF7F /* CopyFiles */ = {
			isa = PBXCopyFilesBuildPhase;
			buildActionMask = 2147483647;
			dstPath = "";
			dstSubfolderSpec = 10;
			files = (
			);
			runOnlyForDeploymentPostprocessing = 0;
		};
/* End PBXCopyFilesBuildPhase section */

/* Begin PBXFileReference section */
		3B04D75B29A5D9BF00D4186E /* EmailBundle+CoreDataProperties.swift */ = {isa = PBXFileReference; lastKnownFileType = sourcecode.swift; path = "EmailBundle+CoreDataProperties.swift"; sourceTree = "<group>"; };
		3B0AB62B29B06A7100E224E5 /* Account+Gmail.swift */ = {isa = PBXFileReference; lastKnownFileType = sourcecode.swift; path = "Account+Gmail.swift"; sourceTree = "<group>"; };
		3B0AB62E29B2A3C200E224E5 /* EmailDateFormatter.swift */ = {isa = PBXFileReference; lastKnownFileType = sourcecode.swift; path = EmailDateFormatter.swift; sourceTree = "<group>"; };
		3B0AB64129B5333800E224E5 /* EmailAddress+MailCore.swift */ = {isa = PBXFileReference; lastKnownFileType = sourcecode.swift; path = "EmailAddress+MailCore.swift"; sourceTree = "<group>"; };
		3B0AB64429B8041000E224E5 /* InboxNavController.swift */ = {isa = PBXFileReference; lastKnownFileType = sourcecode.swift; name = InboxNavController.swift; path = Shared/InboxNavController.swift; sourceTree = SOURCE_ROOT; };
		3B0AB65029C133EC00E224E5 /* View+scrollProxy.swift */ = {isa = PBXFileReference; lastKnownFileType = sourcecode.swift; path = "View+scrollProxy.swift"; sourceTree = "<group>"; };
		3B14A6B9299FF200005BAA30 /* View+AppSheet.swift */ = {isa = PBXFileReference; lastKnownFileType = sourcecode.swift; path = "View+AppSheet.swift"; sourceTree = "<group>"; };
		3B14A6C529A19E12005BAA30 /* AppSheetView.swift */ = {isa = PBXFileReference; lastKnownFileType = sourcecode.swift; path = AppSheetView.swift; sourceTree = "<group>"; };
		3B2F0726264E1035006CAECE /* AppCompactView.swift */ = {isa = PBXFileReference; lastKnownFileType = sourcecode.swift; path = AppCompactView.swift; sourceTree = "<group>"; };
		3B2F072B264F72EA006CAECE /* AppSplitView.swift */ = {isa = PBXFileReference; lastKnownFileType = sourcecode.swift; path = AppSplitView.swift; sourceTree = "<group>"; };
		3B30B77329AE6B69003EE245 /* View+geo.swift */ = {isa = PBXFileReference; lastKnownFileType = sourcecode.swift; path = "View+geo.swift"; sourceTree = "<group>"; };
		3B36447D2652629700956E27 /* EmailThreadView.swift */ = {isa = PBXFileReference; lastKnownFileType = sourcecode.swift; path = EmailThreadView.swift; sourceTree = "<group>"; };
		3B4006AD29C78C06003A7354 /* AppSheet.swift */ = {isa = PBXFileReference; lastKnownFileType = sourcecode.swift; path = AppSheet.swift; sourceTree = "<group>"; };
		3B4185F429A5A7BD00A2966A /* EmailBundle+CoreDataClass.swift */ = {isa = PBXFileReference; lastKnownFileType = sourcecode.swift; path = "EmailBundle+CoreDataClass.swift"; sourceTree = "<group>"; };
		3B46446C29C8F45D003E64EA /* Array+psy.swift */ = {isa = PBXFileReference; lastKnownFileType = sourcecode.swift; path = "Array+psy.swift"; sourceTree = "<group>"; };
		3B5103A929256D030084B6B2 /* UIApplication+window.swift */ = {isa = PBXFileReference; lastKnownFileType = sourcecode.swift; path = "UIApplication+window.swift"; sourceTree = "<group>"; };
		3B5ABAF626545D2900601F26 /* QuotedPrintable.swift */ = {isa = PBXFileReference; fileEncoding = 4; lastKnownFileType = sourcecode.swift; path = QuotedPrintable.swift; sourceTree = "<group>"; };
		3B5ABAFD265461C100601F26 /* WebView.swift */ = {isa = PBXFileReference; lastKnownFileType = sourcecode.swift; path = WebView.swift; sourceTree = "<group>"; };
		3B5FBC322655EF85009D012C /* EmailClassifierAgnes.mlmodel */ = {isa = PBXFileReference; lastKnownFileType = file.mlmodel; path = EmailClassifierAgnes.mlmodel; sourceTree = "<group>"; };
		3B5FBCBD26571687009D012C /* PsycatsJuice.mlmodel */ = {isa = PBXFileReference; lastKnownFileType = file.mlmodel; path = PsycatsJuice.mlmodel; sourceTree = "<group>"; };
		3B64538D29AFBB1600A877A4 /* EmailBundleController.swift */ = {isa = PBXFileReference; lastKnownFileType = sourcecode.swift; path = EmailBundleController.swift; sourceTree = "<group>"; };
		3B64539029AFC44E00A877A4 /* AppSheetController.swift */ = {isa = PBXFileReference; lastKnownFileType = sourcecode.swift; path = AppSheetController.swift; sourceTree = "<group>"; };
		3B64539329AFC7C000A877A4 /* AppAlertController.swift */ = {isa = PBXFileReference; lastKnownFileType = sourcecode.swift; path = AppAlertController.swift; sourceTree = "<group>"; };
		3B6666842651EAA90039D9F3 /* InboxSheetView.swift */ = {isa = PBXFileReference; fileEncoding = 4; lastKnownFileType = sourcecode.swift; path = InboxSheetView.swift; sourceTree = "<group>"; };
		3B6666862651EACD0039D9F3 /* OverlayBackgroundView.swift */ = {isa = PBXFileReference; fileEncoding = 4; lastKnownFileType = sourcecode.swift; path = OverlayBackgroundView.swift; sourceTree = "<group>"; };
		3B6666882651EAE70039D9F3 /* SearchBar.swift */ = {isa = PBXFileReference; fileEncoding = 4; lastKnownFileType = sourcecode.swift; path = SearchBar.swift; sourceTree = "<group>"; };
		3B66668A2651EAED0039D9F3 /* ActionCell.swift */ = {isa = PBXFileReference; fileEncoding = 4; lastKnownFileType = sourcecode.swift; path = ActionCell.swift; sourceTree = "<group>"; };
		3B66668C2651EB000039D9F3 /* FavoriteCell.swift */ = {isa = PBXFileReference; fileEncoding = 4; lastKnownFileType = sourcecode.swift; path = FavoriteCell.swift; sourceTree = "<group>"; };
		3B66668E2651F3B00039D9F3 /* BundleTabBarView.swift */ = {isa = PBXFileReference; fileEncoding = 4; lastKnownFileType = sourcecode.swift; path = BundleTabBarView.swift; sourceTree = "<group>"; };
		3B6666902651F3DD0039D9F3 /* TabBarItem.swift */ = {isa = PBXFileReference; fileEncoding = 4; lastKnownFileType = sourcecode.swift; path = TabBarItem.swift; sourceTree = "<group>"; };
		3B66669526521A810039D9F3 /* VisualEffectBlur.swift */ = {isa = PBXFileReference; fileEncoding = 4; lastKnownFileType = sourcecode.swift; path = VisualEffectBlur.swift; sourceTree = "<group>"; };
		3B6666EE2652383D0039D9F3 /* Shared.xcdatamodel */ = {isa = PBXFileReference; lastKnownFileType = wrapper.xcdatamodel; path = Shared.xcdatamodel; sourceTree = "<group>"; };
		3B6B4F1729A6D007003F3AFA /* FirstStartView.swift */ = {isa = PBXFileReference; lastKnownFileType = sourcecode.swift; path = FirstStartView.swift; sourceTree = "<group>"; };
		3B6E613829AAB631009CAEBF /* CreateBundleView.swift */ = {isa = PBXFileReference; lastKnownFileType = sourcecode.swift; path = CreateBundleView.swift; sourceTree = "<group>"; };
		3B6E613E29AC35D2009CAEBF /* BundleSettingsView.swift */ = {isa = PBXFileReference; lastKnownFileType = sourcecode.swift; path = BundleSettingsView.swift; sourceTree = "<group>"; };
		3B7917B12660A0F400E764C1 /* EmailAddress.swift */ = {isa = PBXFileReference; lastKnownFileType = sourcecode.swift; path = EmailAddress.swift; sourceTree = "<group>"; };
		3B7917B32660A0F400E764C1 /* EmailPart+CoreDataClass.swift */ = {isa = PBXFileReference; lastKnownFileType = sourcecode.swift; path = "EmailPart+CoreDataClass.swift"; sourceTree = "<group>"; };
		3B7917B52660A0F400E764C1 /* Email+CoreDataClass.swift */ = {isa = PBXFileReference; lastKnownFileType = sourcecode.swift; path = "Email+CoreDataClass.swift"; sourceTree = "<group>"; };
		3B80B97329C4DB17002E34BE /* Encodable+dictionary.swift */ = {isa = PBXFileReference; lastKnownFileType = sourcecode.swift; path = "Encodable+dictionary.swift"; sourceTree = "<group>"; };
		3B94B918292489D900C85B8C /* Security.framework */ = {isa = PBXFileReference; lastKnownFileType = wrapper.framework; name = Security.framework; path = Platforms/iPhoneOS.platform/Developer/SDKs/iPhoneOS16.1.sdk/System/Library/Frameworks/Security.framework; sourceTree = DEVELOPER_DIR; };
		3B94B91C29248E2400C85B8C /* CFNetwork.framework */ = {isa = PBXFileReference; lastKnownFileType = wrapper.framework; name = CFNetwork.framework; path = Platforms/iPhoneOS.platform/Developer/SDKs/iPhoneOS16.1.sdk/System/Library/Frameworks/CFNetwork.framework; sourceTree = DEVELOPER_DIR; };
		3B9912AE29A296AB00B3BA36 /* PsyError.swift */ = {isa = PBXFileReference; lastKnownFileType = sourcecode.swift; path = PsyError.swift; sourceTree = "<group>"; };
		3B9912B429A566B000B3BA36 /* Timer+after.swift */ = {isa = PBXFileReference; lastKnownFileType = sourcecode.swift; path = "Timer+after.swift"; sourceTree = "<group>"; };
		3B9912B729A587D900B3BA36 /* AppAlertView.swift */ = {isa = PBXFileReference; lastKnownFileType = sourcecode.swift; path = AppAlertView.swift; sourceTree = "<group>"; };
		3B9912BA29A5892700B3BA36 /* Gmail.swift */ = {isa = PBXFileReference; lastKnownFileType = sourcecode.swift; path = Gmail.swift; sourceTree = "<group>"; };
		3B9B9F712634B16900E3A8B2 /* PsymailApp.swift */ = {isa = PBXFileReference; lastKnownFileType = sourcecode.swift; path = PsymailApp.swift; sourceTree = "<group>"; };
		3B9B9F722634B16900E3A8B2 /* ContentView.swift */ = {isa = PBXFileReference; lastKnownFileType = sourcecode.swift; path = ContentView.swift; sourceTree = "<group>"; };
		3B9B9F732634B16900E3A8B2 /* Persistence.swift */ = {isa = PBXFileReference; lastKnownFileType = sourcecode.swift; path = Persistence.swift; sourceTree = "<group>"; };
		3B9B9F742634B16A00E3A8B2 /* Assets.xcassets */ = {isa = PBXFileReference; lastKnownFileType = folder.assetcatalog; path = Assets.xcassets; sourceTree = "<group>"; };
		3B9B9F792634B16A00E3A8B2 /* psymail.app */ = {isa = PBXFileReference; explicitFileType = wrapper.application; includeInIndex = 0; path = psymail.app; sourceTree = BUILT_PRODUCTS_DIR; };
		3B9B9F7C2634B16A00E3A8B2 /* Info.plist */ = {isa = PBXFileReference; lastKnownFileType = text.plist.xml; path = Info.plist; sourceTree = "<group>"; };
		3B9B9F812634B16A00E3A8B2 /* psymail.app */ = {isa = PBXFileReference; explicitFileType = wrapper.application; includeInIndex = 0; path = psymail.app; sourceTree = BUILT_PRODUCTS_DIR; };
		3B9B9F832634B16A00E3A8B2 /* Info.plist */ = {isa = PBXFileReference; lastKnownFileType = text.plist.xml; path = Info.plist; sourceTree = "<group>"; };
		3B9B9F842634B16A00E3A8B2 /* macOS.entitlements */ = {isa = PBXFileReference; lastKnownFileType = text.plist.entitlements; path = macOS.entitlements; sourceTree = "<group>"; };
		3B9B9F892634B16A00E3A8B2 /* Tests iOS.xctest */ = {isa = PBXFileReference; explicitFileType = wrapper.cfbundle; includeInIndex = 0; path = "Tests iOS.xctest"; sourceTree = BUILT_PRODUCTS_DIR; };
		3B9B9F8D2634B16A00E3A8B2 /* Tests_iOS.swift */ = {isa = PBXFileReference; lastKnownFileType = sourcecode.swift; path = Tests_iOS.swift; sourceTree = "<group>"; };
		3B9B9F8F2634B16A00E3A8B2 /* Info.plist */ = {isa = PBXFileReference; lastKnownFileType = text.plist.xml; path = Info.plist; sourceTree = "<group>"; };
		3B9B9F942634B16A00E3A8B2 /* Tests macOS.xctest */ = {isa = PBXFileReference; explicitFileType = wrapper.cfbundle; includeInIndex = 0; path = "Tests macOS.xctest"; sourceTree = BUILT_PRODUCTS_DIR; };
		3B9B9F982634B16A00E3A8B2 /* Tests_macOS.swift */ = {isa = PBXFileReference; lastKnownFileType = sourcecode.swift; path = Tests_macOS.swift; sourceTree = "<group>"; };
		3B9B9F9A2634B16A00E3A8B2 /* Info.plist */ = {isa = PBXFileReference; lastKnownFileType = text.plist.xml; path = Info.plist; sourceTree = "<group>"; };
		3B9B9FCD2634E26A00E3A8B2 /* NewsletterClassifier.mlmodel */ = {isa = PBXFileReference; lastKnownFileType = file.mlmodel; path = NewsletterClassifier.mlmodel; sourceTree = "<group>"; };
		3B9B9FCE2634E26A00E3A8B2 /* MarketingRecognizer.mlmodel */ = {isa = PBXFileReference; lastKnownFileType = file.mlmodel; path = MarketingRecognizer.mlmodel; sourceTree = "<group>"; };
		3B9B9FCF2634E26A00E3A8B2 /* PoliticsRecognizer.mlmodel */ = {isa = PBXFileReference; lastKnownFileType = file.mlmodel; path = PoliticsRecognizer.mlmodel; sourceTree = "<group>"; };
		3BAD28F429CB741B00ECA64F /* PageView.swift */ = {isa = PBXFileReference; lastKnownFileType = sourcecode.swift; path = PageView.swift; sourceTree = "<group>"; };
		3BAD28FA29CDF0C300ECA64F /* AppStorageKeys.swift */ = {isa = PBXFileReference; lastKnownFileType = sourcecode.swift; path = AppStorageKeys.swift; sourceTree = "<group>"; };
		3BAD28FD29CDF1E300ECA64F /* EmailBundleLayout.swift */ = {isa = PBXFileReference; lastKnownFileType = sourcecode.swift; path = EmailBundleLayout.swift; sourceTree = "<group>"; };
		3BC0F20229CF80C100D9389F /* ThreadPage.swift */ = {isa = PBXFileReference; lastKnownFileType = sourcecode.swift; path = ThreadPage.swift; sourceTree = "<group>"; };
		3BC0F20529CF818900D9389F /* MessageView.swift */ = {isa = PBXFileReference; lastKnownFileType = sourcecode.swift; path = MessageView.swift; sourceTree = "<group>"; };
		3BC0F20829D1F2B900D9389F /* TaskController.swift */ = {isa = PBXFileReference; lastKnownFileType = sourcecode.swift; path = TaskController.swift; sourceTree = "<group>"; };
		3BC0F20F29D3537E00D9389F /* EmailThread+Gmail.swift */ = {isa = PBXFileReference; lastKnownFileType = sourcecode.swift; path = "EmailThread+Gmail.swift"; sourceTree = "<group>"; };
		3BC0F21529D6015F00D9389F /* MailController+MoveThread.swift */ = {isa = PBXFileReference; lastKnownFileType = sourcecode.swift; path = "MailController+MoveThread.swift"; sourceTree = "<group>"; };
		3BC0F21829D604F100D9389F /* MailController+TrashThread.swift */ = {isa = PBXFileReference; lastKnownFileType = sourcecode.swift; path = "MailController+TrashThread.swift"; sourceTree = "<group>"; };
		3BCF6FEB29280261000C6382 /* ForEachWithIndex.swift */ = {isa = PBXFileReference; lastKnownFileType = sourcecode.swift; path = ForEachWithIndex.swift; sourceTree = "<group>"; };
		3BD150A3265332010058B094 /* rainbow.swift */ = {isa = PBXFileReference; lastKnownFileType = sourcecode.swift; path = rainbow.swift; sourceTree = "<group>"; };
		3BE50194266B34AE001C2939 /* FilterView.swift */ = {isa = PBXFileReference; lastKnownFileType = sourcecode.swift; path = FilterView.swift; sourceTree = "<group>"; };
		3BE50197266B4B0A001C2939 /* Color+psy.swift */ = {isa = PBXFileReference; lastKnownFileType = sourcecode.swift; path = "Color+psy.swift"; sourceTree = "<group>"; };
		3BF1AD602660ACF0002F1062 /* MailController.swift */ = {isa = PBXFileReference; lastKnownFileType = sourcecode.swift; path = MailController.swift; sourceTree = "<group>"; };
		3BF1AD6326615F18002F1062 /* AccountController.swift */ = {isa = PBXFileReference; lastKnownFileType = sourcecode.swift; path = AccountController.swift; sourceTree = "<group>"; };
		3BF1AD6626617746002F1062 /* InboxView.swift */ = {isa = PBXFileReference; lastKnownFileType = sourcecode.swift; path = InboxView.swift; sourceTree = "<group>"; };
		3BF1AD7A2661861F002F1062 /* Email+CoreDataProperties.swift */ = {isa = PBXFileReference; lastKnownFileType = sourcecode.swift; path = "Email+CoreDataProperties.swift"; sourceTree = "<group>"; };
		3BF1AD7C2661861F002F1062 /* EmailPart+CoreDataProperties.swift */ = {isa = PBXFileReference; lastKnownFileType = sourcecode.swift; path = "EmailPart+CoreDataProperties.swift"; sourceTree = "<group>"; };
		3BF1AD892663EA2C002F1062 /* Account+CoreDataClass.swift */ = {isa = PBXFileReference; lastKnownFileType = sourcecode.swift; path = "Account+CoreDataClass.swift"; sourceTree = "<group>"; };
		3BF1AD8A2663EA2C002F1062 /* Account+CoreDataProperties.swift */ = {isa = PBXFileReference; lastKnownFileType = sourcecode.swift; path = "Account+CoreDataProperties.swift"; sourceTree = "<group>"; };
		3BF1AE1A2665FA89002F1062 /* View+if.swift */ = {isa = PBXFileReference; lastKnownFileType = sourcecode.swift; path = "View+if.swift"; sourceTree = "<group>"; };
		3BF1AE1D2666F5E7002F1062 /* InboxListRow.swift */ = {isa = PBXFileReference; lastKnownFileType = sourcecode.swift; path = InboxListRow.swift; sourceTree = "<group>"; };
		3BF1AE202666FCE6002F1062 /* EmailThreadSheetView.swift */ = {isa = PBXFileReference; lastKnownFileType = sourcecode.swift; path = EmailThreadSheetView.swift; sourceTree = "<group>"; };
		3BF1AE232666FF2A002F1062 /* SheetHandle.swift */ = {isa = PBXFileReference; lastKnownFileType = sourcecode.swift; path = SheetHandle.swift; sourceTree = "<group>"; };
		3BF1AE2626672A57002F1062 /* EmailDetailToolbarView.swift */ = {isa = PBXFileReference; lastKnownFileType = sourcecode.swift; path = EmailDetailToolbarView.swift; sourceTree = "<group>"; };
		3BF1AE2926683514002F1062 /* View+screen.swift */ = {isa = PBXFileReference; lastKnownFileType = sourcecode.swift; path = "View+screen.swift"; sourceTree = "<group>"; };
		3BF1AE2C2668812B002F1062 /* Publishers.swift */ = {isa = PBXFileReference; lastKnownFileType = sourcecode.swift; path = Publishers.swift; sourceTree = "<group>"; };
		3BF1AE2F26688150002F1062 /* Notification.swift */ = {isa = PBXFileReference; lastKnownFileType = sourcecode.swift; path = Notification.swift; sourceTree = "<group>"; };
		3BF1AE3226697A35002F1062 /* EmailThread+CoreDataClass.swift */ = {isa = PBXFileReference; lastKnownFileType = sourcecode.swift; path = "EmailThread+CoreDataClass.swift"; sourceTree = "<group>"; };
		3BF1AE3326697A35002F1062 /* EmailThread+CoreDataProperties.swift */ = {isa = PBXFileReference; lastKnownFileType = sourcecode.swift; path = "EmailThread+CoreDataProperties.swift"; sourceTree = "<group>"; };
		3BF35D0C29A852C200340D49 /* Email+MailCore.swift */ = {isa = PBXFileReference; lastKnownFileType = sourcecode.swift; path = "Email+MailCore.swift"; sourceTree = "<group>"; };
		3BF35D0F29A939AD00340D49 /* UINavigationController+BackGesture.swift */ = {isa = PBXFileReference; lastKnownFileType = sourcecode.swift; path = "UINavigationController+BackGesture.swift"; sourceTree = "<group>"; };
		3BF35D1229AA81D300340D49 /* SystemImage.swift */ = {isa = PBXFileReference; lastKnownFileType = sourcecode.swift; path = SystemImage.swift; sourceTree = "<group>"; };
		3BF50BB229D8D1C900098AA2 /* MailController+MarkThread.swift */ = {isa = PBXFileReference; lastKnownFileType = sourcecode.swift; path = "MailController+MarkThread.swift"; sourceTree = "<group>"; };
		3BFD733029C4E894004F2563 /* ButtonImage.swift */ = {isa = PBXFileReference; lastKnownFileType = sourcecode.swift; path = ButtonImage.swift; sourceTree = "<group>"; };
		3BFD733329C6409D004F2563 /* EmailThread+MailCore.swift */ = {isa = PBXFileReference; lastKnownFileType = sourcecode.swift; path = "EmailThread+MailCore.swift"; sourceTree = "<group>"; };
		3BFD733629C6CC79004F2563 /* MoveToBundleMenu.swift */ = {isa = PBXFileReference; lastKnownFileType = sourcecode.swift; path = MoveToBundleMenu.swift; sourceTree = "<group>"; };
/* End PBXFileReference section */

/* Begin PBXFrameworksBuildPhase section */
		3B9B9F762634B16A00E3A8B2 /* Frameworks */ = {
			isa = PBXFrameworksBuildPhase;
			buildActionMask = 2147483647;
			files = (
				3B46446729C8F0F9003E64EA /* Collections in Frameworks */,
				3B14A6B5299FE4D4005BAA30 /* SwiftUIKit in Frameworks */,
				3B5FBCFC26587F59009D012C /* Introspect in Frameworks */,
				3B6E613D29AAC99F009CAEBF /* SymbolPicker in Frameworks */,
				3B94B91229247D2B00C85B8C /* GoogleSignIn in Frameworks */,
				3B46446B29C8F0F9003E64EA /* OrderedCollections in Frameworks */,
				3B46446929C8F0F9003E64EA /* DequeModule in Frameworks */,
				3B94B91429247D2B00C85B8C /* GoogleSignInSwift in Frameworks */,
				3BFFE1C329254A2000476C09 /* MailCore2 in Frameworks */,
			);
			runOnlyForDeploymentPostprocessing = 0;
		};
		3B9B9F7E2634B16A00E3A8B2 /* Frameworks */ = {
			isa = PBXFrameworksBuildPhase;
			buildActionMask = 2147483647;
			files = (
			);
			runOnlyForDeploymentPostprocessing = 0;
		};
		3B9B9F862634B16A00E3A8B2 /* Frameworks */ = {
			isa = PBXFrameworksBuildPhase;
			buildActionMask = 2147483647;
			files = (
			);
			runOnlyForDeploymentPostprocessing = 0;
		};
		3B9B9F912634B16A00E3A8B2 /* Frameworks */ = {
			isa = PBXFrameworksBuildPhase;
			buildActionMask = 2147483647;
			files = (
			);
			runOnlyForDeploymentPostprocessing = 0;
		};
/* End PBXFrameworksBuildPhase section */

/* Begin PBXGroup section */
		3B6F6560265EF4F000E07FE7 /* core data */ = {
			isa = PBXGroup;
			children = (
				3BF1AD892663EA2C002F1062 /* Account+CoreDataClass.swift */,
				3BF1AD8A2663EA2C002F1062 /* Account+CoreDataProperties.swift */,
				3B0AB62B29B06A7100E224E5 /* Account+Gmail.swift */,
				3B7917B52660A0F400E764C1 /* Email+CoreDataClass.swift */,
				3BF1AD7A2661861F002F1062 /* Email+CoreDataProperties.swift */,
				3BF35D0C29A852C200340D49 /* Email+MailCore.swift */,
				3B7917B12660A0F400E764C1 /* EmailAddress.swift */,
				3B0AB64129B5333800E224E5 /* EmailAddress+MailCore.swift */,
				3B4185F429A5A7BD00A2966A /* EmailBundle+CoreDataClass.swift */,
				3B04D75B29A5D9BF00D4186E /* EmailBundle+CoreDataProperties.swift */,
				3B7917B32660A0F400E764C1 /* EmailPart+CoreDataClass.swift */,
				3BF1AD7C2661861F002F1062 /* EmailPart+CoreDataProperties.swift */,
				3BF1AE3226697A35002F1062 /* EmailThread+CoreDataClass.swift */,
				3BF1AE3326697A35002F1062 /* EmailThread+CoreDataProperties.swift */,
				3BC0F20F29D3537E00D9389F /* EmailThread+Gmail.swift */,
				3BFD733329C6409D004F2563 /* EmailThread+MailCore.swift */,
			);
			path = "core data";
			sourceTree = "<group>";
		};
		3B94B917292489D900C85B8C /* Frameworks */ = {
			isa = PBXGroup;
			children = (
				3B94B91C29248E2400C85B8C /* CFNetwork.framework */,
				3B94B918292489D900C85B8C /* Security.framework */,
			);
			name = Frameworks;
			sourceTree = "<group>";
		};
		3B9B9F692634B16900E3A8B2 = {
			isa = PBXGroup;
			children = (
				3B94B917292489D900C85B8C /* Frameworks */,
				3B9B9F7B2634B16A00E3A8B2 /* iOS */,
				3B9B9F822634B16A00E3A8B2 /* macOS */,
				3B9B9F7A2634B16A00E3A8B2 /* Products */,
				3B9B9F6E2634B16900E3A8B2 /* Shared */,
				3B9B9F8C2634B16A00E3A8B2 /* Tests iOS */,
				3B9B9F972634B16A00E3A8B2 /* Tests macOS */,
			);
			sourceTree = "<group>";
		};
		3B9B9F6E2634B16900E3A8B2 /* Shared */ = {
			isa = PBXGroup;
			children = (
				3BF1AD6326615F18002F1062 /* AccountController.swift */,
				3B64539329AFC7C000A877A4 /* AppAlertController.swift */,
				3B9912B729A587D900B3BA36 /* AppAlertView.swift */,
				3B64539029AFC44E00A877A4 /* AppSheetController.swift */,
				3B2F072B264F72EA006CAECE /* AppSplitView.swift */,
				3BAD28FA29CDF0C300ECA64F /* AppStorageKeys.swift */,
				3B9B9F742634B16A00E3A8B2 /* Assets.xcassets */,
				3BFD733029C4E894004F2563 /* ButtonImage.swift */,
				3B9B9F722634B16900E3A8B2 /* ContentView.swift */,
				3B6F6560265EF4F000E07FE7 /* core data */,
				3B64538D29AFBB1600A877A4 /* EmailBundleController.swift */,
				3BAD28FD29CDF1E300ECA64F /* EmailBundleLayout.swift */,
				3BA7DC90265DFB4B009623EF /* EmailClassifiers */,
				3B0AB62E29B2A3C200E224E5 /* EmailDateFormatter.swift */,
				3BD150A2265331DF0058B094 /* extensions */,
				3B9912BA29A5892700B3BA36 /* Gmail.swift */,
				3B0AB64429B8041000E224E5 /* InboxNavController.swift */,
				3BF1AD6626617746002F1062 /* InboxView.swift */,
				3BF50BB129D8CDC700098AA2 /* mail controller */,
				3BC0F20529CF818900D9389F /* MessageView.swift */,
				3BAD28F429CB741B00ECA64F /* PageView.swift */,
				3B9B9F732634B16900E3A8B2 /* Persistence.swift */,
				3B9912AE29A296AB00B3BA36 /* PsyError.swift */,
				3B6666ED2652383D0039D9F3 /* psymail.xcdatamodeld */,
				3B9B9F712634B16900E3A8B2 /* PsymailApp.swift */,
				3BF1AE232666FF2A002F1062 /* SheetHandle.swift */,
				3BF35D1229AA81D300340D49 /* SystemImage.swift */,
				3BC0F20829D1F2B900D9389F /* TaskController.swift */,
				3BC0F20229CF80C100D9389F /* ThreadPage.swift */,
				3B5ABAFD265461C100601F26 /* WebView.swift */,
			);
			path = Shared;
			sourceTree = "<group>";
		};
		3B9B9F7A2634B16A00E3A8B2 /* Products */ = {
			isa = PBXGroup;
			children = (
				3B9B9F792634B16A00E3A8B2 /* psymail.app */,
				3B9B9F812634B16A00E3A8B2 /* psymail.app */,
				3B9B9F892634B16A00E3A8B2 /* Tests iOS.xctest */,
				3B9B9F942634B16A00E3A8B2 /* Tests macOS.xctest */,
			);
			name = Products;
			sourceTree = "<group>";
		};
		3B9B9F7B2634B16A00E3A8B2 /* iOS */ = {
			isa = PBXGroup;
			children = (
				3B66668A2651EAED0039D9F3 /* ActionCell.swift */,
				3B2F0726264E1035006CAECE /* AppCompactView.swift */,
				3B4006AD29C78C06003A7354 /* AppSheet.swift */,
				3B14A6C529A19E12005BAA30 /* AppSheetView.swift */,
				3B6E613E29AC35D2009CAEBF /* BundleSettingsView.swift */,
				3B66668E2651F3B00039D9F3 /* BundleTabBarView.swift */,
				3B6E613829AAB631009CAEBF /* CreateBundleView.swift */,
				3BF1AE2626672A57002F1062 /* EmailDetailToolbarView.swift */,
				3BF1AE202666FCE6002F1062 /* EmailThreadSheetView.swift */,
				3B36447D2652629700956E27 /* EmailThreadView.swift */,
				3B66668C2651EB000039D9F3 /* FavoriteCell.swift */,
				3BE50194266B34AE001C2939 /* FilterView.swift */,
				3B6B4F1729A6D007003F3AFA /* FirstStartView.swift */,
				3BF1AE1D2666F5E7002F1062 /* InboxListRow.swift */,
				3B6666842651EAA90039D9F3 /* InboxSheetView.swift */,
				3B9B9F7C2634B16A00E3A8B2 /* Info.plist */,
				3BFD733629C6CC79004F2563 /* MoveToBundleMenu.swift */,
				3B6666862651EACD0039D9F3 /* OverlayBackgroundView.swift */,
				3B6666882651EAE70039D9F3 /* SearchBar.swift */,
				3B6666902651F3DD0039D9F3 /* TabBarItem.swift */,
				3B14A6B9299FF200005BAA30 /* View+AppSheet.swift */,
				3B66669526521A810039D9F3 /* VisualEffectBlur.swift */,
			);
			path = iOS;
			sourceTree = "<group>";
		};
		3B9B9F822634B16A00E3A8B2 /* macOS */ = {
			isa = PBXGroup;
			children = (
				3B9B9F832634B16A00E3A8B2 /* Info.plist */,
				3B9B9F842634B16A00E3A8B2 /* macOS.entitlements */,
			);
			path = macOS;
			sourceTree = "<group>";
		};
		3B9B9F8C2634B16A00E3A8B2 /* Tests iOS */ = {
			isa = PBXGroup;
			children = (
				3B9B9F8D2634B16A00E3A8B2 /* Tests_iOS.swift */,
				3B9B9F8F2634B16A00E3A8B2 /* Info.plist */,
			);
			path = "Tests iOS";
			sourceTree = "<group>";
		};
		3B9B9F972634B16A00E3A8B2 /* Tests macOS */ = {
			isa = PBXGroup;
			children = (
				3B9B9F982634B16A00E3A8B2 /* Tests_macOS.swift */,
				3B9B9F9A2634B16A00E3A8B2 /* Info.plist */,
			);
			path = "Tests macOS";
			sourceTree = "<group>";
		};
		3BA7DC90265DFB4B009623EF /* EmailClassifiers */ = {
			isa = PBXGroup;
			children = (
				3B5FBC322655EF85009D012C /* EmailClassifierAgnes.mlmodel */,
				3B9B9FCE2634E26A00E3A8B2 /* MarketingRecognizer.mlmodel */,
				3B9B9FCD2634E26A00E3A8B2 /* NewsletterClassifier.mlmodel */,
				3B9B9FCF2634E26A00E3A8B2 /* PoliticsRecognizer.mlmodel */,
				3B5FBCBD26571687009D012C /* PsycatsJuice.mlmodel */,
			);
			path = EmailClassifiers;
			sourceTree = "<group>";
		};
		3BD150A2265331DF0058B094 /* extensions */ = {
			isa = PBXGroup;
			children = (
				3B46446C29C8F45D003E64EA /* Array+psy.swift */,
				3BE50197266B4B0A001C2939 /* Color+psy.swift */,
				3B80B97329C4DB17002E34BE /* Encodable+dictionary.swift */,
				3BCF6FEB29280261000C6382 /* ForEachWithIndex.swift */,
				3BF1AE2F26688150002F1062 /* Notification.swift */,
				3BF1AE2C2668812B002F1062 /* Publishers.swift */,
				3B5ABAF626545D2900601F26 /* QuotedPrintable.swift */,
				3BD150A3265332010058B094 /* rainbow.swift */,
				3B9912B429A566B000B3BA36 /* Timer+after.swift */,
				3B5103A929256D030084B6B2 /* UIApplication+window.swift */,
				3BF35D0F29A939AD00340D49 /* UINavigationController+BackGesture.swift */,
				3B30B77329AE6B69003EE245 /* View+geo.swift */,
				3BF1AE1A2665FA89002F1062 /* View+if.swift */,
				3BF1AE2926683514002F1062 /* View+screen.swift */,
				3B0AB65029C133EC00E224E5 /* View+scrollProxy.swift */,
			);
			path = extensions;
			sourceTree = "<group>";
		};
		3BF50BB129D8CDC700098AA2 /* mail controller */ = {
			isa = PBXGroup;
			children = (
				3BF1AD602660ACF0002F1062 /* MailController.swift */,
				3BF50BB229D8D1C900098AA2 /* MailController+MarkThread.swift */,
				3BC0F21529D6015F00D9389F /* MailController+MoveThread.swift */,
				3BC0F21829D604F100D9389F /* MailController+TrashThread.swift */,
			);
			path = "mail controller";
			sourceTree = "<group>";
		};
/* End PBXGroup section */

/* Begin PBXNativeTarget section */
		3B9B9F782634B16A00E3A8B2 /* psymail (iOS) */ = {
			isa = PBXNativeTarget;
			buildConfigurationList = 3B9B9FA72634B16A00E3A8B2 /* Build configuration list for PBXNativeTarget "psymail (iOS)" */;
			buildPhases = (
				3B9B9F752634B16A00E3A8B2 /* Sources */,
				3B9B9F762634B16A00E3A8B2 /* Frameworks */,
				3B9B9F772634B16A00E3A8B2 /* Resources */,
				3BF06672292545BD006DAF7F /* CopyFiles */,
			);
			buildRules = (
			);
			dependencies = (
			);
			name = "psymail (iOS)";
			packageProductDependencies = (
				3B5FBCFB26587F59009D012C /* Introspect */,
				3B94B91129247D2B00C85B8C /* GoogleSignIn */,
				3B94B91329247D2B00C85B8C /* GoogleSignInSwift */,
				3BFFE1C229254A2000476C09 /* MailCore2 */,
				3B14A6B4299FE4D4005BAA30 /* SwiftUIKit */,
				3B6E613C29AAC99F009CAEBF /* SymbolPicker */,
				3B46446629C8F0F9003E64EA /* Collections */,
				3B46446829C8F0F9003E64EA /* DequeModule */,
				3B46446A29C8F0F9003E64EA /* OrderedCollections */,
			);
			productName = "mushroom-mail (iOS)";
			productReference = 3B9B9F792634B16A00E3A8B2 /* psymail.app */;
			productType = "com.apple.product-type.application";
		};
		3B9B9F802634B16A00E3A8B2 /* psymail (macOS) */ = {
			isa = PBXNativeTarget;
			buildConfigurationList = 3B9B9FAA2634B16A00E3A8B2 /* Build configuration list for PBXNativeTarget "psymail (macOS)" */;
			buildPhases = (
				3B9B9F7D2634B16A00E3A8B2 /* Sources */,
				3B9B9F7E2634B16A00E3A8B2 /* Frameworks */,
				3B9B9F7F2634B16A00E3A8B2 /* Resources */,
			);
			buildRules = (
			);
			dependencies = (
			);
			name = "psymail (macOS)";
			productName = "mushroom-mail (macOS)";
			productReference = 3B9B9F812634B16A00E3A8B2 /* psymail.app */;
			productType = "com.apple.product-type.application";
		};
		3B9B9F882634B16A00E3A8B2 /* Tests iOS */ = {
			isa = PBXNativeTarget;
			buildConfigurationList = 3B9B9FAD2634B16A00E3A8B2 /* Build configuration list for PBXNativeTarget "Tests iOS" */;
			buildPhases = (
				3B9B9F852634B16A00E3A8B2 /* Sources */,
				3B9B9F862634B16A00E3A8B2 /* Frameworks */,
				3B9B9F872634B16A00E3A8B2 /* Resources */,
			);
			buildRules = (
			);
			dependencies = (
				3B9B9F8B2634B16A00E3A8B2 /* PBXTargetDependency */,
			);
			name = "Tests iOS";
			productName = "Tests iOS";
			productReference = 3B9B9F892634B16A00E3A8B2 /* Tests iOS.xctest */;
			productType = "com.apple.product-type.bundle.ui-testing";
		};
		3B9B9F932634B16A00E3A8B2 /* Tests macOS */ = {
			isa = PBXNativeTarget;
			buildConfigurationList = 3B9B9FB02634B16A00E3A8B2 /* Build configuration list for PBXNativeTarget "Tests macOS" */;
			buildPhases = (
				3B9B9F902634B16A00E3A8B2 /* Sources */,
				3B9B9F912634B16A00E3A8B2 /* Frameworks */,
				3B9B9F922634B16A00E3A8B2 /* Resources */,
			);
			buildRules = (
			);
			dependencies = (
				3B9B9F962634B16A00E3A8B2 /* PBXTargetDependency */,
			);
			name = "Tests macOS";
			productName = "Tests macOS";
			productReference = 3B9B9F942634B16A00E3A8B2 /* Tests macOS.xctest */;
			productType = "com.apple.product-type.bundle.ui-testing";
		};
/* End PBXNativeTarget section */

/* Begin PBXProject section */
		3B9B9F6A2634B16900E3A8B2 /* Project object */ = {
			isa = PBXProject;
			attributes = {
				LastSwiftUpdateCheck = 1410;
				LastUpgradeCheck = 1420;
				TargetAttributes = {
					3B9B9F782634B16A00E3A8B2 = {
						CreatedOnToolsVersion = 12.4;
					};
					3B9B9F802634B16A00E3A8B2 = {
						CreatedOnToolsVersion = 12.4;
					};
					3B9B9F882634B16A00E3A8B2 = {
						CreatedOnToolsVersion = 12.4;
						TestTargetID = 3B9B9F782634B16A00E3A8B2;
					};
					3B9B9F932634B16A00E3A8B2 = {
						CreatedOnToolsVersion = 12.4;
						TestTargetID = 3B9B9F802634B16A00E3A8B2;
					};
				};
			};
			buildConfigurationList = 3B9B9F6D2634B16900E3A8B2 /* Build configuration list for PBXProject "psymail" */;
			compatibilityVersion = "Xcode 14.0";
			developmentRegion = en;
			hasScannedForEncodings = 0;
			knownRegions = (
				en,
				Base,
			);
			mainGroup = 3B9B9F692634B16900E3A8B2;
			packageReferences = (
				3B5FBCFA26587F58009D012C /* XCRemoteSwiftPackageReference "SwiftUI-Introspect" */,
				3B94B91029247D2B00C85B8C /* XCRemoteSwiftPackageReference "GoogleSignIn-iOS" */,
				3BFFE1C129254A2000476C09 /* XCRemoteSwiftPackageReference "mailcore2" */,
				3B14A6B3299FE4D3005BAA30 /* XCRemoteSwiftPackageReference "SwiftUIKit" */,
				3B6E613B29AAC99F009CAEBF /* XCRemoteSwiftPackageReference "SymbolPicker" */,
				3B46446529C8F0F9003E64EA /* XCRemoteSwiftPackageReference "swift-collections" */,
			);
			productRefGroup = 3B9B9F7A2634B16A00E3A8B2 /* Products */;
			projectDirPath = "";
			projectRoot = "";
			targets = (
				3B9B9F782634B16A00E3A8B2 /* psymail (iOS) */,
				3B9B9F802634B16A00E3A8B2 /* psymail (macOS) */,
				3B9B9F882634B16A00E3A8B2 /* Tests iOS */,
				3B9B9F932634B16A00E3A8B2 /* Tests macOS */,
			);
		};
/* End PBXProject section */

/* Begin PBXResourcesBuildPhase section */
		3B9B9F772634B16A00E3A8B2 /* Resources */ = {
			isa = PBXResourcesBuildPhase;
			buildActionMask = 2147483647;
			files = (
				3B9B9FA32634B16A00E3A8B2 /* Assets.xcassets in Resources */,
			);
			runOnlyForDeploymentPostprocessing = 0;
		};
		3B9B9F7F2634B16A00E3A8B2 /* Resources */ = {
			isa = PBXResourcesBuildPhase;
			buildActionMask = 2147483647;
			files = (
				3B9B9FA42634B16A00E3A8B2 /* Assets.xcassets in Resources */,
			);
			runOnlyForDeploymentPostprocessing = 0;
		};
		3B9B9F872634B16A00E3A8B2 /* Resources */ = {
			isa = PBXResourcesBuildPhase;
			buildActionMask = 2147483647;
			files = (
			);
			runOnlyForDeploymentPostprocessing = 0;
		};
		3B9B9F922634B16A00E3A8B2 /* Resources */ = {
			isa = PBXResourcesBuildPhase;
			buildActionMask = 2147483647;
			files = (
			);
			runOnlyForDeploymentPostprocessing = 0;
		};
/* End PBXResourcesBuildPhase section */

/* Begin PBXSourcesBuildPhase section */
		3B9B9F752634B16A00E3A8B2 /* Sources */ = {
			isa = PBXSourcesBuildPhase;
			buildActionMask = 2147483647;
			files = (
				3BC0F20329CF80C100D9389F /* ThreadPage.swift in Sources */,
				3BF1AE1E2666F5E7002F1062 /* InboxListRow.swift in Sources */,
				3BF1AE242666FF2A002F1062 /* SheetHandle.swift in Sources */,
				3BFD733729C6CC79004F2563 /* MoveToBundleMenu.swift in Sources */,
				3BF1AD8B2663EA2C002F1062 /* Account+CoreDataClass.swift in Sources */,
				3BF1AD822661861F002F1062 /* EmailPart+CoreDataProperties.swift in Sources */,
				3BF1AE3026688150002F1062 /* Notification.swift in Sources */,
				3B0AB64529B8041000E224E5 /* InboxNavController.swift in Sources */,
				3BF1AD6D26617E1A002F1062 /* psymail.xcdatamodeld in Sources */,
				3BE50198266B4B0A001C2939 /* Color+psy.swift in Sources */,
				3B64539429AFC7C000A877A4 /* AppAlertController.swift in Sources */,
				3B6666892651EAE70039D9F3 /* SearchBar.swift in Sources */,
				3BE50195266B34AE001C2939 /* FilterView.swift in Sources */,
				3B5ABAFE265461C100601F26 /* WebView.swift in Sources */,
				3B4006AE29C78C06003A7354 /* AppSheet.swift in Sources */,
				3B2F072C264F72EA006CAECE /* AppSplitView.swift in Sources */,
				3B6666912651F3DD0039D9F3 /* TabBarItem.swift in Sources */,
				3BF35D0D29A852C200340D49 /* Email+MailCore.swift in Sources */,
				3B36447E2652629700956E27 /* EmailThreadView.swift in Sources */,
				3BF1AD612660ACF0002F1062 /* MailController.swift in Sources */,
				3BC0F20929D1F2B900D9389F /* TaskController.swift in Sources */,
				3BF35D1029A939AD00340D49 /* UINavigationController+BackGesture.swift in Sources */,
				3BC0F20629CF818900D9389F /* MessageView.swift in Sources */,
				3B5ABAF726545D3200601F26 /* QuotedPrintable.swift in Sources */,
				3B9B9F9D2634B16A00E3A8B2 /* PsymailApp.swift in Sources */,
				3BFD733429C6409D004F2563 /* EmailThread+MailCore.swift in Sources */,
				3B9912B829A587D900B3BA36 /* AppAlertView.swift in Sources */,
				3BC0F21629D6015F00D9389F /* MailController+MoveThread.swift in Sources */,
				3B7917B92660A0F400E764C1 /* EmailAddress.swift in Sources */,
				3B7917BD2660A0F400E764C1 /* EmailPart+CoreDataClass.swift in Sources */,
				3B30B77429AE6B69003EE245 /* View+geo.swift in Sources */,
				3B04D75C29A5D9BF00D4186E /* EmailBundle+CoreDataProperties.swift in Sources */,
				3B9B9FD42634E26A00E3A8B2 /* PoliticsRecognizer.mlmodel in Sources */,
				3B9B9FD02634E26A00E3A8B2 /* NewsletterClassifier.mlmodel in Sources */,
				3BF1AD7E2661861F002F1062 /* Email+CoreDataProperties.swift in Sources */,
				3BF35D1329AA81D300340D49 /* SystemImage.swift in Sources */,
				3B6666852651EAAA0039D9F3 /* InboxSheetView.swift in Sources */,
				3B64539129AFC44E00A877A4 /* AppSheetController.swift in Sources */,
				3B64538E29AFBB1600A877A4 /* EmailBundleController.swift in Sources */,
				3BF1AE2A26683514002F1062 /* View+screen.swift in Sources */,
				3B14A6C629A19E12005BAA30 /* AppSheetView.swift in Sources */,
				3B5103AA29256D030084B6B2 /* UIApplication+window.swift in Sources */,
				3B6666832651EA040039D9F3 /* AppCompactView.swift in Sources */,
				3BF1AE1B2665FA89002F1062 /* View+if.swift in Sources */,
				3BF50BB329D8D1C900098AA2 /* MailController+MarkThread.swift in Sources */,
				3BC0F21029D3537E00D9389F /* EmailThread+Gmail.swift in Sources */,
				3B9B9FA12634B16A00E3A8B2 /* Persistence.swift in Sources */,
				3BAD28F529CB741B00ECA64F /* PageView.swift in Sources */,
				3B0AB64229B5333800E224E5 /* EmailAddress+MailCore.swift in Sources */,
				3BF1AD6426615F18002F1062 /* AccountController.swift in Sources */,
				3BF1AE212666FCE6002F1062 /* EmailThreadSheetView.swift in Sources */,
				3B6666872651EACD0039D9F3 /* OverlayBackgroundView.swift in Sources */,
				3B6E613F29AC35D2009CAEBF /* BundleSettingsView.swift in Sources */,
				3B9912AF29A296AB00B3BA36 /* PsyError.swift in Sources */,
				3BF1AE3426697A35002F1062 /* EmailThread+CoreDataClass.swift in Sources */,
				3BF1AE3626697A35002F1062 /* EmailThread+CoreDataProperties.swift in Sources */,
				3B6B4F1829A6D007003F3AFA /* FirstStartView.swift in Sources */,
				3B5FBC332655EF85009D012C /* EmailClassifierAgnes.mlmodel in Sources */,
				3B7917C12660A0F400E764C1 /* Email+CoreDataClass.swift in Sources */,
				3BAD28FB29CDF0C300ECA64F /* AppStorageKeys.swift in Sources */,
				3B66668F2651F3B00039D9F3 /* BundleTabBarView.swift in Sources */,
				3BF1AE2726672A57002F1062 /* EmailDetailToolbarView.swift in Sources */,
				3BF1AD6726617746002F1062 /* InboxView.swift in Sources */,
				3BAD28FE29CDF1E300ECA64F /* EmailBundleLayout.swift in Sources */,
				3B9B9FD22634E26A00E3A8B2 /* MarketingRecognizer.mlmodel in Sources */,
				3B0AB62C29B06A7100E224E5 /* Account+Gmail.swift in Sources */,
				3B14A6BA299FF200005BAA30 /* View+AppSheet.swift in Sources */,
				3B66668D2651EB000039D9F3 /* FavoriteCell.swift in Sources */,
				3BF1AE2D2668812B002F1062 /* Publishers.swift in Sources */,
				3B46446D29C8F45D003E64EA /* Array+psy.swift in Sources */,
				3B4185F629A5A7BD00A2966A /* EmailBundle+CoreDataClass.swift in Sources */,
				3BD150A4265332010058B094 /* rainbow.swift in Sources */,
				3BCF6FEC29280261000C6382 /* ForEachWithIndex.swift in Sources */,
				3B66669626521A810039D9F3 /* VisualEffectBlur.swift in Sources */,
				3B9912B529A566B000B3BA36 /* Timer+after.swift in Sources */,
				3B0AB65129C133EC00E224E5 /* View+scrollProxy.swift in Sources */,
				3B5FBCBE26571687009D012C /* PsycatsJuice.mlmodel in Sources */,
				3BF1AD8D2663EA2C002F1062 /* Account+CoreDataProperties.swift in Sources */,
				3B9B9F9F2634B16A00E3A8B2 /* ContentView.swift in Sources */,
				3B6E613929AAB631009CAEBF /* CreateBundleView.swift in Sources */,
				3BFD733129C4E894004F2563 /* ButtonImage.swift in Sources */,
				3B66668B2651EAED0039D9F3 /* ActionCell.swift in Sources */,
				3B0AB62F29B2A3C200E224E5 /* EmailDateFormatter.swift in Sources */,
				3B9912BB29A5892700B3BA36 /* Gmail.swift in Sources */,
				3B80B97429C4DB17002E34BE /* Encodable+dictionary.swift in Sources */,
				3BC0F21929D604F100D9389F /* MailController+TrashThread.swift in Sources */,
			);
			runOnlyForDeploymentPostprocessing = 0;
		};
		3B9B9F7D2634B16A00E3A8B2 /* Sources */ = {
			isa = PBXSourcesBuildPhase;
			buildActionMask = 2147483647;
			files = (
				3BF1AE252666FF2A002F1062 /* SheetHandle.swift in Sources */,
				3B14A6C729A19E12005BAA30 /* AppSheetView.swift in Sources */,
				3B7917C22660A0F400E764C1 /* Email+CoreDataClass.swift in Sources */,
				3B4006AF29C78C06003A7354 /* AppSheet.swift in Sources */,
				3B64539229AFC44E00A877A4 /* AppSheetController.swift in Sources */,
				3B2F072D264F72EA006CAECE /* AppSplitView.swift in Sources */,
				3B9B9F9E2634B16A00E3A8B2 /* PsymailApp.swift in Sources */,
				3B5ABAFF265461C100601F26 /* WebView.swift in Sources */,
				3B0AB65229C133EC00E224E5 /* View+scrollProxy.swift in Sources */,
				3B7917BE2660A0F400E764C1 /* EmailPart+CoreDataClass.swift in Sources */,
				3B14A6BB299FF200005BAA30 /* View+AppSheet.swift in Sources */,
				3BC0F21A29D604F100D9389F /* MailController+TrashThread.swift in Sources */,
				3B46446E29C8F45D003E64EA /* Array+psy.swift in Sources */,
				3BF35D1429AA81D300340D49 /* SystemImage.swift in Sources */,
				3BF1AD832661861F002F1062 /* EmailPart+CoreDataProperties.swift in Sources */,
				3BC0F21729D6015F00D9389F /* MailController+MoveThread.swift in Sources */,
				3BE50199266B4B0A001C2939 /* Color+psy.swift in Sources */,
				3B9912BC29A5892700B3BA36 /* Gmail.swift in Sources */,
				3B9912B029A296AB00B3BA36 /* PsyError.swift in Sources */,
				3BF1AD6526615F18002F1062 /* AccountController.swift in Sources */,
				3BAD28FF29CDF1E300ECA64F /* EmailBundleLayout.swift in Sources */,
				3BF1AE2826672A57002F1062 /* EmailDetailToolbarView.swift in Sources */,
				3BAD28F629CB741B00ECA64F /* PageView.swift in Sources */,
				3B9B9FD52634E26A00E3A8B2 /* PoliticsRecognizer.mlmodel in Sources */,
				3BF35D0E29A852C200340D49 /* Email+MailCore.swift in Sources */,
				3BF1AE3726697A35002F1062 /* EmailThread+CoreDataProperties.swift in Sources */,
				3BE50196266B34AE001C2939 /* FilterView.swift in Sources */,
				3B80B97529C4DB17002E34BE /* Encodable+dictionary.swift in Sources */,
				3BF1AE222666FCE6002F1062 /* EmailThreadSheetView.swift in Sources */,
				3BC0F21129D3537E00D9389F /* EmailThread+Gmail.swift in Sources */,
				3BF50BB429D8D1C900098AA2 /* MailController+MarkThread.swift in Sources */,
				3B9B9FD12634E26A00E3A8B2 /* NewsletterClassifier.mlmodel in Sources */,
				3B4185F729A5A7BD00A2966A /* EmailBundle+CoreDataClass.swift in Sources */,
				3B64538F29AFBB1600A877A4 /* EmailBundleController.swift in Sources */,
				3BF1AE1C2665FA89002F1062 /* View+if.swift in Sources */,
				3B9B9FA22634B16A00E3A8B2 /* Persistence.swift in Sources */,
				3B9912B929A587D900B3BA36 /* AppAlertView.swift in Sources */,
				3B9B9FD32634E26A00E3A8B2 /* MarketingRecognizer.mlmodel in Sources */,
				3B9912B629A566B000B3BA36 /* Timer+after.swift in Sources */,
				3BF1AE2E2668812B002F1062 /* Publishers.swift in Sources */,
				3BFD733529C6409D004F2563 /* EmailThread+MailCore.swift in Sources */,
				3B0AB63029B2A3C200E224E5 /* EmailDateFormatter.swift in Sources */,
				3B30B77529AE6B69003EE245 /* View+geo.swift in Sources */,
				3BF1AE3126688150002F1062 /* Notification.swift in Sources */,
				3B6E614029AC35D2009CAEBF /* BundleSettingsView.swift in Sources */,
				3BF1AD8E2663EA2C002F1062 /* Account+CoreDataProperties.swift in Sources */,
				3BF1AE2B26683514002F1062 /* View+screen.swift in Sources */,
				3BC0F20A29D1F2B900D9389F /* TaskController.swift in Sources */,
				3B04D75D29A5D9BF00D4186E /* EmailBundle+CoreDataProperties.swift in Sources */,
				3BF1AE3526697A35002F1062 /* EmailThread+CoreDataClass.swift in Sources */,
				3BD150A5265332010058B094 /* rainbow.swift in Sources */,
				3BC0F20429CF80C100D9389F /* ThreadPage.swift in Sources */,
				3BF1AD622660ACF0002F1062 /* MailController.swift in Sources */,
				3BF1AD8C2663EA2C002F1062 /* Account+CoreDataClass.swift in Sources */,
				3B64539529AFC7C000A877A4 /* AppAlertController.swift in Sources */,
				3B6E613A29AAB631009CAEBF /* CreateBundleView.swift in Sources */,
				3BCF6FED29280261000C6382 /* ForEachWithIndex.swift in Sources */,
				3BF1AD7F2661861F002F1062 /* Email+CoreDataProperties.swift in Sources */,
				3BFD733229C4E894004F2563 /* ButtonImage.swift in Sources */,
				3BC0F20729CF818900D9389F /* MessageView.swift in Sources */,
				3B0AB62D29B06A7100E224E5 /* Account+Gmail.swift in Sources */,
				3B0AB64329B5333800E224E5 /* EmailAddress+MailCore.swift in Sources */,
				3B0AB64629B8041000E224E5 /* InboxNavController.swift in Sources */,
				3BF35D1129A939AD00340D49 /* UINavigationController+BackGesture.swift in Sources */,
				3B5FBC342655EF85009D012C /* EmailClassifierAgnes.mlmodel in Sources */,
				3B7917BA2660A0F400E764C1 /* EmailAddress.swift in Sources */,
				3BF1AD6826617746002F1062 /* InboxView.swift in Sources */,
				3BFD733829C6CC79004F2563 /* MoveToBundleMenu.swift in Sources */,
				3B5FBCBF26571687009D012C /* PsycatsJuice.mlmodel in Sources */,
				3B6B4F1929A6D007003F3AFA /* FirstStartView.swift in Sources */,
				3B6666F02652383D0039D9F3 /* psymail.xcdatamodeld in Sources */,
				3B9B9FA02634B16A00E3A8B2 /* ContentView.swift in Sources */,
				3B5103AB29256D030084B6B2 /* UIApplication+window.swift in Sources */,
				3B5ABAF826545D3200601F26 /* QuotedPrintable.swift in Sources */,
				3BAD28FC29CDF0C300ECA64F /* AppStorageKeys.swift in Sources */,
			);
			runOnlyForDeploymentPostprocessing = 0;
		};
		3B9B9F852634B16A00E3A8B2 /* Sources */ = {
			isa = PBXSourcesBuildPhase;
			buildActionMask = 2147483647;
			files = (
				3B9B9F8E2634B16A00E3A8B2 /* Tests_iOS.swift in Sources */,
			);
			runOnlyForDeploymentPostprocessing = 0;
		};
		3B9B9F902634B16A00E3A8B2 /* Sources */ = {
			isa = PBXSourcesBuildPhase;
			buildActionMask = 2147483647;
			files = (
				3B9B9F992634B16A00E3A8B2 /* Tests_macOS.swift in Sources */,
			);
			runOnlyForDeploymentPostprocessing = 0;
		};
/* End PBXSourcesBuildPhase section */

/* Begin PBXTargetDependency section */
		3B9B9F8B2634B16A00E3A8B2 /* PBXTargetDependency */ = {
			isa = PBXTargetDependency;
			target = 3B9B9F782634B16A00E3A8B2 /* psymail (iOS) */;
			targetProxy = 3B9B9F8A2634B16A00E3A8B2 /* PBXContainerItemProxy */;
		};
		3B9B9F962634B16A00E3A8B2 /* PBXTargetDependency */ = {
			isa = PBXTargetDependency;
			target = 3B9B9F802634B16A00E3A8B2 /* psymail (macOS) */;
			targetProxy = 3B9B9F952634B16A00E3A8B2 /* PBXContainerItemProxy */;
		};
/* End PBXTargetDependency section */

/* Begin XCBuildConfiguration section */
		3B9B9FA52634B16A00E3A8B2 /* Debug */ = {
			isa = XCBuildConfiguration;
			buildSettings = {
				ALWAYS_SEARCH_USER_PATHS = NO;
				CLANG_ANALYZER_NONNULL = YES;
				CLANG_ANALYZER_NUMBER_OBJECT_CONVERSION = YES_AGGRESSIVE;
				CLANG_CXX_LANGUAGE_STANDARD = "gnu++14";
				CLANG_CXX_LIBRARY = "libc++";
				CLANG_ENABLE_MODULES = YES;
				CLANG_ENABLE_OBJC_ARC = YES;
				CLANG_ENABLE_OBJC_WEAK = YES;
				CLANG_WARN_BLOCK_CAPTURE_AUTORELEASING = YES;
				CLANG_WARN_BOOL_CONVERSION = YES;
				CLANG_WARN_COMMA = YES;
				CLANG_WARN_CONSTANT_CONVERSION = YES;
				CLANG_WARN_DEPRECATED_OBJC_IMPLEMENTATIONS = YES;
				CLANG_WARN_DIRECT_OBJC_ISA_USAGE = YES_ERROR;
				CLANG_WARN_DOCUMENTATION_COMMENTS = YES;
				CLANG_WARN_EMPTY_BODY = YES;
				CLANG_WARN_ENUM_CONVERSION = YES;
				CLANG_WARN_INFINITE_RECURSION = YES;
				CLANG_WARN_INT_CONVERSION = YES;
				CLANG_WARN_NON_LITERAL_NULL_CONVERSION = YES;
				CLANG_WARN_OBJC_IMPLICIT_RETAIN_SELF = YES;
				CLANG_WARN_OBJC_LITERAL_CONVERSION = YES;
				CLANG_WARN_OBJC_ROOT_CLASS = YES_ERROR;
				CLANG_WARN_QUOTED_INCLUDE_IN_FRAMEWORK_HEADER = YES;
				CLANG_WARN_RANGE_LOOP_ANALYSIS = YES;
				CLANG_WARN_STRICT_PROTOTYPES = YES;
				CLANG_WARN_SUSPICIOUS_MOVE = YES;
				CLANG_WARN_UNGUARDED_AVAILABILITY = YES_AGGRESSIVE;
				CLANG_WARN_UNREACHABLE_CODE = YES;
				CLANG_WARN__DUPLICATE_METHOD_MATCH = YES;
				COPY_PHASE_STRIP = NO;
				DEAD_CODE_STRIPPING = YES;
				DEBUG_INFORMATION_FORMAT = dwarf;
				ENABLE_STRICT_OBJC_MSGSEND = YES;
				ENABLE_TESTABILITY = YES;
				GCC_C_LANGUAGE_STANDARD = gnu11;
				GCC_DYNAMIC_NO_PIC = NO;
				GCC_NO_COMMON_BLOCKS = YES;
				GCC_OPTIMIZATION_LEVEL = 0;
				GCC_PREPROCESSOR_DEFINITIONS = (
					"DEBUG=1",
					"$(inherited)",
				);
				GCC_WARN_64_TO_32_BIT_CONVERSION = YES;
				GCC_WARN_ABOUT_RETURN_TYPE = YES_ERROR;
				GCC_WARN_UNDECLARED_SELECTOR = YES;
				GCC_WARN_UNINITIALIZED_AUTOS = YES_AGGRESSIVE;
				GCC_WARN_UNUSED_FUNCTION = YES;
				GCC_WARN_UNUSED_VARIABLE = YES;
				MTL_ENABLE_DEBUG_INFO = INCLUDE_SOURCE;
				MTL_FAST_MATH = YES;
				ONLY_ACTIVE_ARCH = YES;
				SWIFT_ACTIVE_COMPILATION_CONDITIONS = DEBUG;
				SWIFT_OPTIMIZATION_LEVEL = "-Onone";
			};
			name = Debug;
		};
		3B9B9FA62634B16A00E3A8B2 /* Release */ = {
			isa = XCBuildConfiguration;
			buildSettings = {
				ALWAYS_SEARCH_USER_PATHS = NO;
				CLANG_ANALYZER_NONNULL = YES;
				CLANG_ANALYZER_NUMBER_OBJECT_CONVERSION = YES_AGGRESSIVE;
				CLANG_CXX_LANGUAGE_STANDARD = "gnu++14";
				CLANG_CXX_LIBRARY = "libc++";
				CLANG_ENABLE_MODULES = YES;
				CLANG_ENABLE_OBJC_ARC = YES;
				CLANG_ENABLE_OBJC_WEAK = YES;
				CLANG_WARN_BLOCK_CAPTURE_AUTORELEASING = YES;
				CLANG_WARN_BOOL_CONVERSION = YES;
				CLANG_WARN_COMMA = YES;
				CLANG_WARN_CONSTANT_CONVERSION = YES;
				CLANG_WARN_DEPRECATED_OBJC_IMPLEMENTATIONS = YES;
				CLANG_WARN_DIRECT_OBJC_ISA_USAGE = YES_ERROR;
				CLANG_WARN_DOCUMENTATION_COMMENTS = YES;
				CLANG_WARN_EMPTY_BODY = YES;
				CLANG_WARN_ENUM_CONVERSION = YES;
				CLANG_WARN_INFINITE_RECURSION = YES;
				CLANG_WARN_INT_CONVERSION = YES;
				CLANG_WARN_NON_LITERAL_NULL_CONVERSION = YES;
				CLANG_WARN_OBJC_IMPLICIT_RETAIN_SELF = YES;
				CLANG_WARN_OBJC_LITERAL_CONVERSION = YES;
				CLANG_WARN_OBJC_ROOT_CLASS = YES_ERROR;
				CLANG_WARN_QUOTED_INCLUDE_IN_FRAMEWORK_HEADER = YES;
				CLANG_WARN_RANGE_LOOP_ANALYSIS = YES;
				CLANG_WARN_STRICT_PROTOTYPES = YES;
				CLANG_WARN_SUSPICIOUS_MOVE = YES;
				CLANG_WARN_UNGUARDED_AVAILABILITY = YES_AGGRESSIVE;
				CLANG_WARN_UNREACHABLE_CODE = YES;
				CLANG_WARN__DUPLICATE_METHOD_MATCH = YES;
				COPY_PHASE_STRIP = NO;
				DEAD_CODE_STRIPPING = YES;
				DEBUG_INFORMATION_FORMAT = "dwarf-with-dsym";
				ENABLE_NS_ASSERTIONS = NO;
				ENABLE_STRICT_OBJC_MSGSEND = YES;
				GCC_C_LANGUAGE_STANDARD = gnu11;
				GCC_NO_COMMON_BLOCKS = YES;
				GCC_WARN_64_TO_32_BIT_CONVERSION = YES;
				GCC_WARN_ABOUT_RETURN_TYPE = YES_ERROR;
				GCC_WARN_UNDECLARED_SELECTOR = YES;
				GCC_WARN_UNINITIALIZED_AUTOS = YES_AGGRESSIVE;
				GCC_WARN_UNUSED_FUNCTION = YES;
				GCC_WARN_UNUSED_VARIABLE = YES;
				MTL_ENABLE_DEBUG_INFO = NO;
				MTL_FAST_MATH = YES;
				SWIFT_COMPILATION_MODE = wholemodule;
				SWIFT_OPTIMIZATION_LEVEL = "-O";
			};
			name = Release;
		};
		3B9B9FA82634B16A00E3A8B2 /* Debug */ = {
			isa = XCBuildConfiguration;
			buildSettings = {
				ASSETCATALOG_COMPILER_APPICON_NAME = AppIcon;
				ASSETCATALOG_COMPILER_GLOBAL_ACCENT_COLOR_NAME = AccentColor;
				CODE_SIGN_STYLE = Automatic;
				DEVELOPMENT_TEAM = 8444VB8288;
				ENABLE_PREVIEWS = YES;
				EXCLUDED_ARCHS = armv7;
				INFOPLIST_FILE = iOS/Info.plist;
				INFOPLIST_KEY_LSApplicationCategoryType = "public.app-category.productivity";
				IPHONEOS_DEPLOYMENT_TARGET = 16.1;
				LD_RUNPATH_SEARCH_PATHS = (
					"$(inherited)",
					"@executable_path/Frameworks",
				);
				ONLY_ACTIVE_ARCH = YES;
				OTHER_LDFLAGS = (
					"-liconv",
					"-lresolv",
					"$(inherited)",
					"-objc",
				);
				PRODUCT_BUNDLE_IDENTIFIER = cum.expressyourmess.psymail;
				PRODUCT_NAME = psymail;
				SDKROOT = iphoneos;
				SWIFT_VERSION = 5.0;
				TARGETED_DEVICE_FAMILY = "1,2";
			};
			name = Debug;
		};
		3B9B9FA92634B16A00E3A8B2 /* Release */ = {
			isa = XCBuildConfiguration;
			buildSettings = {
				ASSETCATALOG_COMPILER_APPICON_NAME = AppIcon;
				ASSETCATALOG_COMPILER_GLOBAL_ACCENT_COLOR_NAME = AccentColor;
				CODE_SIGN_STYLE = Automatic;
				DEVELOPMENT_TEAM = 8444VB8288;
				ENABLE_PREVIEWS = YES;
				EXCLUDED_ARCHS = armv7;
				INFOPLIST_FILE = iOS/Info.plist;
				INFOPLIST_KEY_LSApplicationCategoryType = "public.app-category.productivity";
				IPHONEOS_DEPLOYMENT_TARGET = 16.1;
				LD_RUNPATH_SEARCH_PATHS = (
					"$(inherited)",
					"@executable_path/Frameworks",
				);
				ONLY_ACTIVE_ARCH = YES;
				OTHER_LDFLAGS = (
					"-liconv",
					"-lresolv",
					"$(inherited)",
					"-objc",
				);
				PRODUCT_BUNDLE_IDENTIFIER = cum.expressyourmess.psymail;
				PRODUCT_NAME = psymail;
				SDKROOT = iphoneos;
				SWIFT_VERSION = 5.0;
				TARGETED_DEVICE_FAMILY = "1,2";
				VALIDATE_PRODUCT = YES;
			};
			name = Release;
		};
		3B9B9FAB2634B16A00E3A8B2 /* Debug */ = {
			isa = XCBuildConfiguration;
			buildSettings = {
				ASSETCATALOG_COMPILER_APPICON_NAME = AppIcon;
				ASSETCATALOG_COMPILER_GLOBAL_ACCENT_COLOR_NAME = AccentColor;
				CODE_SIGN_ENTITLEMENTS = macOS/macOS.entitlements;
				CODE_SIGN_IDENTITY = "-";
				CODE_SIGN_STYLE = Automatic;
				COMBINE_HIDPI_IMAGES = YES;
				DEAD_CODE_STRIPPING = YES;
				ENABLE_PREVIEWS = YES;
				INFOPLIST_FILE = macOS/Info.plist;
				LD_RUNPATH_SEARCH_PATHS = (
					"$(inherited)",
					"@executable_path/../Frameworks",
				);
				MACOSX_DEPLOYMENT_TARGET = 11.0;
				PRODUCT_BUNDLE_IDENTIFIER = "cum.eym.mushroom-mail";
				PRODUCT_NAME = psymail;
				SDKROOT = macosx;
				SWIFT_VERSION = 5.0;
			};
			name = Debug;
		};
		3B9B9FAC2634B16A00E3A8B2 /* Release */ = {
			isa = XCBuildConfiguration;
			buildSettings = {
				ASSETCATALOG_COMPILER_APPICON_NAME = AppIcon;
				ASSETCATALOG_COMPILER_GLOBAL_ACCENT_COLOR_NAME = AccentColor;
				CODE_SIGN_ENTITLEMENTS = macOS/macOS.entitlements;
				CODE_SIGN_IDENTITY = "-";
				CODE_SIGN_STYLE = Automatic;
				COMBINE_HIDPI_IMAGES = YES;
				DEAD_CODE_STRIPPING = YES;
				ENABLE_PREVIEWS = YES;
				INFOPLIST_FILE = macOS/Info.plist;
				LD_RUNPATH_SEARCH_PATHS = (
					"$(inherited)",
					"@executable_path/../Frameworks",
				);
				MACOSX_DEPLOYMENT_TARGET = 11.0;
				PRODUCT_BUNDLE_IDENTIFIER = "cum.eym.mushroom-mail";
				PRODUCT_NAME = psymail;
				SDKROOT = macosx;
				SWIFT_VERSION = 5.0;
			};
			name = Release;
		};
		3B9B9FAE2634B16A00E3A8B2 /* Debug */ = {
			isa = XCBuildConfiguration;
			buildSettings = {
				ALWAYS_EMBED_SWIFT_STANDARD_LIBRARIES = YES;
				CODE_SIGN_STYLE = Automatic;
				INFOPLIST_FILE = "Tests iOS/Info.plist";
				IPHONEOS_DEPLOYMENT_TARGET = 14.4;
				LD_RUNPATH_SEARCH_PATHS = (
					"$(inherited)",
					"@executable_path/Frameworks",
					"@loader_path/Frameworks",
				);
				PRODUCT_BUNDLE_IDENTIFIER = "cum.eym.Tests-iOS";
				PRODUCT_NAME = "$(TARGET_NAME)";
				SDKROOT = iphoneos;
				SWIFT_VERSION = 5.0;
				TARGETED_DEVICE_FAMILY = "1,2";
				TEST_TARGET_NAME = "mushroom-mail (iOS)";
			};
			name = Debug;
		};
		3B9B9FAF2634B16A00E3A8B2 /* Release */ = {
			isa = XCBuildConfiguration;
			buildSettings = {
				ALWAYS_EMBED_SWIFT_STANDARD_LIBRARIES = YES;
				CODE_SIGN_STYLE = Automatic;
				INFOPLIST_FILE = "Tests iOS/Info.plist";
				IPHONEOS_DEPLOYMENT_TARGET = 14.4;
				LD_RUNPATH_SEARCH_PATHS = (
					"$(inherited)",
					"@executable_path/Frameworks",
					"@loader_path/Frameworks",
				);
				PRODUCT_BUNDLE_IDENTIFIER = "cum.eym.Tests-iOS";
				PRODUCT_NAME = "$(TARGET_NAME)";
				SDKROOT = iphoneos;
				SWIFT_VERSION = 5.0;
				TARGETED_DEVICE_FAMILY = "1,2";
				TEST_TARGET_NAME = "mushroom-mail (iOS)";
				VALIDATE_PRODUCT = YES;
			};
			name = Release;
		};
		3B9B9FB12634B16A00E3A8B2 /* Debug */ = {
			isa = XCBuildConfiguration;
			buildSettings = {
				ALWAYS_EMBED_SWIFT_STANDARD_LIBRARIES = YES;
				CODE_SIGN_STYLE = Automatic;
				COMBINE_HIDPI_IMAGES = YES;
				DEAD_CODE_STRIPPING = YES;
				INFOPLIST_FILE = "Tests macOS/Info.plist";
				LD_RUNPATH_SEARCH_PATHS = (
					"$(inherited)",
					"@executable_path/../Frameworks",
					"@loader_path/../Frameworks",
				);
				MACOSX_DEPLOYMENT_TARGET = 11.1;
				PRODUCT_BUNDLE_IDENTIFIER = "cum.eym.Tests-macOS";
				PRODUCT_NAME = "$(TARGET_NAME)";
				SDKROOT = macosx;
				SWIFT_VERSION = 5.0;
				TEST_TARGET_NAME = "mushroom-mail (macOS)";
			};
			name = Debug;
		};
		3B9B9FB22634B16A00E3A8B2 /* Release */ = {
			isa = XCBuildConfiguration;
			buildSettings = {
				ALWAYS_EMBED_SWIFT_STANDARD_LIBRARIES = YES;
				CODE_SIGN_STYLE = Automatic;
				COMBINE_HIDPI_IMAGES = YES;
				DEAD_CODE_STRIPPING = YES;
				INFOPLIST_FILE = "Tests macOS/Info.plist";
				LD_RUNPATH_SEARCH_PATHS = (
					"$(inherited)",
					"@executable_path/../Frameworks",
					"@loader_path/../Frameworks",
				);
				MACOSX_DEPLOYMENT_TARGET = 11.1;
				PRODUCT_BUNDLE_IDENTIFIER = "cum.eym.Tests-macOS";
				PRODUCT_NAME = "$(TARGET_NAME)";
				SDKROOT = macosx;
				SWIFT_VERSION = 5.0;
				TEST_TARGET_NAME = "mushroom-mail (macOS)";
			};
			name = Release;
		};
/* End XCBuildConfiguration section */

/* Begin XCConfigurationList section */
		3B9B9F6D2634B16900E3A8B2 /* Build configuration list for PBXProject "psymail" */ = {
			isa = XCConfigurationList;
			buildConfigurations = (
				3B9B9FA52634B16A00E3A8B2 /* Debug */,
				3B9B9FA62634B16A00E3A8B2 /* Release */,
			);
			defaultConfigurationIsVisible = 0;
			defaultConfigurationName = Release;
		};
		3B9B9FA72634B16A00E3A8B2 /* Build configuration list for PBXNativeTarget "psymail (iOS)" */ = {
			isa = XCConfigurationList;
			buildConfigurations = (
				3B9B9FA82634B16A00E3A8B2 /* Debug */,
				3B9B9FA92634B16A00E3A8B2 /* Release */,
			);
			defaultConfigurationIsVisible = 0;
			defaultConfigurationName = Release;
		};
		3B9B9FAA2634B16A00E3A8B2 /* Build configuration list for PBXNativeTarget "psymail (macOS)" */ = {
			isa = XCConfigurationList;
			buildConfigurations = (
				3B9B9FAB2634B16A00E3A8B2 /* Debug */,
				3B9B9FAC2634B16A00E3A8B2 /* Release */,
			);
			defaultConfigurationIsVisible = 0;
			defaultConfigurationName = Release;
		};
		3B9B9FAD2634B16A00E3A8B2 /* Build configuration list for PBXNativeTarget "Tests iOS" */ = {
			isa = XCConfigurationList;
			buildConfigurations = (
				3B9B9FAE2634B16A00E3A8B2 /* Debug */,
				3B9B9FAF2634B16A00E3A8B2 /* Release */,
			);
			defaultConfigurationIsVisible = 0;
			defaultConfigurationName = Release;
		};
		3B9B9FB02634B16A00E3A8B2 /* Build configuration list for PBXNativeTarget "Tests macOS" */ = {
			isa = XCConfigurationList;
			buildConfigurations = (
				3B9B9FB12634B16A00E3A8B2 /* Debug */,
				3B9B9FB22634B16A00E3A8B2 /* Release */,
			);
			defaultConfigurationIsVisible = 0;
			defaultConfigurationName = Release;
		};
/* End XCConfigurationList section */

/* Begin XCRemoteSwiftPackageReference section */
		3B14A6B3299FE4D3005BAA30 /* XCRemoteSwiftPackageReference "SwiftUIKit" */ = {
			isa = XCRemoteSwiftPackageReference;
			repositoryURL = "https://github.com/danielsaidi/SwiftUIKit.git";
			requirement = {
				kind = upToNextMajorVersion;
				minimumVersion = 3.0.0;
			};
		};
		3B46446529C8F0F9003E64EA /* XCRemoteSwiftPackageReference "swift-collections" */ = {
			isa = XCRemoteSwiftPackageReference;
			repositoryURL = "https://github.com/apple/swift-collections.git";
			requirement = {
				kind = upToNextMajorVersion;
				minimumVersion = 1.0.0;
			};
		};
		3B5FBCFA26587F58009D012C /* XCRemoteSwiftPackageReference "SwiftUI-Introspect" */ = {
			isa = XCRemoteSwiftPackageReference;
			repositoryURL = "https://github.com/siteline/SwiftUI-Introspect.git";
			requirement = {
				kind = upToNextMajorVersion;
				minimumVersion = 0.1.3;
			};
		};
		3B6E613B29AAC99F009CAEBF /* XCRemoteSwiftPackageReference "SymbolPicker" */ = {
			isa = XCRemoteSwiftPackageReference;
			repositoryURL = "https://github.com/xnth97/SymbolPicker.git";
			requirement = {
				kind = upToNextMajorVersion;
				minimumVersion = 1.0.0;
			};
		};
		3B94B91029247D2B00C85B8C /* XCRemoteSwiftPackageReference "GoogleSignIn-iOS" */ = {
			isa = XCRemoteSwiftPackageReference;
			repositoryURL = "https://github.com/google/GoogleSignIn-iOS";
			requirement = {
				kind = upToNextMajorVersion;
				minimumVersion = 6.0.0;
			};
		};
		3BFFE1C129254A2000476C09 /* XCRemoteSwiftPackageReference "mailcore2" */ = {
			isa = XCRemoteSwiftPackageReference;
			repositoryURL = "https://github.com/MailCore/mailcore2.git";
			requirement = {
				branch = master;
				kind = branch;
			};
		};
/* End XCRemoteSwiftPackageReference section */

/* Begin XCSwiftPackageProductDependency section */
		3B14A6B4299FE4D4005BAA30 /* SwiftUIKit */ = {
			isa = XCSwiftPackageProductDependency;
			package = 3B14A6B3299FE4D3005BAA30 /* XCRemoteSwiftPackageReference "SwiftUIKit" */;
			productName = SwiftUIKit;
		};
		3B46446629C8F0F9003E64EA /* Collections */ = {
			isa = XCSwiftPackageProductDependency;
			package = 3B46446529C8F0F9003E64EA /* XCRemoteSwiftPackageReference "swift-collections" */;
			productName = Collections;
		};
		3B46446829C8F0F9003E64EA /* DequeModule */ = {
			isa = XCSwiftPackageProductDependency;
			package = 3B46446529C8F0F9003E64EA /* XCRemoteSwiftPackageReference "swift-collections" */;
			productName = DequeModule;
		};
		3B46446A29C8F0F9003E64EA /* OrderedCollections */ = {
			isa = XCSwiftPackageProductDependency;
			package = 3B46446529C8F0F9003E64EA /* XCRemoteSwiftPackageReference "swift-collections" */;
			productName = OrderedCollections;
		};
		3B5FBCFB26587F59009D012C /* Introspect */ = {
			isa = XCSwiftPackageProductDependency;
			package = 3B5FBCFA26587F58009D012C /* XCRemoteSwiftPackageReference "SwiftUI-Introspect" */;
			productName = Introspect;
		};
		3B6E613C29AAC99F009CAEBF /* SymbolPicker */ = {
			isa = XCSwiftPackageProductDependency;
			package = 3B6E613B29AAC99F009CAEBF /* XCRemoteSwiftPackageReference "SymbolPicker" */;
			productName = SymbolPicker;
		};
		3B94B91129247D2B00C85B8C /* GoogleSignIn */ = {
			isa = XCSwiftPackageProductDependency;
			package = 3B94B91029247D2B00C85B8C /* XCRemoteSwiftPackageReference "GoogleSignIn-iOS" */;
			productName = GoogleSignIn;
		};
		3B94B91329247D2B00C85B8C /* GoogleSignInSwift */ = {
			isa = XCSwiftPackageProductDependency;
			package = 3B94B91029247D2B00C85B8C /* XCRemoteSwiftPackageReference "GoogleSignIn-iOS" */;
			productName = GoogleSignInSwift;
		};
		3BFFE1C229254A2000476C09 /* MailCore2 */ = {
			isa = XCSwiftPackageProductDependency;
			package = 3BFFE1C129254A2000476C09 /* XCRemoteSwiftPackageReference "mailcore2" */;
			productName = MailCore2;
		};
/* End XCSwiftPackageProductDependency section */

/* Begin XCVersionGroup section */
		3B6666ED2652383D0039D9F3 /* psymail.xcdatamodeld */ = {
			isa = XCVersionGroup;
			children = (
				3B6666EE2652383D0039D9F3 /* Shared.xcdatamodel */,
			);
			currentVersion = 3B6666EE2652383D0039D9F3 /* Shared.xcdatamodel */;
			path = psymail.xcdatamodeld;
			sourceTree = "<group>";
			versionGroupType = wrapper.xcdatamodel;
		};
/* End XCVersionGroup section */
	};
	rootObject = 3B9B9F6A2634B16900E3A8B2 /* Project object */;
}
