{
  "object": {
    "pins": [
      {
        "package": "ASCollectionView",
        "repositoryURL": "https://github.com/apptekstudios/ASCollectionView",
        "state": {
          "branch": null,
          "revision": "bab75600a09e52a002101f1dcaab94d42591513b",
          "version": "2.0.0"
        }
      },
      {
        "package": "DifferenceKit",
        "repositoryURL": "https://github.com/ra1028/DifferenceKit",
        "state": {
          "branch": null,
          "revision": "62745d7780deef4a023a792a1f8f763ec7bf9705",
          "version": "1.2.0"
        }
      },
      {
        "package": "DynamicOverlay",
        "repositoryURL": "https://github.com/samerce/DynamicOverlay.git",
        "state": {
          "branch": "main",
          "revision": "75fe1cca88007a636e1c0dc0c1a5c2adddbde25d",
          "version": null
        }
      },
      {
        "package": "MailCore2",
        "repositoryURL": "https://github.com/MailCore/mailcore2",
        "state": {
          "branch": null,
          "revision": "1434761709b4d9dd5acc5b7185a3b32aa4845ba8",
          "version": null
        }
      },
      {
        "package": "OverlayContainer",
        "repositoryURL": "https://github.com/applidium/OverlayContainer.git",
        "state": {
          "branch": null,
          "revision": "bbe003027053b968c6be6e970f0e610271bbfae6",
          "version": "3.5.1"
        }
      },
      {
        "package": "Introspect",
        "repositoryURL": "https://github.com/siteline/SwiftUI-Introspect.git",
        "state": {
          "branch": null,
          "revision": "2e09be8af614401bc9f87d40093ec19ce56ccaf2",
          "version": "0.1.3"
        }
      }
    ]
  },
  "version": 1
}
